// !$*UTF8*$!
{
	archiveVersion = 1;
	classes = {
	};
	objectVersion = 46;
	objects = {

/* Begin PBXBuildFile section */
		01F726EF1715222000EBB4BB /* Adder.cpp in Sources */ = {isa = PBXBuildFile; fileRef = 01F726981715222000EBB4BB /* Adder.cpp */; };
		01F726F01715222000EBB4BB /* ADSR.cpp in Sources */ = {isa = PBXBuildFile; fileRef = 01F726991715222000EBB4BB /* ADSR.cpp */; };
		01F726F11715222000EBB4BB /* BufferFiller.cpp in Sources */ = {isa = PBXBuildFile; fileRef = 01F7269A1715222000EBB4BB /* BufferFiller.cpp */; };
		01F726F21715222000EBB4BB /* CompressorLimiter.cpp in Sources */ = {isa = PBXBuildFile; fileRef = 01F7269B1715222000EBB4BB /* CompressorLimiter.cpp */; };
		01F726F31715222000EBB4BB /* ControlAdder.cpp in Sources */ = {isa = PBXBuildFile; fileRef = 01F7269C1715222000EBB4BB /* ControlAdder.cpp */; };
		01F726F41715222000EBB4BB /* ControlConditioner.cpp in Sources */ = {isa = PBXBuildFile; fileRef = 01F7269D1715222000EBB4BB /* ControlConditioner.cpp */; };
		01F726F51715222000EBB4BB /* ControlDbToLinear.cpp in Sources */ = {isa = PBXBuildFile; fileRef = 01F7269E1715222000EBB4BB /* ControlDbToLinear.cpp */; };
		01F726F61715222000EBB4BB /* ControlFloor.cpp in Sources */ = {isa = PBXBuildFile; fileRef = 01F7269F1715222000EBB4BB /* ControlFloor.cpp */; };
		01F726F71715222000EBB4BB /* ControlGenerator.cpp in Sources */ = {isa = PBXBuildFile; fileRef = 01F726A01715222000EBB4BB /* ControlGenerator.cpp */; };
		01F726F81715222000EBB4BB /* ControlMetro.cpp in Sources */ = {isa = PBXBuildFile; fileRef = 01F726A11715222000EBB4BB /* ControlMetro.cpp */; };
		01F726F91715222000EBB4BB /* ControlMidiToFreq.cpp in Sources */ = {isa = PBXBuildFile; fileRef = 01F726A21715222000EBB4BB /* ControlMidiToFreq.cpp */; };
		01F726FA1715222000EBB4BB /* ControlMultiplier.cpp in Sources */ = {isa = PBXBuildFile; fileRef = 01F726A31715222000EBB4BB /* ControlMultiplier.cpp */; };
		01F726FB1715222000EBB4BB /* ControlPulse.cpp in Sources */ = {isa = PBXBuildFile; fileRef = 01F726A41715222000EBB4BB /* ControlPulse.cpp */; };
		01F726FC1715222000EBB4BB /* ControlRandom.cpp in Sources */ = {isa = PBXBuildFile; fileRef = 01F726A51715222000EBB4BB /* ControlRandom.cpp */; };
		01F726FD1715222000EBB4BB /* ControlSnapToScale.cpp in Sources */ = {isa = PBXBuildFile; fileRef = 01F726A61715222000EBB4BB /* ControlSnapToScale.cpp */; };
		01F726FE1715222000EBB4BB /* ControlStepper.cpp in Sources */ = {isa = PBXBuildFile; fileRef = 01F726A71715222000EBB4BB /* ControlStepper.cpp */; };
		01F726FF1715222000EBB4BB /* ControlTrigger.cpp in Sources */ = {isa = PBXBuildFile; fileRef = 01F726A81715222000EBB4BB /* ControlTrigger.cpp */; };
		01F727001715222000EBB4BB /* ControlValue.cpp in Sources */ = {isa = PBXBuildFile; fileRef = 01F726A91715222000EBB4BB /* ControlValue.cpp */; };
		01F727011715222000EBB4BB /* ControlXYSpeed.cpp in Sources */ = {isa = PBXBuildFile; fileRef = 01F726AA1715222000EBB4BB /* ControlXYSpeed.cpp */; };
		01F727021715222100EBB4BB /* DelayUtils.cpp in Sources */ = {isa = PBXBuildFile; fileRef = 01F726AB1715222000EBB4BB /* DelayUtils.cpp */; };
		01F727031715222100EBB4BB /* Filters.cpp in Sources */ = {isa = PBXBuildFile; fileRef = 01F726AC1715222000EBB4BB /* Filters.cpp */; };
		01F727041715222100EBB4BB /* FixedValue.cpp in Sources */ = {isa = PBXBuildFile; fileRef = 01F726AD1715222000EBB4BB /* FixedValue.cpp */; };
		01F727051715222100EBB4BB /* FlexToothWave.cpp in Sources */ = {isa = PBXBuildFile; fileRef = 01F726AE1715222000EBB4BB /* FlexToothWave.cpp */; };
		01F727061715222100EBB4BB /* Generator.cpp in Sources */ = {isa = PBXBuildFile; fileRef = 01F726AF1715222000EBB4BB /* Generator.cpp */; };
		01F727071715222100EBB4BB /* LFNoise.cpp in Sources */ = {isa = PBXBuildFile; fileRef = 01F726B01715222000EBB4BB /* LFNoise.cpp */; };
		01F727081715222100EBB4BB /* Mixer.cpp in Sources */ = {isa = PBXBuildFile; fileRef = 01F726B11715222000EBB4BB /* Mixer.cpp */; };
		01F727091715222100EBB4BB /* MonoDelay.cpp in Sources */ = {isa = PBXBuildFile; fileRef = 01F726B21715222000EBB4BB /* MonoDelay.cpp */; };
		01F7270A1715222100EBB4BB /* MonoToStereoPanner.cpp in Sources */ = {isa = PBXBuildFile; fileRef = 01F726B31715222000EBB4BB /* MonoToStereoPanner.cpp */; };
		01F7270B1715222100EBB4BB /* Multiplier.cpp in Sources */ = {isa = PBXBuildFile; fileRef = 01F726B41715222000EBB4BB /* Multiplier.cpp */; };
		01F7270C1715222100EBB4BB /* Noise.cpp in Sources */ = {isa = PBXBuildFile; fileRef = 01F726B51715222000EBB4BB /* Noise.cpp */; };
		01F7270D1715222100EBB4BB /* RampedValue.cpp in Sources */ = {isa = PBXBuildFile; fileRef = 01F726B61715222000EBB4BB /* RampedValue.cpp */; };
		01F7270E1715222100EBB4BB /* RectWave.cpp in Sources */ = {isa = PBXBuildFile; fileRef = 01F726B71715222000EBB4BB /* RectWave.cpp */; };
		01F7270F1715222100EBB4BB /* SineWave.cpp in Sources */ = {isa = PBXBuildFile; fileRef = 01F726B81715222000EBB4BB /* SineWave.cpp */; };
		01F727101715222100EBB4BB /* StereoDelay.cpp in Sources */ = {isa = PBXBuildFile; fileRef = 01F726B91715222000EBB4BB /* StereoDelay.cpp */; };
		01F727111715222100EBB4BB /* Synth.cpp in Sources */ = {isa = PBXBuildFile; fileRef = 01F726BA1715222000EBB4BB /* Synth.cpp */; };
		01F727121715222100EBB4BB /* TableLookupOsc.cpp in Sources */ = {isa = PBXBuildFile; fileRef = 01F726BB1715222000EBB4BB /* TableLookupOsc.cpp */; };
		01F727131715222100EBB4BB /* TonicFrames.cpp in Sources */ = {isa = PBXBuildFile; fileRef = 01F726BC1715222000EBB4BB /* TonicFrames.cpp */; };
		01F727141715222100EBB4BB /* Adder.h in Headers */ = {isa = PBXBuildFile; fileRef = 01F726BF1715222000EBB4BB /* Adder.h */; };
		01F727151715222100EBB4BB /* BufferFiller.h in Headers */ = {isa = PBXBuildFile; fileRef = 01F726C01715222000EBB4BB /* BufferFiller.h */; };
		01F727161715222100EBB4BB /* ControlAdder.h in Headers */ = {isa = PBXBuildFile; fileRef = 01F726C11715222000EBB4BB /* ControlAdder.h */; };
		01F727171715222100EBB4BB /* ControlConditioner.h in Headers */ = {isa = PBXBuildFile; fileRef = 01F726C21715222000EBB4BB /* ControlConditioner.h */; };
		01F727181715222100EBB4BB /* ControlGenerator.h in Headers */ = {isa = PBXBuildFile; fileRef = 01F726C31715222000EBB4BB /* ControlGenerator.h */; };
		01F727191715222100EBB4BB /* ControlMultiplier.h in Headers */ = {isa = PBXBuildFile; fileRef = 01F726C41715222000EBB4BB /* ControlMultiplier.h */; };
		01F7271A1715222100EBB4BB /* ControlValue.h in Headers */ = {isa = PBXBuildFile; fileRef = 01F726C51715222000EBB4BB /* ControlValue.h */; };
		01F7271B1715222100EBB4BB /* Effect.h in Headers */ = {isa = PBXBuildFile; fileRef = 01F726C61715222000EBB4BB /* Effect.h */; };
		01F7271C1715222100EBB4BB /* FixedValue.h in Headers */ = {isa = PBXBuildFile; fileRef = 01F726C71715222000EBB4BB /* FixedValue.h */; };
		01F7271D1715222100EBB4BB /* Generator.h in Headers */ = {isa = PBXBuildFile; fileRef = 01F726C81715222000EBB4BB /* Generator.h */; };
		01F7271E1715222100EBB4BB /* Multiplier.h in Headers */ = {isa = PBXBuildFile; fileRef = 01F726C91715222000EBB4BB /* Multiplier.h */; };
		01F7271F1715222100EBB4BB /* Synth.h in Headers */ = {isa = PBXBuildFile; fileRef = 01F726CA1715222000EBB4BB /* Synth.h */; };
		01F727201715222100EBB4BB /* TonicCore.h in Headers */ = {isa = PBXBuildFile; fileRef = 01F726CB1715222000EBB4BB /* TonicCore.h */; };
		01F727211715222100EBB4BB /* TonicFrames.h in Headers */ = {isa = PBXBuildFile; fileRef = 01F726CC1715222000EBB4BB /* TonicFrames.h */; };
		01F727221715222100EBB4BB /* DelayUtils.h in Headers */ = {isa = PBXBuildFile; fileRef = 01F726CE1715222000EBB4BB /* DelayUtils.h */; };
		01F727231715222100EBB4BB /* MonoDelay.h in Headers */ = {isa = PBXBuildFile; fileRef = 01F726CF1715222000EBB4BB /* MonoDelay.h */; };
		01F727241715222100EBB4BB /* StereoDelay.h in Headers */ = {isa = PBXBuildFile; fileRef = 01F726D01715222000EBB4BB /* StereoDelay.h */; };
		01F727251715222100EBB4BB /* Filters.h in Headers */ = {isa = PBXBuildFile; fileRef = 01F726D21715222000EBB4BB /* Filters.h */; };
		01F727261715222100EBB4BB /* FilterUtils.h in Headers */ = {isa = PBXBuildFile; fileRef = 01F726D31715222000EBB4BB /* FilterUtils.h */; };
		01F727271715222100EBB4BB /* FlexToothWave.h in Headers */ = {isa = PBXBuildFile; fileRef = 01F726D51715222000EBB4BB /* FlexToothWave.h */; };
		01F727281715222100EBB4BB /* Noise.h in Headers */ = {isa = PBXBuildFile; fileRef = 01F726D61715222000EBB4BB /* Noise.h */; };
		01F727291715222100EBB4BB /* RectWave.h in Headers */ = {isa = PBXBuildFile; fileRef = 01F726D71715222000EBB4BB /* RectWave.h */; };
		01F7272A1715222100EBB4BB /* SineWave.h in Headers */ = {isa = PBXBuildFile; fileRef = 01F726D81715222000EBB4BB /* SineWave.h */; };
		01F7272B1715222100EBB4BB /* TableLookupOsc.h in Headers */ = {isa = PBXBuildFile; fileRef = 01F726D91715222000EBB4BB /* TableLookupOsc.h */; };
		01F7272C1715222100EBB4BB /* Tonic.h in Headers */ = {isa = PBXBuildFile; fileRef = 01F726DA1715222000EBB4BB /* Tonic.h */; };
		01F7272D1715222100EBB4BB /* ADSR.h in Headers */ = {isa = PBXBuildFile; fileRef = 01F726DD1715222000EBB4BB /* ADSR.h */; };
		01F7272E1715222100EBB4BB /* CompressorLimiter.h in Headers */ = {isa = PBXBuildFile; fileRef = 01F726DE1715222000EBB4BB /* CompressorLimiter.h */; };
		01F7272F1715222100EBB4BB /* LFNoise.h in Headers */ = {isa = PBXBuildFile; fileRef = 01F726DF1715222000EBB4BB /* LFNoise.h */; };
		01F727301715222100EBB4BB /* MonoToStereoPanner.h in Headers */ = {isa = PBXBuildFile; fileRef = 01F726E01715222000EBB4BB /* MonoToStereoPanner.h */; };
		01F727311715222100EBB4BB /* RampedValue.h in Headers */ = {isa = PBXBuildFile; fileRef = 01F726E11715222000EBB4BB /* RampedValue.h */; };
		01F727321715222100EBB4BB /* Mixer.h in Headers */ = {isa = PBXBuildFile; fileRef = 01F726E31715222000EBB4BB /* Mixer.h */; };
		01F727331715222100EBB4BB /* ControlDbToLinear.h in Headers */ = {isa = PBXBuildFile; fileRef = 01F726E51715222000EBB4BB /* ControlDbToLinear.h */; };
		01F727341715222100EBB4BB /* ControlFloor.h in Headers */ = {isa = PBXBuildFile; fileRef = 01F726E61715222000EBB4BB /* ControlFloor.h */; };
		01F727351715222100EBB4BB /* ControlMetro.h in Headers */ = {isa = PBXBuildFile; fileRef = 01F726E71715222000EBB4BB /* ControlMetro.h */; };
		01F727361715222100EBB4BB /* ControlMidiToFreq.h in Headers */ = {isa = PBXBuildFile; fileRef = 01F726E81715222000EBB4BB /* ControlMidiToFreq.h */; };
		01F727371715222100EBB4BB /* ControlPulse.h in Headers */ = {isa = PBXBuildFile; fileRef = 01F726E91715222000EBB4BB /* ControlPulse.h */; };
		01F727381715222100EBB4BB /* ControlRandom.h in Headers */ = {isa = PBXBuildFile; fileRef = 01F726EA1715222000EBB4BB /* ControlRandom.h */; };
		01F727391715222100EBB4BB /* ControlSnapToScale.h in Headers */ = {isa = PBXBuildFile; fileRef = 01F726EB1715222000EBB4BB /* ControlSnapToScale.h */; };
		01F7273A1715222100EBB4BB /* ControlStepper.h in Headers */ = {isa = PBXBuildFile; fileRef = 01F726EC1715222000EBB4BB /* ControlStepper.h */; };
		01F7273B1715222100EBB4BB /* ControlTrigger.h in Headers */ = {isa = PBXBuildFile; fileRef = 01F726ED1715222000EBB4BB /* ControlTrigger.h */; };
		01F7273C1715222100EBB4BB /* ControlXYSpeed.h in Headers */ = {isa = PBXBuildFile; fileRef = 01F726EE1715222000EBB4BB /* ControlXYSpeed.h */; };
		01F7273E1715225500EBB4BB /* Accelerate.framework in Frameworks */ = {isa = PBXBuildFile; fileRef = 01F7273D1715225500EBB4BB /* Accelerate.framework */; };
		01F727851715260A00EBB4BB /* Adder.cpp in Sources */ = {isa = PBXBuildFile; fileRef = 01F726981715222000EBB4BB /* Adder.cpp */; };
		01F727861715260A00EBB4BB /* ADSR.cpp in Sources */ = {isa = PBXBuildFile; fileRef = 01F726991715222000EBB4BB /* ADSR.cpp */; };
		01F727871715260A00EBB4BB /* BufferFiller.cpp in Sources */ = {isa = PBXBuildFile; fileRef = 01F7269A1715222000EBB4BB /* BufferFiller.cpp */; };
		01F727881715260A00EBB4BB /* CompressorLimiter.cpp in Sources */ = {isa = PBXBuildFile; fileRef = 01F7269B1715222000EBB4BB /* CompressorLimiter.cpp */; };
		01F727891715260A00EBB4BB /* ControlAdder.cpp in Sources */ = {isa = PBXBuildFile; fileRef = 01F7269C1715222000EBB4BB /* ControlAdder.cpp */; };
		01F7278A1715260A00EBB4BB /* ControlConditioner.cpp in Sources */ = {isa = PBXBuildFile; fileRef = 01F7269D1715222000EBB4BB /* ControlConditioner.cpp */; };
		01F7278B1715260A00EBB4BB /* ControlDbToLinear.cpp in Sources */ = {isa = PBXBuildFile; fileRef = 01F7269E1715222000EBB4BB /* ControlDbToLinear.cpp */; };
		01F7278C1715260A00EBB4BB /* ControlFloor.cpp in Sources */ = {isa = PBXBuildFile; fileRef = 01F7269F1715222000EBB4BB /* ControlFloor.cpp */; };
		01F7278D1715260A00EBB4BB /* ControlGenerator.cpp in Sources */ = {isa = PBXBuildFile; fileRef = 01F726A01715222000EBB4BB /* ControlGenerator.cpp */; };
		01F7278E1715260A00EBB4BB /* ControlMetro.cpp in Sources */ = {isa = PBXBuildFile; fileRef = 01F726A11715222000EBB4BB /* ControlMetro.cpp */; };
		01F7278F1715260A00EBB4BB /* ControlMidiToFreq.cpp in Sources */ = {isa = PBXBuildFile; fileRef = 01F726A21715222000EBB4BB /* ControlMidiToFreq.cpp */; };
		01F727901715260A00EBB4BB /* ControlMultiplier.cpp in Sources */ = {isa = PBXBuildFile; fileRef = 01F726A31715222000EBB4BB /* ControlMultiplier.cpp */; };
		01F727911715260A00EBB4BB /* ControlPulse.cpp in Sources */ = {isa = PBXBuildFile; fileRef = 01F726A41715222000EBB4BB /* ControlPulse.cpp */; };
		01F727921715260A00EBB4BB /* ControlRandom.cpp in Sources */ = {isa = PBXBuildFile; fileRef = 01F726A51715222000EBB4BB /* ControlRandom.cpp */; };
		01F727931715260A00EBB4BB /* ControlSnapToScale.cpp in Sources */ = {isa = PBXBuildFile; fileRef = 01F726A61715222000EBB4BB /* ControlSnapToScale.cpp */; };
		01F727941715260A00EBB4BB /* ControlStepper.cpp in Sources */ = {isa = PBXBuildFile; fileRef = 01F726A71715222000EBB4BB /* ControlStepper.cpp */; };
		01F727951715260A00EBB4BB /* ControlTrigger.cpp in Sources */ = {isa = PBXBuildFile; fileRef = 01F726A81715222000EBB4BB /* ControlTrigger.cpp */; };
		01F727961715260A00EBB4BB /* ControlValue.cpp in Sources */ = {isa = PBXBuildFile; fileRef = 01F726A91715222000EBB4BB /* ControlValue.cpp */; };
		01F727971715260A00EBB4BB /* ControlXYSpeed.cpp in Sources */ = {isa = PBXBuildFile; fileRef = 01F726AA1715222000EBB4BB /* ControlXYSpeed.cpp */; };
		01F727981715260A00EBB4BB /* DelayUtils.cpp in Sources */ = {isa = PBXBuildFile; fileRef = 01F726AB1715222000EBB4BB /* DelayUtils.cpp */; };
		01F727991715260A00EBB4BB /* Filters.cpp in Sources */ = {isa = PBXBuildFile; fileRef = 01F726AC1715222000EBB4BB /* Filters.cpp */; };
		01F7279A1715260A00EBB4BB /* FixedValue.cpp in Sources */ = {isa = PBXBuildFile; fileRef = 01F726AD1715222000EBB4BB /* FixedValue.cpp */; };
		01F7279B1715260A00EBB4BB /* FlexToothWave.cpp in Sources */ = {isa = PBXBuildFile; fileRef = 01F726AE1715222000EBB4BB /* FlexToothWave.cpp */; };
		01F7279C1715260A00EBB4BB /* Generator.cpp in Sources */ = {isa = PBXBuildFile; fileRef = 01F726AF1715222000EBB4BB /* Generator.cpp */; };
		01F7279D1715260A00EBB4BB /* LFNoise.cpp in Sources */ = {isa = PBXBuildFile; fileRef = 01F726B01715222000EBB4BB /* LFNoise.cpp */; };
		01F7279E1715260A00EBB4BB /* Mixer.cpp in Sources */ = {isa = PBXBuildFile; fileRef = 01F726B11715222000EBB4BB /* Mixer.cpp */; };
		01F7279F1715260A00EBB4BB /* MonoDelay.cpp in Sources */ = {isa = PBXBuildFile; fileRef = 01F726B21715222000EBB4BB /* MonoDelay.cpp */; };
		01F727A01715260A00EBB4BB /* MonoToStereoPanner.cpp in Sources */ = {isa = PBXBuildFile; fileRef = 01F726B31715222000EBB4BB /* MonoToStereoPanner.cpp */; };
		01F727A11715260A00EBB4BB /* Multiplier.cpp in Sources */ = {isa = PBXBuildFile; fileRef = 01F726B41715222000EBB4BB /* Multiplier.cpp */; };
		01F727A21715260A00EBB4BB /* Noise.cpp in Sources */ = {isa = PBXBuildFile; fileRef = 01F726B51715222000EBB4BB /* Noise.cpp */; };
		01F727A31715260A00EBB4BB /* RampedValue.cpp in Sources */ = {isa = PBXBuildFile; fileRef = 01F726B61715222000EBB4BB /* RampedValue.cpp */; };
		01F727A41715260A00EBB4BB /* RectWave.cpp in Sources */ = {isa = PBXBuildFile; fileRef = 01F726B71715222000EBB4BB /* RectWave.cpp */; };
		01F727A51715260A00EBB4BB /* SineWave.cpp in Sources */ = {isa = PBXBuildFile; fileRef = 01F726B81715222000EBB4BB /* SineWave.cpp */; };
		01F727A61715260A00EBB4BB /* StereoDelay.cpp in Sources */ = {isa = PBXBuildFile; fileRef = 01F726B91715222000EBB4BB /* StereoDelay.cpp */; };
		01F727A71715260A00EBB4BB /* Synth.cpp in Sources */ = {isa = PBXBuildFile; fileRef = 01F726BA1715222000EBB4BB /* Synth.cpp */; };
		01F727A81715260A00EBB4BB /* TableLookupOsc.cpp in Sources */ = {isa = PBXBuildFile; fileRef = 01F726BB1715222000EBB4BB /* TableLookupOsc.cpp */; };
		01F727A91715260A00EBB4BB /* TonicFrames.cpp in Sources */ = {isa = PBXBuildFile; fileRef = 01F726BC1715222000EBB4BB /* TonicFrames.cpp */; };
/* End PBXBuildFile section */

/* Begin PBXFileReference section */
		01F72690171520F900EBB4BB /* libTonic.a */ = {isa = PBXFileReference; explicitFileType = archive.ar; includeInIndex = 0; path = libTonic.a; sourceTree = BUILT_PRODUCTS_DIR; };
		01F726981715222000EBB4BB /* Adder.cpp */ = {isa = PBXFileReference; fileEncoding = 4; lastKnownFileType = sourcecode.cpp.cpp; path = Adder.cpp; sourceTree = "<group>"; };
		01F726991715222000EBB4BB /* ADSR.cpp */ = {isa = PBXFileReference; fileEncoding = 4; lastKnownFileType = sourcecode.cpp.cpp; path = ADSR.cpp; sourceTree = "<group>"; };
		01F7269A1715222000EBB4BB /* BufferFiller.cpp */ = {isa = PBXFileReference; fileEncoding = 4; lastKnownFileType = sourcecode.cpp.cpp; path = BufferFiller.cpp; sourceTree = "<group>"; };
		01F7269B1715222000EBB4BB /* CompressorLimiter.cpp */ = {isa = PBXFileReference; fileEncoding = 4; lastKnownFileType = sourcecode.cpp.cpp; path = CompressorLimiter.cpp; sourceTree = "<group>"; };
		01F7269C1715222000EBB4BB /* ControlAdder.cpp */ = {isa = PBXFileReference; fileEncoding = 4; lastKnownFileType = sourcecode.cpp.cpp; path = ControlAdder.cpp; sourceTree = "<group>"; };
		01F7269D1715222000EBB4BB /* ControlConditioner.cpp */ = {isa = PBXFileReference; fileEncoding = 4; lastKnownFileType = sourcecode.cpp.cpp; path = ControlConditioner.cpp; sourceTree = "<group>"; };
		01F7269E1715222000EBB4BB /* ControlDbToLinear.cpp */ = {isa = PBXFileReference; fileEncoding = 4; lastKnownFileType = sourcecode.cpp.cpp; path = ControlDbToLinear.cpp; sourceTree = "<group>"; };
		01F7269F1715222000EBB4BB /* ControlFloor.cpp */ = {isa = PBXFileReference; fileEncoding = 4; lastKnownFileType = sourcecode.cpp.cpp; path = ControlFloor.cpp; sourceTree = "<group>"; };
		01F726A01715222000EBB4BB /* ControlGenerator.cpp */ = {isa = PBXFileReference; fileEncoding = 4; lastKnownFileType = sourcecode.cpp.cpp; path = ControlGenerator.cpp; sourceTree = "<group>"; };
		01F726A11715222000EBB4BB /* ControlMetro.cpp */ = {isa = PBXFileReference; fileEncoding = 4; lastKnownFileType = sourcecode.cpp.cpp; path = ControlMetro.cpp; sourceTree = "<group>"; };
		01F726A21715222000EBB4BB /* ControlMidiToFreq.cpp */ = {isa = PBXFileReference; fileEncoding = 4; lastKnownFileType = sourcecode.cpp.cpp; path = ControlMidiToFreq.cpp; sourceTree = "<group>"; };
		01F726A31715222000EBB4BB /* ControlMultiplier.cpp */ = {isa = PBXFileReference; fileEncoding = 4; lastKnownFileType = sourcecode.cpp.cpp; path = ControlMultiplier.cpp; sourceTree = "<group>"; };
		01F726A41715222000EBB4BB /* ControlPulse.cpp */ = {isa = PBXFileReference; fileEncoding = 4; lastKnownFileType = sourcecode.cpp.cpp; path = ControlPulse.cpp; sourceTree = "<group>"; };
		01F726A51715222000EBB4BB /* ControlRandom.cpp */ = {isa = PBXFileReference; fileEncoding = 4; lastKnownFileType = sourcecode.cpp.cpp; path = ControlRandom.cpp; sourceTree = "<group>"; };
		01F726A61715222000EBB4BB /* ControlSnapToScale.cpp */ = {isa = PBXFileReference; fileEncoding = 4; lastKnownFileType = sourcecode.cpp.cpp; path = ControlSnapToScale.cpp; sourceTree = "<group>"; };
		01F726A71715222000EBB4BB /* ControlStepper.cpp */ = {isa = PBXFileReference; fileEncoding = 4; lastKnownFileType = sourcecode.cpp.cpp; path = ControlStepper.cpp; sourceTree = "<group>"; };
		01F726A81715222000EBB4BB /* ControlTrigger.cpp */ = {isa = PBXFileReference; fileEncoding = 4; lastKnownFileType = sourcecode.cpp.cpp; path = ControlTrigger.cpp; sourceTree = "<group>"; };
		01F726A91715222000EBB4BB /* ControlValue.cpp */ = {isa = PBXFileReference; fileEncoding = 4; lastKnownFileType = sourcecode.cpp.cpp; path = ControlValue.cpp; sourceTree = "<group>"; };
		01F726AA1715222000EBB4BB /* ControlXYSpeed.cpp */ = {isa = PBXFileReference; fileEncoding = 4; lastKnownFileType = sourcecode.cpp.cpp; path = ControlXYSpeed.cpp; sourceTree = "<group>"; };
		01F726AB1715222000EBB4BB /* DelayUtils.cpp */ = {isa = PBXFileReference; fileEncoding = 4; lastKnownFileType = sourcecode.cpp.cpp; path = DelayUtils.cpp; sourceTree = "<group>"; };
		01F726AC1715222000EBB4BB /* Filters.cpp */ = {isa = PBXFileReference; fileEncoding = 4; lastKnownFileType = sourcecode.cpp.cpp; path = Filters.cpp; sourceTree = "<group>"; };
		01F726AD1715222000EBB4BB /* FixedValue.cpp */ = {isa = PBXFileReference; fileEncoding = 4; lastKnownFileType = sourcecode.cpp.cpp; path = FixedValue.cpp; sourceTree = "<group>"; };
		01F726AE1715222000EBB4BB /* FlexToothWave.cpp */ = {isa = PBXFileReference; fileEncoding = 4; lastKnownFileType = sourcecode.cpp.cpp; path = FlexToothWave.cpp; sourceTree = "<group>"; };
		01F726AF1715222000EBB4BB /* Generator.cpp */ = {isa = PBXFileReference; fileEncoding = 4; lastKnownFileType = sourcecode.cpp.cpp; path = Generator.cpp; sourceTree = "<group>"; };
		01F726B01715222000EBB4BB /* LFNoise.cpp */ = {isa = PBXFileReference; fileEncoding = 4; lastKnownFileType = sourcecode.cpp.cpp; path = LFNoise.cpp; sourceTree = "<group>"; };
		01F726B11715222000EBB4BB /* Mixer.cpp */ = {isa = PBXFileReference; fileEncoding = 4; lastKnownFileType = sourcecode.cpp.cpp; path = Mixer.cpp; sourceTree = "<group>"; };
		01F726B21715222000EBB4BB /* MonoDelay.cpp */ = {isa = PBXFileReference; fileEncoding = 4; lastKnownFileType = sourcecode.cpp.cpp; path = MonoDelay.cpp; sourceTree = "<group>"; };
		01F726B31715222000EBB4BB /* MonoToStereoPanner.cpp */ = {isa = PBXFileReference; fileEncoding = 4; lastKnownFileType = sourcecode.cpp.cpp; path = MonoToStereoPanner.cpp; sourceTree = "<group>"; };
		01F726B41715222000EBB4BB /* Multiplier.cpp */ = {isa = PBXFileReference; fileEncoding = 4; lastKnownFileType = sourcecode.cpp.cpp; path = Multiplier.cpp; sourceTree = "<group>"; };
		01F726B51715222000EBB4BB /* Noise.cpp */ = {isa = PBXFileReference; fileEncoding = 4; lastKnownFileType = sourcecode.cpp.cpp; path = Noise.cpp; sourceTree = "<group>"; };
		01F726B61715222000EBB4BB /* RampedValue.cpp */ = {isa = PBXFileReference; fileEncoding = 4; lastKnownFileType = sourcecode.cpp.cpp; path = RampedValue.cpp; sourceTree = "<group>"; };
		01F726B71715222000EBB4BB /* RectWave.cpp */ = {isa = PBXFileReference; fileEncoding = 4; lastKnownFileType = sourcecode.cpp.cpp; path = RectWave.cpp; sourceTree = "<group>"; };
		01F726B81715222000EBB4BB /* SineWave.cpp */ = {isa = PBXFileReference; fileEncoding = 4; lastKnownFileType = sourcecode.cpp.cpp; path = SineWave.cpp; sourceTree = "<group>"; };
		01F726B91715222000EBB4BB /* StereoDelay.cpp */ = {isa = PBXFileReference; fileEncoding = 4; lastKnownFileType = sourcecode.cpp.cpp; path = StereoDelay.cpp; sourceTree = "<group>"; };
		01F726BA1715222000EBB4BB /* Synth.cpp */ = {isa = PBXFileReference; fileEncoding = 4; lastKnownFileType = sourcecode.cpp.cpp; path = Synth.cpp; sourceTree = "<group>"; };
		01F726BB1715222000EBB4BB /* TableLookupOsc.cpp */ = {isa = PBXFileReference; fileEncoding = 4; lastKnownFileType = sourcecode.cpp.cpp; path = TableLookupOsc.cpp; sourceTree = "<group>"; };
		01F726BC1715222000EBB4BB /* TonicFrames.cpp */ = {isa = PBXFileReference; fileEncoding = 4; lastKnownFileType = sourcecode.cpp.cpp; path = TonicFrames.cpp; sourceTree = "<group>"; };
		01F726BF1715222000EBB4BB /* Adder.h */ = {isa = PBXFileReference; fileEncoding = 4; lastKnownFileType = sourcecode.c.h; path = Adder.h; sourceTree = "<group>"; };
		01F726C01715222000EBB4BB /* BufferFiller.h */ = {isa = PBXFileReference; fileEncoding = 4; lastKnownFileType = sourcecode.c.h; path = BufferFiller.h; sourceTree = "<group>"; };
		01F726C11715222000EBB4BB /* ControlAdder.h */ = {isa = PBXFileReference; fileEncoding = 4; lastKnownFileType = sourcecode.c.h; path = ControlAdder.h; sourceTree = "<group>"; };
		01F726C21715222000EBB4BB /* ControlConditioner.h */ = {isa = PBXFileReference; fileEncoding = 4; lastKnownFileType = sourcecode.c.h; path = ControlConditioner.h; sourceTree = "<group>"; };
		01F726C31715222000EBB4BB /* ControlGenerator.h */ = {isa = PBXFileReference; fileEncoding = 4; lastKnownFileType = sourcecode.c.h; path = ControlGenerator.h; sourceTree = "<group>"; };
		01F726C41715222000EBB4BB /* ControlMultiplier.h */ = {isa = PBXFileReference; fileEncoding = 4; lastKnownFileType = sourcecode.c.h; path = ControlMultiplier.h; sourceTree = "<group>"; };
		01F726C51715222000EBB4BB /* ControlValue.h */ = {isa = PBXFileReference; fileEncoding = 4; lastKnownFileType = sourcecode.c.h; path = ControlValue.h; sourceTree = "<group>"; };
		01F726C61715222000EBB4BB /* Effect.h */ = {isa = PBXFileReference; fileEncoding = 4; lastKnownFileType = sourcecode.c.h; path = Effect.h; sourceTree = "<group>"; };
		01F726C71715222000EBB4BB /* FixedValue.h */ = {isa = PBXFileReference; fileEncoding = 4; lastKnownFileType = sourcecode.c.h; path = FixedValue.h; sourceTree = "<group>"; };
		01F726C81715222000EBB4BB /* Generator.h */ = {isa = PBXFileReference; fileEncoding = 4; lastKnownFileType = sourcecode.c.h; path = Generator.h; sourceTree = "<group>"; };
		01F726C91715222000EBB4BB /* Multiplier.h */ = {isa = PBXFileReference; fileEncoding = 4; lastKnownFileType = sourcecode.c.h; path = Multiplier.h; sourceTree = "<group>"; };
		01F726CA1715222000EBB4BB /* Synth.h */ = {isa = PBXFileReference; fileEncoding = 4; lastKnownFileType = sourcecode.c.h; path = Synth.h; sourceTree = "<group>"; };
		01F726CB1715222000EBB4BB /* TonicCore.h */ = {isa = PBXFileReference; fileEncoding = 4; lastKnownFileType = sourcecode.c.h; path = TonicCore.h; sourceTree = "<group>"; };
		01F726CC1715222000EBB4BB /* TonicFrames.h */ = {isa = PBXFileReference; fileEncoding = 4; lastKnownFileType = sourcecode.c.h; path = TonicFrames.h; sourceTree = "<group>"; };
		01F726CE1715222000EBB4BB /* DelayUtils.h */ = {isa = PBXFileReference; fileEncoding = 4; lastKnownFileType = sourcecode.c.h; path = DelayUtils.h; sourceTree = "<group>"; };
		01F726CF1715222000EBB4BB /* MonoDelay.h */ = {isa = PBXFileReference; fileEncoding = 4; lastKnownFileType = sourcecode.c.h; path = MonoDelay.h; sourceTree = "<group>"; };
		01F726D01715222000EBB4BB /* StereoDelay.h */ = {isa = PBXFileReference; fileEncoding = 4; lastKnownFileType = sourcecode.c.h; path = StereoDelay.h; sourceTree = "<group>"; };
		01F726D21715222000EBB4BB /* Filters.h */ = {isa = PBXFileReference; fileEncoding = 4; lastKnownFileType = sourcecode.c.h; path = Filters.h; sourceTree = "<group>"; };
		01F726D31715222000EBB4BB /* FilterUtils.h */ = {isa = PBXFileReference; fileEncoding = 4; lastKnownFileType = sourcecode.c.h; path = FilterUtils.h; sourceTree = "<group>"; };
		01F726D51715222000EBB4BB /* FlexToothWave.h */ = {isa = PBXFileReference; fileEncoding = 4; lastKnownFileType = sourcecode.c.h; path = FlexToothWave.h; sourceTree = "<group>"; };
		01F726D61715222000EBB4BB /* Noise.h */ = {isa = PBXFileReference; fileEncoding = 4; lastKnownFileType = sourcecode.c.h; path = Noise.h; sourceTree = "<group>"; };
		01F726D71715222000EBB4BB /* RectWave.h */ = {isa = PBXFileReference; fileEncoding = 4; lastKnownFileType = sourcecode.c.h; path = RectWave.h; sourceTree = "<group>"; };
		01F726D81715222000EBB4BB /* SineWave.h */ = {isa = PBXFileReference; fileEncoding = 4; lastKnownFileType = sourcecode.c.h; path = SineWave.h; sourceTree = "<group>"; };
		01F726D91715222000EBB4BB /* TableLookupOsc.h */ = {isa = PBXFileReference; fileEncoding = 4; lastKnownFileType = sourcecode.c.h; path = TableLookupOsc.h; sourceTree = "<group>"; };
		01F726DA1715222000EBB4BB /* Tonic.h */ = {isa = PBXFileReference; fileEncoding = 4; lastKnownFileType = sourcecode.c.h; path = Tonic.h; sourceTree = "<group>"; };
		01F726DD1715222000EBB4BB /* ADSR.h */ = {isa = PBXFileReference; fileEncoding = 4; lastKnownFileType = sourcecode.c.h; path = ADSR.h; sourceTree = "<group>"; };
		01F726DE1715222000EBB4BB /* CompressorLimiter.h */ = {isa = PBXFileReference; fileEncoding = 4; lastKnownFileType = sourcecode.c.h; path = CompressorLimiter.h; sourceTree = "<group>"; };
		01F726DF1715222000EBB4BB /* LFNoise.h */ = {isa = PBXFileReference; fileEncoding = 4; lastKnownFileType = sourcecode.c.h; path = LFNoise.h; sourceTree = "<group>"; };
		01F726E01715222000EBB4BB /* MonoToStereoPanner.h */ = {isa = PBXFileReference; fileEncoding = 4; lastKnownFileType = sourcecode.c.h; path = MonoToStereoPanner.h; sourceTree = "<group>"; };
		01F726E11715222000EBB4BB /* RampedValue.h */ = {isa = PBXFileReference; fileEncoding = 4; lastKnownFileType = sourcecode.c.h; path = RampedValue.h; sourceTree = "<group>"; };
		01F726E31715222000EBB4BB /* Mixer.h */ = {isa = PBXFileReference; fileEncoding = 4; lastKnownFileType = sourcecode.c.h; path = Mixer.h; sourceTree = "<group>"; };
		01F726E51715222000EBB4BB /* ControlDbToLinear.h */ = {isa = PBXFileReference; fileEncoding = 4; lastKnownFileType = sourcecode.c.h; path = ControlDbToLinear.h; sourceTree = "<group>"; };
		01F726E61715222000EBB4BB /* ControlFloor.h */ = {isa = PBXFileReference; fileEncoding = 4; lastKnownFileType = sourcecode.c.h; path = ControlFloor.h; sourceTree = "<group>"; };
		01F726E71715222000EBB4BB /* ControlMetro.h */ = {isa = PBXFileReference; fileEncoding = 4; lastKnownFileType = sourcecode.c.h; path = ControlMetro.h; sourceTree = "<group>"; };
		01F726E81715222000EBB4BB /* ControlMidiToFreq.h */ = {isa = PBXFileReference; fileEncoding = 4; lastKnownFileType = sourcecode.c.h; path = ControlMidiToFreq.h; sourceTree = "<group>"; };
		01F726E91715222000EBB4BB /* ControlPulse.h */ = {isa = PBXFileReference; fileEncoding = 4; lastKnownFileType = sourcecode.c.h; path = ControlPulse.h; sourceTree = "<group>"; };
		01F726EA1715222000EBB4BB /* ControlRandom.h */ = {isa = PBXFileReference; fileEncoding = 4; lastKnownFileType = sourcecode.c.h; path = ControlRandom.h; sourceTree = "<group>"; };
		01F726EB1715222000EBB4BB /* ControlSnapToScale.h */ = {isa = PBXFileReference; fileEncoding = 4; lastKnownFileType = sourcecode.c.h; path = ControlSnapToScale.h; sourceTree = "<group>"; };
		01F726EC1715222000EBB4BB /* ControlStepper.h */ = {isa = PBXFileReference; fileEncoding = 4; lastKnownFileType = sourcecode.c.h; path = ControlStepper.h; sourceTree = "<group>"; };
		01F726ED1715222000EBB4BB /* ControlTrigger.h */ = {isa = PBXFileReference; fileEncoding = 4; lastKnownFileType = sourcecode.c.h; path = ControlTrigger.h; sourceTree = "<group>"; };
		01F726EE1715222000EBB4BB /* ControlXYSpeed.h */ = {isa = PBXFileReference; fileEncoding = 4; lastKnownFileType = sourcecode.c.h; path = ControlXYSpeed.h; sourceTree = "<group>"; };
		01F7273D1715225500EBB4BB /* Accelerate.framework */ = {isa = PBXFileReference; lastKnownFileType = wrapper.framework; name = Accelerate.framework; path = Platforms/MacOSX.platform/Developer/SDKs/MacOSX10.7.sdk/System/Library/Frameworks/Accelerate.framework; sourceTree = DEVELOPER_DIR; };
		01F72781171525FD00EBB4BB /* libTonic.a */ = {isa = PBXFileReference; explicitFileType = archive.ar; includeInIndex = 0; path = libTonic.a; sourceTree = BUILT_PRODUCTS_DIR; };
/* End PBXFileReference section */

/* Begin PBXFrameworksBuildPhase section */
		01F7268D171520F900EBB4BB /* Frameworks */ = {
			isa = PBXFrameworksBuildPhase;
			buildActionMask = 2147483647;
			files = (
				01F7273E1715225500EBB4BB /* Accelerate.framework in Frameworks */,
			);
			runOnlyForDeploymentPostprocessing = 0;
		};
		01F7277E171525FD00EBB4BB /* Frameworks */ = {
			isa = PBXFrameworksBuildPhase;
			buildActionMask = 2147483647;
			files = (
			);
			runOnlyForDeploymentPostprocessing = 0;
		};
/* End PBXFrameworksBuildPhase section */

/* Begin PBXGroup section */
		01F72687171520F900EBB4BB = {
			isa = PBXGroup;
			children = (
				01F726BD1715222000EBB4BB /* Tonic */,
				01F726971715222000EBB4BB /* src */,
				01F7273F171522B600EBB4BB /* Frameworks */,
				01F72691171520F900EBB4BB /* Products */,
			);
			sourceTree = "<group>";
		};
		01F72691171520F900EBB4BB /* Products */ = {
			isa = PBXGroup;
			children = (
				01F72690171520F900EBB4BB /* libTonic.a */,
				01F72781171525FD00EBB4BB /* libTonic.a */,
			);
			name = Products;
			sourceTree = "<group>";
		};
		01F726971715222000EBB4BB /* src */ = {
			isa = PBXGroup;
			children = (
				01F726981715222000EBB4BB /* Adder.cpp */,
				01F726991715222000EBB4BB /* ADSR.cpp */,
				01F7269A1715222000EBB4BB /* BufferFiller.cpp */,
				01F7269B1715222000EBB4BB /* CompressorLimiter.cpp */,
				01F7269C1715222000EBB4BB /* ControlAdder.cpp */,
				01F7269D1715222000EBB4BB /* ControlConditioner.cpp */,
				01F7269E1715222000EBB4BB /* ControlDbToLinear.cpp */,
				01F7269F1715222000EBB4BB /* ControlFloor.cpp */,
				01F726A01715222000EBB4BB /* ControlGenerator.cpp */,
				01F726A11715222000EBB4BB /* ControlMetro.cpp */,
				01F726A21715222000EBB4BB /* ControlMidiToFreq.cpp */,
				01F726A31715222000EBB4BB /* ControlMultiplier.cpp */,
				01F726A41715222000EBB4BB /* ControlPulse.cpp */,
				01F726A51715222000EBB4BB /* ControlRandom.cpp */,
				01F726A61715222000EBB4BB /* ControlSnapToScale.cpp */,
				01F726A71715222000EBB4BB /* ControlStepper.cpp */,
				01F726A81715222000EBB4BB /* ControlTrigger.cpp */,
				01F726A91715222000EBB4BB /* ControlValue.cpp */,
				01F726AA1715222000EBB4BB /* ControlXYSpeed.cpp */,
				01F726AB1715222000EBB4BB /* DelayUtils.cpp */,
				01F726AC1715222000EBB4BB /* Filters.cpp */,
				01F726AD1715222000EBB4BB /* FixedValue.cpp */,
				01F726AE1715222000EBB4BB /* FlexToothWave.cpp */,
				01F726AF1715222000EBB4BB /* Generator.cpp */,
				01F726B01715222000EBB4BB /* LFNoise.cpp */,
				01F726B11715222000EBB4BB /* Mixer.cpp */,
				01F726B21715222000EBB4BB /* MonoDelay.cpp */,
				01F726B31715222000EBB4BB /* MonoToStereoPanner.cpp */,
				01F726B41715222000EBB4BB /* Multiplier.cpp */,
				01F726B51715222000EBB4BB /* Noise.cpp */,
				01F726B61715222000EBB4BB /* RampedValue.cpp */,
				01F726B71715222000EBB4BB /* RectWave.cpp */,
				01F726B81715222000EBB4BB /* SineWave.cpp */,
				01F726B91715222000EBB4BB /* StereoDelay.cpp */,
				01F726BA1715222000EBB4BB /* Synth.cpp */,
				01F726BB1715222000EBB4BB /* TableLookupOsc.cpp */,
				01F726BC1715222000EBB4BB /* TonicFrames.cpp */,
			);
			path = src;
			sourceTree = "<group>";
		};
		01F726BD1715222000EBB4BB /* Tonic */ = {
			isa = PBXGroup;
			children = (
				01F726BE1715222000EBB4BB /* Core */,
				01F726CD1715222000EBB4BB /* DelayEffects */,
				01F726D11715222000EBB4BB /* Filters */,
				01F726D41715222000EBB4BB /* Oscillators */,
				01F726DA1715222000EBB4BB /* Tonic.h */,
				01F726DB1715222000EBB4BB /* Utils */,
			);
			path = Tonic;
			sourceTree = "<group>";
		};
		01F726BE1715222000EBB4BB /* Core */ = {
			isa = PBXGroup;
			children = (
				01F726BF1715222000EBB4BB /* Adder.h */,
				01F726C01715222000EBB4BB /* BufferFiller.h */,
				01F726C11715222000EBB4BB /* ControlAdder.h */,
				01F726C21715222000EBB4BB /* ControlConditioner.h */,
				01F726C31715222000EBB4BB /* ControlGenerator.h */,
				01F726C41715222000EBB4BB /* ControlMultiplier.h */,
				01F726C51715222000EBB4BB /* ControlValue.h */,
				01F726C61715222000EBB4BB /* Effect.h */,
				01F726C71715222000EBB4BB /* FixedValue.h */,
				01F726C81715222000EBB4BB /* Generator.h */,
				01F726C91715222000EBB4BB /* Multiplier.h */,
				01F726CA1715222000EBB4BB /* Synth.h */,
				01F726CB1715222000EBB4BB /* TonicCore.h */,
				01F726CC1715222000EBB4BB /* TonicFrames.h */,
			);
			path = Core;
			sourceTree = "<group>";
		};
		01F726CD1715222000EBB4BB /* DelayEffects */ = {
			isa = PBXGroup;
			children = (
				01F726CE1715222000EBB4BB /* DelayUtils.h */,
				01F726CF1715222000EBB4BB /* MonoDelay.h */,
				01F726D01715222000EBB4BB /* StereoDelay.h */,
			);
			path = DelayEffects;
			sourceTree = "<group>";
		};
		01F726D11715222000EBB4BB /* Filters */ = {
			isa = PBXGroup;
			children = (
				01F726D21715222000EBB4BB /* Filters.h */,
				01F726D31715222000EBB4BB /* FilterUtils.h */,
			);
			path = Filters;
			sourceTree = "<group>";
		};
		01F726D41715222000EBB4BB /* Oscillators */ = {
			isa = PBXGroup;
			children = (
				01F726D51715222000EBB4BB /* FlexToothWave.h */,
				01F726D61715222000EBB4BB /* Noise.h */,
				01F726D71715222000EBB4BB /* RectWave.h */,
				01F726D81715222000EBB4BB /* SineWave.h */,
				01F726D91715222000EBB4BB /* TableLookupOsc.h */,
			);
			path = Oscillators;
			sourceTree = "<group>";
		};
		01F726DB1715222000EBB4BB /* Utils */ = {
			isa = PBXGroup;
			children = (
				01F726DC1715222000EBB4BB /* Audio */,
				01F726E21715222000EBB4BB /* BufferFiller */,
				01F726E41715222000EBB4BB /* Control */,
			);
			path = Utils;
			sourceTree = "<group>";
		};
		01F726DC1715222000EBB4BB /* Audio */ = {
			isa = PBXGroup;
			children = (
				01F726DD1715222000EBB4BB /* ADSR.h */,
				01F726DE1715222000EBB4BB /* CompressorLimiter.h */,
				01F726DF1715222000EBB4BB /* LFNoise.h */,
				01F726E01715222000EBB4BB /* MonoToStereoPanner.h */,
				01F726E11715222000EBB4BB /* RampedValue.h */,
			);
			path = Audio;
			sourceTree = "<group>";
		};
		01F726E21715222000EBB4BB /* BufferFiller */ = {
			isa = PBXGroup;
			children = (
				01F726E31715222000EBB4BB /* Mixer.h */,
			);
			path = BufferFiller;
			sourceTree = "<group>";
		};
		01F726E41715222000EBB4BB /* Control */ = {
			isa = PBXGroup;
			children = (
				01F726E51715222000EBB4BB /* ControlDbToLinear.h */,
				01F726E61715222000EBB4BB /* ControlFloor.h */,
				01F726E71715222000EBB4BB /* ControlMetro.h */,
				01F726E81715222000EBB4BB /* ControlMidiToFreq.h */,
				01F726E91715222000EBB4BB /* ControlPulse.h */,
				01F726EA1715222000EBB4BB /* ControlRandom.h */,
				01F726EB1715222000EBB4BB /* ControlSnapToScale.h */,
				01F726EC1715222000EBB4BB /* ControlStepper.h */,
				01F726ED1715222000EBB4BB /* ControlTrigger.h */,
				01F726EE1715222000EBB4BB /* ControlXYSpeed.h */,
			);
			path = Control;
			sourceTree = "<group>";
		};
		01F7273F171522B600EBB4BB /* Frameworks */ = {
			isa = PBXGroup;
			children = (
				01F7273D1715225500EBB4BB /* Accelerate.framework */,
			);
			name = Frameworks;
			sourceTree = "<group>";
		};
/* End PBXGroup section */

/* Begin PBXHeadersBuildPhase section */
		01F7268E171520F900EBB4BB /* Headers */ = {
			isa = PBXHeadersBuildPhase;
			buildActionMask = 2147483647;
			files = (
				01F727141715222100EBB4BB /* Adder.h in Headers */,
				01F727151715222100EBB4BB /* BufferFiller.h in Headers */,
				01F727161715222100EBB4BB /* ControlAdder.h in Headers */,
				01F727171715222100EBB4BB /* ControlConditioner.h in Headers */,
				01F727181715222100EBB4BB /* ControlGenerator.h in Headers */,
				01F727191715222100EBB4BB /* ControlMultiplier.h in Headers */,
				01F7271A1715222100EBB4BB /* ControlValue.h in Headers */,
				01F7271B1715222100EBB4BB /* Effect.h in Headers */,
				01F7271C1715222100EBB4BB /* FixedValue.h in Headers */,
				01F7271D1715222100EBB4BB /* Generator.h in Headers */,
				01F7271E1715222100EBB4BB /* Multiplier.h in Headers */,
				01F7271F1715222100EBB4BB /* Synth.h in Headers */,
				01F727201715222100EBB4BB /* TonicCore.h in Headers */,
				01F727211715222100EBB4BB /* TonicFrames.h in Headers */,
				01F727221715222100EBB4BB /* DelayUtils.h in Headers */,
				01F727231715222100EBB4BB /* MonoDelay.h in Headers */,
				01F727241715222100EBB4BB /* StereoDelay.h in Headers */,
				01F727251715222100EBB4BB /* Filters.h in Headers */,
				01F727261715222100EBB4BB /* FilterUtils.h in Headers */,
				01F727271715222100EBB4BB /* FlexToothWave.h in Headers */,
				01F727281715222100EBB4BB /* Noise.h in Headers */,
				01F727291715222100EBB4BB /* RectWave.h in Headers */,
				01F7272A1715222100EBB4BB /* SineWave.h in Headers */,
				01F7272B1715222100EBB4BB /* TableLookupOsc.h in Headers */,
				01F7272C1715222100EBB4BB /* Tonic.h in Headers */,
				01F7272D1715222100EBB4BB /* ADSR.h in Headers */,
				01F7272E1715222100EBB4BB /* CompressorLimiter.h in Headers */,
				01F7272F1715222100EBB4BB /* LFNoise.h in Headers */,
				01F727301715222100EBB4BB /* MonoToStereoPanner.h in Headers */,
				01F727311715222100EBB4BB /* RampedValue.h in Headers */,
				01F727321715222100EBB4BB /* Mixer.h in Headers */,
				01F727331715222100EBB4BB /* ControlDbToLinear.h in Headers */,
				01F727341715222100EBB4BB /* ControlFloor.h in Headers */,
				01F727351715222100EBB4BB /* ControlMetro.h in Headers */,
				01F727361715222100EBB4BB /* ControlMidiToFreq.h in Headers */,
				01F727371715222100EBB4BB /* ControlPulse.h in Headers */,
				01F727381715222100EBB4BB /* ControlRandom.h in Headers */,
				01F727391715222100EBB4BB /* ControlSnapToScale.h in Headers */,
				01F7273A1715222100EBB4BB /* ControlStepper.h in Headers */,
				01F7273B1715222100EBB4BB /* ControlTrigger.h in Headers */,
				01F7273C1715222100EBB4BB /* ControlXYSpeed.h in Headers */,
			);
			runOnlyForDeploymentPostprocessing = 0;
		};
		01F7277F171525FD00EBB4BB /* Headers */ = {
			isa = PBXHeadersBuildPhase;
			buildActionMask = 2147483647;
			files = (
			);
			runOnlyForDeploymentPostprocessing = 0;
		};
/* End PBXHeadersBuildPhase section */

/* Begin PBXNativeTarget section */
		01F7268F171520F900EBB4BB /* Tonic-OSX */ = {
			isa = PBXNativeTarget;
			buildConfigurationList = 01F72694171520F900EBB4BB /* Build configuration list for PBXNativeTarget "Tonic-OSX" */;
			buildPhases = (
				01F7268C171520F900EBB4BB /* Sources */,
				01F7268D171520F900EBB4BB /* Frameworks */,
				01F7268E171520F900EBB4BB /* Headers */,
			);
			buildRules = (
			);
			dependencies = (
			);
			name = "Tonic-OSX";
			productName = Tonic;
			productReference = 01F72690171520F900EBB4BB /* libTonic.a */;
			productType = "com.apple.product-type.library.static";
		};
		01F72780171525FD00EBB4BB /* Tonic-iOS */ = {
			isa = PBXNativeTarget;
			buildConfigurationList = 01F72782171525FD00EBB4BB /* Build configuration list for PBXNativeTarget "Tonic-iOS" */;
			buildPhases = (
				01F7277D171525FD00EBB4BB /* Sources */,
				01F7277E171525FD00EBB4BB /* Frameworks */,
				01F7277F171525FD00EBB4BB /* Headers */,
			);
			buildRules = (
			);
			dependencies = (
			);
			name = "Tonic-iOS";
			productName = "Tonic-iOS";
			productReference = 01F72781171525FD00EBB4BB /* libTonic.a */;
			productType = "com.apple.product-type.library.static";
		};
/* End PBXNativeTarget section */

/* Begin PBXProject section */
		01F72688171520F900EBB4BB /* Project object */ = {
			isa = PBXProject;
			attributes = {
				LastUpgradeCheck = 0460;
				ORGANIZATIONNAME = "Nick Donaldson";
			};
			buildConfigurationList = 01F7268B171520F900EBB4BB /* Build configuration list for PBXProject "Tonic" */;
			compatibilityVersion = "Xcode 3.2";
			developmentRegion = English;
			hasScannedForEncodings = 0;
			knownRegions = (
				en,
			);
			mainGroup = 01F72687171520F900EBB4BB;
			productRefGroup = 01F72691171520F900EBB4BB /* Products */;
			projectDirPath = "";
			projectRoot = "";
			targets = (
				01F7268F171520F900EBB4BB /* Tonic-OSX */,
				01F72780171525FD00EBB4BB /* Tonic-iOS */,
			);
		};
/* End PBXProject section */

/* Begin PBXSourcesBuildPhase section */
		01F7268C171520F900EBB4BB /* Sources */ = {
			isa = PBXSourcesBuildPhase;
			buildActionMask = 2147483647;
			files = (
				01F726EF1715222000EBB4BB /* Adder.cpp in Sources */,
				01F726F01715222000EBB4BB /* ADSR.cpp in Sources */,
				01F726F11715222000EBB4BB /* BufferFiller.cpp in Sources */,
				01F726F21715222000EBB4BB /* CompressorLimiter.cpp in Sources */,
				01F726F31715222000EBB4BB /* ControlAdder.cpp in Sources */,
				01F726F41715222000EBB4BB /* ControlConditioner.cpp in Sources */,
				01F726F51715222000EBB4BB /* ControlDbToLinear.cpp in Sources */,
				01F726F61715222000EBB4BB /* ControlFloor.cpp in Sources */,
				01F726F71715222000EBB4BB /* ControlGenerator.cpp in Sources */,
				01F726F81715222000EBB4BB /* ControlMetro.cpp in Sources */,
				01F726F91715222000EBB4BB /* ControlMidiToFreq.cpp in Sources */,
				01F726FA1715222000EBB4BB /* ControlMultiplier.cpp in Sources */,
				01F726FB1715222000EBB4BB /* ControlPulse.cpp in Sources */,
				01F726FC1715222000EBB4BB /* ControlRandom.cpp in Sources */,
				01F726FD1715222000EBB4BB /* ControlSnapToScale.cpp in Sources */,
				01F726FE1715222000EBB4BB /* ControlStepper.cpp in Sources */,
				01F726FF1715222000EBB4BB /* ControlTrigger.cpp in Sources */,
				01F727001715222000EBB4BB /* ControlValue.cpp in Sources */,
				01F727011715222000EBB4BB /* ControlXYSpeed.cpp in Sources */,
				01F727021715222100EBB4BB /* DelayUtils.cpp in Sources */,
				01F727031715222100EBB4BB /* Filters.cpp in Sources */,
				01F727041715222100EBB4BB /* FixedValue.cpp in Sources */,
				01F727051715222100EBB4BB /* FlexToothWave.cpp in Sources */,
				01F727061715222100EBB4BB /* Generator.cpp in Sources */,
				01F727071715222100EBB4BB /* LFNoise.cpp in Sources */,
				01F727081715222100EBB4BB /* Mixer.cpp in Sources */,
				01F727091715222100EBB4BB /* MonoDelay.cpp in Sources */,
				01F7270A1715222100EBB4BB /* MonoToStereoPanner.cpp in Sources */,
				01F7270B1715222100EBB4BB /* Multiplier.cpp in Sources */,
				01F7270C1715222100EBB4BB /* Noise.cpp in Sources */,
				01F7270D1715222100EBB4BB /* RampedValue.cpp in Sources */,
				01F7270E1715222100EBB4BB /* RectWave.cpp in Sources */,
				01F7270F1715222100EBB4BB /* SineWave.cpp in Sources */,
				01F727101715222100EBB4BB /* StereoDelay.cpp in Sources */,
				01F727111715222100EBB4BB /* Synth.cpp in Sources */,
				01F727121715222100EBB4BB /* TableLookupOsc.cpp in Sources */,
				01F727131715222100EBB4BB /* TonicFrames.cpp in Sources */,
			);
			runOnlyForDeploymentPostprocessing = 0;
		};
		01F7277D171525FD00EBB4BB /* Sources */ = {
			isa = PBXSourcesBuildPhase;
			buildActionMask = 2147483647;
			files = (
				01F727851715260A00EBB4BB /* Adder.cpp in Sources */,
				01F727861715260A00EBB4BB /* ADSR.cpp in Sources */,
				01F727871715260A00EBB4BB /* BufferFiller.cpp in Sources */,
				01F727881715260A00EBB4BB /* CompressorLimiter.cpp in Sources */,
				01F727891715260A00EBB4BB /* ControlAdder.cpp in Sources */,
				01F7278A1715260A00EBB4BB /* ControlConditioner.cpp in Sources */,
				01F7278B1715260A00EBB4BB /* ControlDbToLinear.cpp in Sources */,
				01F7278C1715260A00EBB4BB /* ControlFloor.cpp in Sources */,
				01F7278D1715260A00EBB4BB /* ControlGenerator.cpp in Sources */,
				01F7278E1715260A00EBB4BB /* ControlMetro.cpp in Sources */,
				01F7278F1715260A00EBB4BB /* ControlMidiToFreq.cpp in Sources */,
				01F727901715260A00EBB4BB /* ControlMultiplier.cpp in Sources */,
				01F727911715260A00EBB4BB /* ControlPulse.cpp in Sources */,
				01F727921715260A00EBB4BB /* ControlRandom.cpp in Sources */,
				01F727931715260A00EBB4BB /* ControlSnapToScale.cpp in Sources */,
				01F727941715260A00EBB4BB /* ControlStepper.cpp in Sources */,
				01F727951715260A00EBB4BB /* ControlTrigger.cpp in Sources */,
				01F727961715260A00EBB4BB /* ControlValue.cpp in Sources */,
				01F727971715260A00EBB4BB /* ControlXYSpeed.cpp in Sources */,
				01F727981715260A00EBB4BB /* DelayUtils.cpp in Sources */,
				01F727991715260A00EBB4BB /* Filters.cpp in Sources */,
				01F7279A1715260A00EBB4BB /* FixedValue.cpp in Sources */,
				01F7279B1715260A00EBB4BB /* FlexToothWave.cpp in Sources */,
				01F7279C1715260A00EBB4BB /* Generator.cpp in Sources */,
				01F7279D1715260A00EBB4BB /* LFNoise.cpp in Sources */,
				01F7279E1715260A00EBB4BB /* Mixer.cpp in Sources */,
				01F7279F1715260A00EBB4BB /* MonoDelay.cpp in Sources */,
				01F727A01715260A00EBB4BB /* MonoToStereoPanner.cpp in Sources */,
				01F727A11715260A00EBB4BB /* Multiplier.cpp in Sources */,
				01F727A21715260A00EBB4BB /* Noise.cpp in Sources */,
				01F727A31715260A00EBB4BB /* RampedValue.cpp in Sources */,
				01F727A41715260A00EBB4BB /* RectWave.cpp in Sources */,
				01F727A51715260A00EBB4BB /* SineWave.cpp in Sources */,
				01F727A61715260A00EBB4BB /* StereoDelay.cpp in Sources */,
				01F727A71715260A00EBB4BB /* Synth.cpp in Sources */,
				01F727A81715260A00EBB4BB /* TableLookupOsc.cpp in Sources */,
				01F727A91715260A00EBB4BB /* TonicFrames.cpp in Sources */,
			);
			runOnlyForDeploymentPostprocessing = 0;
		};
/* End PBXSourcesBuildPhase section */

/* Begin XCBuildConfiguration section */
		01F72692171520F900EBB4BB /* Debug */ = {
			isa = XCBuildConfiguration;
			buildSettings = {
				ALWAYS_SEARCH_USER_PATHS = NO;
				ARCHS = "$(ARCHS_STANDARD_64_BIT)";
				CLANG_CXX_LANGUAGE_STANDARD = "gnu++0x";
				CLANG_CXX_LIBRARY = "libc++";
				CLANG_WARN_CONSTANT_CONVERSION = YES;
				CLANG_WARN_EMPTY_BODY = YES;
				CLANG_WARN_ENUM_CONVERSION = YES;
				CLANG_WARN_INT_CONVERSION = YES;
				CLANG_WARN__DUPLICATE_METHOD_MATCH = YES;
				COPY_PHASE_STRIP = NO;
				GCC_C_LANGUAGE_STANDARD = gnu99;
				GCC_DYNAMIC_NO_PIC = NO;
				GCC_ENABLE_OBJC_EXCEPTIONS = YES;
				GCC_OPTIMIZATION_LEVEL = 0;
				GCC_PREPROCESSOR_DEFINITIONS = (
					"DEBUG=1",
					"$(inherited)",
				);
				GCC_SYMBOLS_PRIVATE_EXTERN = NO;
				GCC_WARN_64_TO_32_BIT_CONVERSION = YES;
				GCC_WARN_ABOUT_RETURN_TYPE = YES;
				GCC_WARN_UNINITIALIZED_AUTOS = YES;
				GCC_WARN_UNUSED_VARIABLE = YES;
				MACOSX_DEPLOYMENT_TARGET = 10.7;
				ONLY_ACTIVE_ARCH = YES;
				OTHER_CPLUSPLUSFLAGS = (
					"$(OTHER_CFLAGS)",
					"-fvisibility-inlines-hidden",
				);
				SDKROOT = macosx;
			};
			name = Debug;
		};
		01F72693171520F900EBB4BB /* Release */ = {
			isa = XCBuildConfiguration;
			buildSettings = {
				ALWAYS_SEARCH_USER_PATHS = NO;
				ARCHS = "$(ARCHS_STANDARD_64_BIT)";
				CLANG_CXX_LANGUAGE_STANDARD = "gnu++0x";
				CLANG_CXX_LIBRARY = "libc++";
				CLANG_WARN_CONSTANT_CONVERSION = YES;
				CLANG_WARN_EMPTY_BODY = YES;
				CLANG_WARN_ENUM_CONVERSION = YES;
				CLANG_WARN_INT_CONVERSION = YES;
				CLANG_WARN__DUPLICATE_METHOD_MATCH = YES;
				COPY_PHASE_STRIP = YES;
				DEBUG_INFORMATION_FORMAT = "dwarf-with-dsym";
				GCC_C_LANGUAGE_STANDARD = gnu99;
				GCC_ENABLE_OBJC_EXCEPTIONS = YES;
				GCC_WARN_64_TO_32_BIT_CONVERSION = YES;
				GCC_WARN_ABOUT_RETURN_TYPE = YES;
				GCC_WARN_UNINITIALIZED_AUTOS = YES;
				GCC_WARN_UNUSED_VARIABLE = YES;
				MACOSX_DEPLOYMENT_TARGET = 10.7;
				OTHER_CPLUSPLUSFLAGS = (
					"$(OTHER_CFLAGS)",
					"-fvisibility-inlines-hidden",
				);
				SDKROOT = macosx;
			};
			name = Release;
		};
		01F72695171520F900EBB4BB /* Debug */ = {
			isa = XCBuildConfiguration;
			buildSettings = {
				ARCHS = "$(ARCHS_STANDARD_32_64_BIT)";
				CLANG_CXX_LIBRARY = "libstdc++";
				EXECUTABLE_PREFIX = lib;
				GCC_SYMBOLS_PRIVATE_EXTERN = NO;
				ONLY_ACTIVE_ARCH = YES;
				PRODUCT_NAME = Tonic;
				SDKROOT = "";
				SUPPORTED_PLATFORMS = macosx;
				SYMROOT = build/OSX;
			};
			name = Debug;
		};
		01F72696171520F900EBB4BB /* Release */ = {
			isa = XCBuildConfiguration;
			buildSettings = {
				ARCHS = "$(ARCHS_STANDARD_32_64_BIT)";
				CLANG_CXX_LIBRARY = "libstdc++";
				EXECUTABLE_PREFIX = lib;
				GCC_SYMBOLS_PRIVATE_EXTERN = NO;
				ONLY_ACTIVE_ARCH = NO;
				PRODUCT_NAME = Tonic;
				SDKROOT = "";
				SUPPORTED_PLATFORMS = macosx;
				SYMROOT = build/OSX;
			};
			name = Release;
		};
		01F72783171525FD00EBB4BB /* Debug */ = {
			isa = XCBuildConfiguration;
			buildSettings = {
				EXECUTABLE_PREFIX = lib;
				GCC_VERSION = "";
				PRODUCT_NAME = Tonic;
				SDKROOT = iphoneos;
				SUPPORTED_PLATFORMS = "iphonesimulator iphoneos";
				SYMROOT = build/iOS;
			};
			name = Debug;
		};
		01F72784171525FD00EBB4BB /* Release */ = {
			isa = XCBuildConfiguration;
			buildSettings = {
				EXECUTABLE_PREFIX = lib;
				GCC_VERSION = "";
				PRODUCT_NAME = Tonic;
				SDKROOT = iphoneos;
				SUPPORTED_PLATFORMS = "iphonesimulator iphoneos";
				SYMROOT = build/iOS;
			};
			name = Release;
		};
/* End XCBuildConfiguration section */

/* Begin XCConfigurationList section */
		01F7268B171520F900EBB4BB /* Build configuration list for PBXProject "Tonic" */ = {
			isa = XCConfigurationList;
			buildConfigurations = (
				01F72692171520F900EBB4BB /* Debug */,
				01F72693171520F900EBB4BB /* Release */,
			);
			defaultConfigurationIsVisible = 0;
			defaultConfigurationName = Release;
		};
		01F72694171520F900EBB4BB /* Build configuration list for PBXNativeTarget "Tonic-OSX" */ = {
			isa = XCConfigurationList;
			buildConfigurations = (
				01F72695171520F900EBB4BB /* Debug */,
				01F72696171520F900EBB4BB /* Release */,
			);
			defaultConfigurationIsVisible = 0;
			defaultConfigurationName = Release;
		};
		01F72782171525FD00EBB4BB /* Build configuration list for PBXNativeTarget "Tonic-iOS" */ = {
			isa = XCConfigurationList;
			buildConfigurations = (
				01F72783171525FD00EBB4BB /* Debug */,
				01F72784171525FD00EBB4BB /* Release */,
			);
			defaultConfigurationIsVisible = 0;
			defaultConfigurationName = Release;
		};
/* End XCConfigurationList section */
	};
	rootObject = 01F72688171520F900EBB4BB /* Project object */;
}
