// !$*UTF8*$!
{
	archiveVersion = 1;
	classes = {
	};
	objectVersion = 46;
	objects = {

/* Begin PBXBuildFile section */
		0183D05E1735D0E6004638EB /* Arithmetic.cpp in Sources */ = {isa = PBXBuildFile; fileRef = 0183D0001735D0E6004638EB /* Arithmetic.cpp */; };
		0183D05F1735D0E6004638EB /* Arithmetic.cpp in Sources */ = {isa = PBXBuildFile; fileRef = 0183D0001735D0E6004638EB /* Arithmetic.cpp */; };
		0183D0601735D0E6004638EB /* Arithmetic.h in Headers */ = {isa = PBXBuildFile; fileRef = 0183D0011735D0E6004638EB /* Arithmetic.h */; };
		0183D0611735D0E6004638EB /* ADSR.cpp in Sources */ = {isa = PBXBuildFile; fileRef = 0183D0021735D0E6004638EB /* ADSR.cpp */; };
		0183D0621735D0E6004638EB /* ADSR.cpp in Sources */ = {isa = PBXBuildFile; fileRef = 0183D0021735D0E6004638EB /* ADSR.cpp */; };
		0183D0631735D0E6004638EB /* ADSR.h in Headers */ = {isa = PBXBuildFile; fileRef = 0183D0031735D0E6004638EB /* ADSR.h */; };
		0183D0641735D0E6004638EB /* BasicDelay.cpp in Sources */ = {isa = PBXBuildFile; fileRef = 0183D0041735D0E6004638EB /* BasicDelay.cpp */; };
		0183D0651735D0E6004638EB /* BasicDelay.cpp in Sources */ = {isa = PBXBuildFile; fileRef = 0183D0041735D0E6004638EB /* BasicDelay.cpp */; };
		0183D0661735D0E6004638EB /* BasicDelay.h in Headers */ = {isa = PBXBuildFile; fileRef = 0183D0051735D0E6004638EB /* BasicDelay.h */; };
		0183D0671735D0E6004638EB /* BufferFiller.cpp in Sources */ = {isa = PBXBuildFile; fileRef = 0183D0061735D0E6004638EB /* BufferFiller.cpp */; };
		0183D0681735D0E6004638EB /* BufferFiller.cpp in Sources */ = {isa = PBXBuildFile; fileRef = 0183D0061735D0E6004638EB /* BufferFiller.cpp */; };
		0183D0691735D0E6004638EB /* BufferFiller.h in Headers */ = {isa = PBXBuildFile; fileRef = 0183D0071735D0E6004638EB /* BufferFiller.h */; };
		0183D06A1735D0E6004638EB /* CompressorLimiter.cpp in Sources */ = {isa = PBXBuildFile; fileRef = 0183D0081735D0E6004638EB /* CompressorLimiter.cpp */; };
		0183D06B1735D0E6004638EB /* CompressorLimiter.cpp in Sources */ = {isa = PBXBuildFile; fileRef = 0183D0081735D0E6004638EB /* CompressorLimiter.cpp */; };
		0183D06C1735D0E6004638EB /* CompressorLimiter.h in Headers */ = {isa = PBXBuildFile; fileRef = 0183D0091735D0E6004638EB /* CompressorLimiter.h */; };
		0183D06D1735D0E6004638EB /* ControlArithmetic.cpp in Sources */ = {isa = PBXBuildFile; fileRef = 0183D00A1735D0E6004638EB /* ControlArithmetic.cpp */; };
		0183D06E1735D0E6004638EB /* ControlArithmetic.cpp in Sources */ = {isa = PBXBuildFile; fileRef = 0183D00A1735D0E6004638EB /* ControlArithmetic.cpp */; };
		0183D06F1735D0E6004638EB /* ControlArithmetic.h in Headers */ = {isa = PBXBuildFile; fileRef = 0183D00B1735D0E6004638EB /* ControlArithmetic.h */; };
		0183D0701735D0E6004638EB /* ControlConditioner.cpp in Sources */ = {isa = PBXBuildFile; fileRef = 0183D00C1735D0E6004638EB /* ControlConditioner.cpp */; };
		0183D0711735D0E6004638EB /* ControlConditioner.cpp in Sources */ = {isa = PBXBuildFile; fileRef = 0183D00C1735D0E6004638EB /* ControlConditioner.cpp */; };
		0183D0721735D0E6004638EB /* ControlConditioner.h in Headers */ = {isa = PBXBuildFile; fileRef = 0183D00D1735D0E6004638EB /* ControlConditioner.h */; };
		0183D0731735D0E6004638EB /* ControlCounter.cpp in Sources */ = {isa = PBXBuildFile; fileRef = 0183D00E1735D0E6004638EB /* ControlCounter.cpp */; };
		0183D0741735D0E6004638EB /* ControlCounter.cpp in Sources */ = {isa = PBXBuildFile; fileRef = 0183D00E1735D0E6004638EB /* ControlCounter.cpp */; };
		0183D0751735D0E6004638EB /* ControlCounter.h in Headers */ = {isa = PBXBuildFile; fileRef = 0183D00F1735D0E6004638EB /* ControlCounter.h */; };
		0183D0781735D0E6004638EB /* ControlDbToLinear.h in Headers */ = {isa = PBXBuildFile; fileRef = 0183D0111735D0E6004638EB /* ControlDbToLinear.h */; };
		0183D07E1735D0E6004638EB /* ControlFloor.h in Headers */ = {isa = PBXBuildFile; fileRef = 0183D0151735D0E6004638EB /* ControlFloor.h */; };
		0183D07F1735D0E6004638EB /* ControlGenerator.cpp in Sources */ = {isa = PBXBuildFile; fileRef = 0183D0161735D0E6004638EB /* ControlGenerator.cpp */; };
		0183D0801735D0E6004638EB /* ControlGenerator.cpp in Sources */ = {isa = PBXBuildFile; fileRef = 0183D0161735D0E6004638EB /* ControlGenerator.cpp */; };
		0183D0811735D0E6004638EB /* ControlGenerator.h in Headers */ = {isa = PBXBuildFile; fileRef = 0183D0171735D0E6004638EB /* ControlGenerator.h */; };
		0183D0821735D0E6004638EB /* ControlMetro.cpp in Sources */ = {isa = PBXBuildFile; fileRef = 0183D0181735D0E6004638EB /* ControlMetro.cpp */; };
		0183D0831735D0E6004638EB /* ControlMetro.cpp in Sources */ = {isa = PBXBuildFile; fileRef = 0183D0181735D0E6004638EB /* ControlMetro.cpp */; };
		0183D0841735D0E6004638EB /* ControlMetro.h in Headers */ = {isa = PBXBuildFile; fileRef = 0183D0191735D0E6004638EB /* ControlMetro.h */; };
		0183D0851735D0E6004638EB /* ControlMidiToFreq.cpp in Sources */ = {isa = PBXBuildFile; fileRef = 0183D01A1735D0E6004638EB /* ControlMidiToFreq.cpp */; };
		0183D0861735D0E6004638EB /* ControlMidiToFreq.cpp in Sources */ = {isa = PBXBuildFile; fileRef = 0183D01A1735D0E6004638EB /* ControlMidiToFreq.cpp */; };
		0183D0871735D0E6004638EB /* ControlMidiToFreq.h in Headers */ = {isa = PBXBuildFile; fileRef = 0183D01B1735D0E6004638EB /* ControlMidiToFreq.h */; };
		0183D08B1735D0E6004638EB /* ControlPrinter.cpp in Sources */ = {isa = PBXBuildFile; fileRef = 0183D01E1735D0E6004638EB /* ControlPrinter.cpp */; };
		0183D08C1735D0E6004638EB /* ControlPrinter.cpp in Sources */ = {isa = PBXBuildFile; fileRef = 0183D01E1735D0E6004638EB /* ControlPrinter.cpp */; };
		0183D08D1735D0E6004638EB /* ControlPrinter.h in Headers */ = {isa = PBXBuildFile; fileRef = 0183D01F1735D0E6004638EB /* ControlPrinter.h */; };
		0183D08E1735D0E6004638EB /* ControlPulse.cpp in Sources */ = {isa = PBXBuildFile; fileRef = 0183D0201735D0E6004638EB /* ControlPulse.cpp */; };
		0183D08F1735D0E6004638EB /* ControlPulse.cpp in Sources */ = {isa = PBXBuildFile; fileRef = 0183D0201735D0E6004638EB /* ControlPulse.cpp */; };
		0183D0901735D0E6004638EB /* ControlPulse.h in Headers */ = {isa = PBXBuildFile; fileRef = 0183D0211735D0E6004638EB /* ControlPulse.h */; };
		0183D0911735D0E6004638EB /* ControlRandom.cpp in Sources */ = {isa = PBXBuildFile; fileRef = 0183D0221735D0E6004638EB /* ControlRandom.cpp */; };
		0183D0921735D0E6004638EB /* ControlRandom.cpp in Sources */ = {isa = PBXBuildFile; fileRef = 0183D0221735D0E6004638EB /* ControlRandom.cpp */; };
		0183D0931735D0E6004638EB /* ControlRandom.h in Headers */ = {isa = PBXBuildFile; fileRef = 0183D0231735D0E6004638EB /* ControlRandom.h */; };
		0183D0941735D0E6004638EB /* ControlRecorder.cpp in Sources */ = {isa = PBXBuildFile; fileRef = 0183D0241735D0E6004638EB /* ControlRecorder.cpp */; };
		0183D0951735D0E6004638EB /* ControlRecorder.cpp in Sources */ = {isa = PBXBuildFile; fileRef = 0183D0241735D0E6004638EB /* ControlRecorder.cpp */; };
		0183D0961735D0E6004638EB /* ControlRecorder.h in Headers */ = {isa = PBXBuildFile; fileRef = 0183D0251735D0E6004638EB /* ControlRecorder.h */; };
		0183D0971735D0E6004638EB /* ControlSnapToScale.cpp in Sources */ = {isa = PBXBuildFile; fileRef = 0183D0261735D0E6004638EB /* ControlSnapToScale.cpp */; };
		0183D0981735D0E6004638EB /* ControlSnapToScale.cpp in Sources */ = {isa = PBXBuildFile; fileRef = 0183D0261735D0E6004638EB /* ControlSnapToScale.cpp */; };
		0183D0991735D0E6004638EB /* ControlSnapToScale.h in Headers */ = {isa = PBXBuildFile; fileRef = 0183D0271735D0E6004638EB /* ControlSnapToScale.h */; };
		0183D09A1735D0E6004638EB /* ControlStepper.cpp in Sources */ = {isa = PBXBuildFile; fileRef = 0183D0281735D0E6004638EB /* ControlStepper.cpp */; };
		0183D09B1735D0E6004638EB /* ControlStepper.cpp in Sources */ = {isa = PBXBuildFile; fileRef = 0183D0281735D0E6004638EB /* ControlStepper.cpp */; };
		0183D09C1735D0E6004638EB /* ControlStepper.h in Headers */ = {isa = PBXBuildFile; fileRef = 0183D0291735D0E6004638EB /* ControlStepper.h */; };
		0183D0A01735D0E6004638EB /* ControlSwitcher.cpp in Sources */ = {isa = PBXBuildFile; fileRef = 0183D02C1735D0E6004638EB /* ControlSwitcher.cpp */; };
		0183D0A11735D0E6004638EB /* ControlSwitcher.cpp in Sources */ = {isa = PBXBuildFile; fileRef = 0183D02C1735D0E6004638EB /* ControlSwitcher.cpp */; };
		0183D0A21735D0E6004638EB /* ControlSwitcher.h in Headers */ = {isa = PBXBuildFile; fileRef = 0183D02D1735D0E6004638EB /* ControlSwitcher.h */; };
		0183D0A61735D0E6004638EB /* ControlValue.cpp in Sources */ = {isa = PBXBuildFile; fileRef = 0183D0301735D0E6004638EB /* ControlValue.cpp */; };
		0183D0A71735D0E6004638EB /* ControlValue.cpp in Sources */ = {isa = PBXBuildFile; fileRef = 0183D0301735D0E6004638EB /* ControlValue.cpp */; };
		0183D0A81735D0E6004638EB /* ControlValue.h in Headers */ = {isa = PBXBuildFile; fileRef = 0183D0311735D0E6004638EB /* ControlValue.h */; };
		0183D0A91735D0E6004638EB /* ControlXYSpeed.cpp in Sources */ = {isa = PBXBuildFile; fileRef = 0183D0321735D0E6004638EB /* ControlXYSpeed.cpp */; };
		0183D0AA1735D0E6004638EB /* ControlXYSpeed.cpp in Sources */ = {isa = PBXBuildFile; fileRef = 0183D0321735D0E6004638EB /* ControlXYSpeed.cpp */; };
		0183D0AB1735D0E6004638EB /* ControlXYSpeed.h in Headers */ = {isa = PBXBuildFile; fileRef = 0183D0331735D0E6004638EB /* ControlXYSpeed.h */; };
		0183D0AC1735D0E6004638EB /* DelayUtils.cpp in Sources */ = {isa = PBXBuildFile; fileRef = 0183D0341735D0E6004638EB /* DelayUtils.cpp */; };
		0183D0AD1735D0E6004638EB /* DelayUtils.cpp in Sources */ = {isa = PBXBuildFile; fileRef = 0183D0341735D0E6004638EB /* DelayUtils.cpp */; };
		0183D0AE1735D0E6004638EB /* DelayUtils.h in Headers */ = {isa = PBXBuildFile; fileRef = 0183D0351735D0E6004638EB /* DelayUtils.h */; };
		0183D0B21735D0E6004638EB /* Effect.h in Headers */ = {isa = PBXBuildFile; fileRef = 0183D0381735D0E6004638EB /* Effect.h */; };
		0183D0B31735D0E6004638EB /* Filters.cpp in Sources */ = {isa = PBXBuildFile; fileRef = 0183D0391735D0E6004638EB /* Filters.cpp */; };
		0183D0B41735D0E6004638EB /* Filters.cpp in Sources */ = {isa = PBXBuildFile; fileRef = 0183D0391735D0E6004638EB /* Filters.cpp */; };
		0183D0B51735D0E6004638EB /* Filters.h in Headers */ = {isa = PBXBuildFile; fileRef = 0183D03A1735D0E6004638EB /* Filters.h */; };
		0183D0B61735D0E6004638EB /* FilterUtils.h in Headers */ = {isa = PBXBuildFile; fileRef = 0183D03B1735D0E6004638EB /* FilterUtils.h */; };
		0183D0B71735D0E6004638EB /* FixedValue.cpp in Sources */ = {isa = PBXBuildFile; fileRef = 0183D03C1735D0E6004638EB /* FixedValue.cpp */; };
		0183D0B81735D0E6004638EB /* FixedValue.cpp in Sources */ = {isa = PBXBuildFile; fileRef = 0183D03C1735D0E6004638EB /* FixedValue.cpp */; };
		0183D0B91735D0E6004638EB /* FixedValue.h in Headers */ = {isa = PBXBuildFile; fileRef = 0183D03D1735D0E6004638EB /* FixedValue.h */; };
		0183D0BA1735D0E6004638EB /* SawtoothWave.cpp in Sources */ = {isa = PBXBuildFile; fileRef = 0183D03E1735D0E6004638EB /* SawtoothWave.cpp */; };
		0183D0BB1735D0E6004638EB /* SawtoothWave.cpp in Sources */ = {isa = PBXBuildFile; fileRef = 0183D03E1735D0E6004638EB /* SawtoothWave.cpp */; };
		0183D0BC1735D0E6004638EB /* SawtoothWave.h in Headers */ = {isa = PBXBuildFile; fileRef = 0183D03F1735D0E6004638EB /* SawtoothWave.h */; };
		0183D0BD1735D0E6004638EB /* Generator.cpp in Sources */ = {isa = PBXBuildFile; fileRef = 0183D0401735D0E6004638EB /* Generator.cpp */; };
		0183D0BE1735D0E6004638EB /* Generator.cpp in Sources */ = {isa = PBXBuildFile; fileRef = 0183D0401735D0E6004638EB /* Generator.cpp */; };
		0183D0BF1735D0E6004638EB /* Generator.h in Headers */ = {isa = PBXBuildFile; fileRef = 0183D0411735D0E6004638EB /* Generator.h */; };
		0183D0C01735D0E6004638EB /* LFNoise.cpp in Sources */ = {isa = PBXBuildFile; fileRef = 0183D0421735D0E6004638EB /* LFNoise.cpp */; };
		0183D0C11735D0E6004638EB /* LFNoise.cpp in Sources */ = {isa = PBXBuildFile; fileRef = 0183D0421735D0E6004638EB /* LFNoise.cpp */; };
		0183D0C21735D0E6004638EB /* LFNoise.h in Headers */ = {isa = PBXBuildFile; fileRef = 0183D0431735D0E6004638EB /* LFNoise.h */; };
		0183D0C31735D0E6004638EB /* Mixer.cpp in Sources */ = {isa = PBXBuildFile; fileRef = 0183D0441735D0E6004638EB /* Mixer.cpp */; };
		0183D0C41735D0E6004638EB /* Mixer.cpp in Sources */ = {isa = PBXBuildFile; fileRef = 0183D0441735D0E6004638EB /* Mixer.cpp */; };
		0183D0C51735D0E6004638EB /* Mixer.h in Headers */ = {isa = PBXBuildFile; fileRef = 0183D0451735D0E6004638EB /* Mixer.h */; };
		0183D0C61735D0E6004638EB /* MonoToStereoPanner.cpp in Sources */ = {isa = PBXBuildFile; fileRef = 0183D0461735D0E6004638EB /* MonoToStereoPanner.cpp */; };
		0183D0C71735D0E6004638EB /* MonoToStereoPanner.cpp in Sources */ = {isa = PBXBuildFile; fileRef = 0183D0461735D0E6004638EB /* MonoToStereoPanner.cpp */; };
		0183D0C81735D0E6004638EB /* MonoToStereoPanner.h in Headers */ = {isa = PBXBuildFile; fileRef = 0183D0471735D0E6004638EB /* MonoToStereoPanner.h */; };
		0183D0CC1735D0E6004638EB /* Noise.cpp in Sources */ = {isa = PBXBuildFile; fileRef = 0183D04A1735D0E6004638EB /* Noise.cpp */; };
		0183D0CD1735D0E6004638EB /* Noise.cpp in Sources */ = {isa = PBXBuildFile; fileRef = 0183D04A1735D0E6004638EB /* Noise.cpp */; };
		0183D0CE1735D0E6004638EB /* Noise.h in Headers */ = {isa = PBXBuildFile; fileRef = 0183D04B1735D0E6004638EB /* Noise.h */; };
		0183D0CF1735D0E6004638EB /* RampedValue.cpp in Sources */ = {isa = PBXBuildFile; fileRef = 0183D04C1735D0E6004638EB /* RampedValue.cpp */; };
		0183D0D01735D0E6004638EB /* RampedValue.cpp in Sources */ = {isa = PBXBuildFile; fileRef = 0183D04C1735D0E6004638EB /* RampedValue.cpp */; };
		0183D0D11735D0E6004638EB /* RampedValue.h in Headers */ = {isa = PBXBuildFile; fileRef = 0183D04D1735D0E6004638EB /* RampedValue.h */; };
		0183D0D21735D0E6004638EB /* RectWave.cpp in Sources */ = {isa = PBXBuildFile; fileRef = 0183D04E1735D0E6004638EB /* RectWave.cpp */; };
		0183D0D31735D0E6004638EB /* RectWave.cpp in Sources */ = {isa = PBXBuildFile; fileRef = 0183D04E1735D0E6004638EB /* RectWave.cpp */; };
		0183D0D41735D0E6004638EB /* RectWave.h in Headers */ = {isa = PBXBuildFile; fileRef = 0183D04F1735D0E6004638EB /* RectWave.h */; };
		0183D0D51735D0E6004638EB /* SineWave.cpp in Sources */ = {isa = PBXBuildFile; fileRef = 0183D0501735D0E6004638EB /* SineWave.cpp */; };
		0183D0D61735D0E6004638EB /* SineWave.cpp in Sources */ = {isa = PBXBuildFile; fileRef = 0183D0501735D0E6004638EB /* SineWave.cpp */; };
		0183D0D71735D0E6004638EB /* SineWave.h in Headers */ = {isa = PBXBuildFile; fileRef = 0183D0511735D0E6004638EB /* SineWave.h */; };
		0183D0D81735D0E6004638EB /* StereoDelay.cpp in Sources */ = {isa = PBXBuildFile; fileRef = 0183D0521735D0E6004638EB /* StereoDelay.cpp */; };
		0183D0D91735D0E6004638EB /* StereoDelay.cpp in Sources */ = {isa = PBXBuildFile; fileRef = 0183D0521735D0E6004638EB /* StereoDelay.cpp */; };
		0183D0DA1735D0E6004638EB /* StereoDelay.h in Headers */ = {isa = PBXBuildFile; fileRef = 0183D0531735D0E6004638EB /* StereoDelay.h */; };
		0183D0DE1735D0E6004638EB /* Synth.cpp in Sources */ = {isa = PBXBuildFile; fileRef = 0183D0561735D0E6004638EB /* Synth.cpp */; };
		0183D0DF1735D0E6004638EB /* Synth.cpp in Sources */ = {isa = PBXBuildFile; fileRef = 0183D0561735D0E6004638EB /* Synth.cpp */; };
		0183D0E01735D0E6004638EB /* Synth.h in Headers */ = {isa = PBXBuildFile; fileRef = 0183D0571735D0E6004638EB /* Synth.h */; };
		0183D0E11735D0E6004638EB /* TableLookupOsc.cpp in Sources */ = {isa = PBXBuildFile; fileRef = 0183D0581735D0E6004638EB /* TableLookupOsc.cpp */; };
		0183D0E21735D0E6004638EB /* TableLookupOsc.cpp in Sources */ = {isa = PBXBuildFile; fileRef = 0183D0581735D0E6004638EB /* TableLookupOsc.cpp */; };
		0183D0E31735D0E6004638EB /* TableLookupOsc.h in Headers */ = {isa = PBXBuildFile; fileRef = 0183D0591735D0E6004638EB /* TableLookupOsc.h */; };
		0183D0E41735D0E6004638EB /* TonicCore.h in Headers */ = {isa = PBXBuildFile; fileRef = 0183D05A1735D0E6004638EB /* TonicCore.h */; };
		0183D0E51735D0E6004638EB /* TonicFrames.cpp in Sources */ = {isa = PBXBuildFile; fileRef = 0183D05B1735D0E6004638EB /* TonicFrames.cpp */; };
		0183D0E61735D0E6004638EB /* TonicFrames.cpp in Sources */ = {isa = PBXBuildFile; fileRef = 0183D05B1735D0E6004638EB /* TonicFrames.cpp */; };
		0183D0E71735D0E6004638EB /* TonicFrames.h in Headers */ = {isa = PBXBuildFile; fileRef = 0183D05C1735D0E6004638EB /* TonicFrames.h */; };
		0183D1091735D1AD004638EB /* Tonic.h in Headers */ = {isa = PBXBuildFile; fileRef = 0183D1081735D1AD004638EB /* Tonic.h */; };
		0183D10D1735D835004638EB /* Reverb.cpp in Sources */ = {isa = PBXBuildFile; fileRef = 0183D10B1735D835004638EB /* Reverb.cpp */; };
		0183D10E1735D835004638EB /* Reverb.h in Headers */ = {isa = PBXBuildFile; fileRef = 0183D10C1735D835004638EB /* Reverb.h */; };
		0183D1111735DCB0004638EB /* CombFilter.cpp in Sources */ = {isa = PBXBuildFile; fileRef = 0183D10F1735DCAF004638EB /* CombFilter.cpp */; };
		0183D1121735DCB0004638EB /* CombFilter.cpp in Sources */ = {isa = PBXBuildFile; fileRef = 0183D10F1735DCAF004638EB /* CombFilter.cpp */; };
		0183D1131735DCB0004638EB /* CombFilter.h in Headers */ = {isa = PBXBuildFile; fileRef = 0183D1101735DCB0004638EB /* CombFilter.h */; };
		0183D1141735DCBF004638EB /* Reverb.cpp in Sources */ = {isa = PBXBuildFile; fileRef = 0183D10B1735D835004638EB /* Reverb.cpp */; };
		01C65FEE17371C45003B2661 /* ControlDelay.cpp in Sources */ = {isa = PBXBuildFile; fileRef = 01C65FEC17371C45003B2661 /* ControlDelay.cpp */; };
		01C65FEF17371C45003B2661 /* ControlDelay.cpp in Sources */ = {isa = PBXBuildFile; fileRef = 01C65FEC17371C45003B2661 /* ControlDelay.cpp */; };
		01C65FF017371C45003B2661 /* ControlDelay.h in Headers */ = {isa = PBXBuildFile; fileRef = 01C65FED17371C45003B2661 /* ControlDelay.h */; };
		01C65FF2173723C6003B2661 /* Effect.cpp in Sources */ = {isa = PBXBuildFile; fileRef = 01C65FF1173723C6003B2661 /* Effect.cpp */; };
		01C65FF417372407003B2661 /* FilterUtils.cpp in Sources */ = {isa = PBXBuildFile; fileRef = 01C65FF317372407003B2661 /* FilterUtils.cpp */; };
		01C65FF517372A5F003B2661 /* Effect.cpp in Sources */ = {isa = PBXBuildFile; fileRef = 01C65FF1173723C6003B2661 /* Effect.cpp */; };
		01C65FF617372CD3003B2661 /* FilterUtils.cpp in Sources */ = {isa = PBXBuildFile; fileRef = 01C65FF317372407003B2661 /* FilterUtils.cpp */; };
		9A54ADCC199BBDEB00B3DEF4 /* Accelerate.framework in Frameworks */ = {isa = PBXBuildFile; fileRef = 9A54ADCB199BBDEB00B3DEF4 /* Accelerate.framework */; };
		9A54ADCE199BBDF700B3DEF4 /* AudioToolbox.framework in Frameworks */ = {isa = PBXBuildFile; fileRef = 9A54ADCD199BBDF700B3DEF4 /* AudioToolbox.framework */; };
		9A54ADD0199BBE0000B3DEF4 /* AudioToolbox.framework in Frameworks */ = {isa = PBXBuildFile; fileRef = 9A54ADCF199BBE0000B3DEF4 /* AudioToolbox.framework */; };
		9A54ADD4199BBE0E00B3DEF4 /* Accelerate.framework in Frameworks */ = {isa = PBXBuildFile; fileRef = 9A54ADD3199BBE0E00B3DEF4 /* Accelerate.framework */; };
		9A5FB71B17591983007A2F31 /* ControlMetroDivider.cpp in Sources */ = {isa = PBXBuildFile; fileRef = 9A5FB71917591983007A2F31 /* ControlMetroDivider.cpp */; };
		9A5FB71C17591983007A2F31 /* ControlMetroDivider.cpp in Sources */ = {isa = PBXBuildFile; fileRef = 9A5FB71917591983007A2F31 /* ControlMetroDivider.cpp */; };
		9A5FB71D17591983007A2F31 /* ControlMetroDivider.h in Headers */ = {isa = PBXBuildFile; fileRef = 9A5FB71A17591983007A2F31 /* ControlMetroDivider.h */; };
		9A5FB720175928FC007A2F31 /* ControlComparison.cpp in Sources */ = {isa = PBXBuildFile; fileRef = 9A5FB71E175928FC007A2F31 /* ControlComparison.cpp */; };
		9A5FB721175928FC007A2F31 /* ControlComparison.cpp in Sources */ = {isa = PBXBuildFile; fileRef = 9A5FB71E175928FC007A2F31 /* ControlComparison.cpp */; };
		9A5FB722175928FC007A2F31 /* ControlComparison.h in Headers */ = {isa = PBXBuildFile; fileRef = 9A5FB71F175928FC007A2F31 /* ControlComparison.h */; };
		9A75063F174689FD00373E88 /* SampleTable.cpp in Sources */ = {isa = PBXBuildFile; fileRef = 9A75063D174689FD00373E88 /* SampleTable.cpp */; };
		9A750640174689FD00373E88 /* SampleTable.cpp in Sources */ = {isa = PBXBuildFile; fileRef = 9A75063D174689FD00373E88 /* SampleTable.cpp */; };
		9A750641174689FD00373E88 /* SampleTable.h in Headers */ = {isa = PBXBuildFile; fileRef = 9A75063E174689FD00373E88 /* SampleTable.h */; };
		9A7DB3E8174670DF009C9A8F /* TriangleWave.h in Headers */ = {isa = PBXBuildFile; fileRef = 9A7DB3E7174670DF009C9A8F /* TriangleWave.h */; };
		9AE5AA0217601CB4001F3E60 /* ControlTrigger.cpp in Sources */ = {isa = PBXBuildFile; fileRef = 9AE5AA0017601CB1001F3E60 /* ControlTrigger.cpp */; };
		9AE5AA0317601CB4001F3E60 /* ControlTrigger.cpp in Sources */ = {isa = PBXBuildFile; fileRef = 9AE5AA0017601CB1001F3E60 /* ControlTrigger.cpp */; };
		9AE5AA0417601CB4001F3E60 /* ControlTrigger.h in Headers */ = {isa = PBXBuildFile; fileRef = 9AE5AA0117601CB2001F3E60 /* ControlTrigger.h */; };
		9AEDB5C817430E7B00C6A77C /* ControlParameter.cpp in Sources */ = {isa = PBXBuildFile; fileRef = 9AEDB5C617430E7B00C6A77C /* ControlParameter.cpp */; };
		9AEDB5C917430E7B00C6A77C /* ControlParameter.cpp in Sources */ = {isa = PBXBuildFile; fileRef = 9AEDB5C617430E7B00C6A77C /* ControlParameter.cpp */; };
		9AEDB5CA17430E7B00C6A77C /* ControlParameter.h in Headers */ = {isa = PBXBuildFile; fileRef = 9AEDB5C717430E7B00C6A77C /* ControlParameter.h */; };
		9AF6A72F174AFCF900C70173 /* RingBuffer.cpp in Sources */ = {isa = PBXBuildFile; fileRef = 9AF6A72D174AFCF700C70173 /* RingBuffer.cpp */; };
		9AF6A730174AFCF900C70173 /* RingBuffer.cpp in Sources */ = {isa = PBXBuildFile; fileRef = 9AF6A72D174AFCF700C70173 /* RingBuffer.cpp */; };
		9AF6A731174AFCF900C70173 /* RingBuffer.h in Headers */ = {isa = PBXBuildFile; fileRef = 9AF6A72E174AFCF800C70173 /* RingBuffer.h */; };
		A80782D9175591FD009057BC /* ControlChangeNotifier.cpp in Sources */ = {isa = PBXBuildFile; fileRef = A80782D7175591FD009057BC /* ControlChangeNotifier.cpp */; };
		A80782DA175591FD009057BC /* ControlChangeNotifier.cpp in Sources */ = {isa = PBXBuildFile; fileRef = A80782D7175591FD009057BC /* ControlChangeNotifier.cpp */; };
		A80782DB175591FD009057BC /* ControlChangeNotifier.h in Headers */ = {isa = PBXBuildFile; fileRef = A80782D8175591FD009057BC /* ControlChangeNotifier.h */; };
		A883ED7B17B468EA00F60C06 /* ControlTriggerFilter.cpp in Sources */ = {isa = PBXBuildFile; fileRef = A883ED7917B468EA00F60C06 /* ControlTriggerFilter.cpp */; };
		A883ED7C17B468EA00F60C06 /* ControlTriggerFilter.cpp in Sources */ = {isa = PBXBuildFile; fileRef = A883ED7917B468EA00F60C06 /* ControlTriggerFilter.cpp */; };
		A883ED7D17B468EA00F60C06 /* ControlTriggerFilter.h in Headers */ = {isa = PBXBuildFile; fileRef = A883ED7A17B468EA00F60C06 /* ControlTriggerFilter.h */; };
		A886CA37183958B100AAFBB2 /* ControlCallback.cpp in Sources */ = {isa = PBXBuildFile; fileRef = A886CA35183958B100AAFBB2 /* ControlCallback.cpp */; };
		A886CA38183958B100AAFBB2 /* ControlCallback.cpp in Sources */ = {isa = PBXBuildFile; fileRef = A886CA35183958B100AAFBB2 /* ControlCallback.cpp */; };
		A886CA39183958B100AAFBB2 /* ControlCallback.h in Headers */ = {isa = PBXBuildFile; fileRef = A886CA36183958B100AAFBB2 /* ControlCallback.h */; };
		A8E1A20B197ACABA0089060E /* BitCrusher.cpp in Sources */ = {isa = PBXBuildFile; fileRef = A8E1A209197ACABA0089060E /* BitCrusher.cpp */; };
		A8E1A20C197ACABA0089060E /* BitCrusher.h in Headers */ = {isa = PBXBuildFile; fileRef = A8E1A20A197ACABA0089060E /* BitCrusher.h */; };
		A8E1A20D197ACDA70089060E /* BitCrusher.cpp in Sources */ = {isa = PBXBuildFile; fileRef = A8E1A209197ACABA0089060E /* BitCrusher.cpp */; };
		A8F87056181C3B6500B82527 /* BufferPlayer.cpp in Sources */ = {isa = PBXBuildFile; fileRef = A8F87054181C3B6500B82527 /* BufferPlayer.cpp */; };
		A8F87057181C3B6500B82527 /* BufferPlayer.cpp in Sources */ = {isa = PBXBuildFile; fileRef = A8F87054181C3B6500B82527 /* BufferPlayer.cpp */; };
		A8F87058181C3B6500B82527 /* BufferPlayer.h in Headers */ = {isa = PBXBuildFile; fileRef = A8F87055181C3B6500B82527 /* BufferPlayer.h */; };
		A8F8705B181C506800B82527 /* AudioFileUtils.cpp in Sources */ = {isa = PBXBuildFile; fileRef = A8F87059181C506700B82527 /* AudioFileUtils.cpp */; };
		A8F8705C181C506800B82527 /* AudioFileUtils.cpp in Sources */ = {isa = PBXBuildFile; fileRef = A8F87059181C506700B82527 /* AudioFileUtils.cpp */; };
		A8F8705D181C506800B82527 /* AudioFileUtils.h in Headers */ = {isa = PBXBuildFile; fileRef = A8F8705A181C506700B82527 /* AudioFileUtils.h */; };
		F218C86F179C73F6000906B2 /* DSPUtils.cpp in Sources */ = {isa = PBXBuildFile; fileRef = F218C86D179C73F6000906B2 /* DSPUtils.cpp */; };
		F218C870179C73F6000906B2 /* DSPUtils.cpp in Sources */ = {isa = PBXBuildFile; fileRef = F218C86D179C73F6000906B2 /* DSPUtils.cpp */; };
		F218C871179C73F6000906B2 /* DSPUtils.h in Headers */ = {isa = PBXBuildFile; fileRef = F218C86E179C73F6000906B2 /* DSPUtils.h */; };
		F218C874179C7642000906B2 /* ControlDbToLinear.cpp in Sources */ = {isa = PBXBuildFile; fileRef = F218C872179C763A000906B2 /* ControlDbToLinear.cpp */; };
		F218C875179C7642000906B2 /* ControlDbToLinear.cpp in Sources */ = {isa = PBXBuildFile; fileRef = F218C872179C763A000906B2 /* ControlDbToLinear.cpp */; };
		F218C876179C7642000906B2 /* ControlFloor.cpp in Sources */ = {isa = PBXBuildFile; fileRef = F218C873179C763D000906B2 /* ControlFloor.cpp */; };
		F218C877179C7642000906B2 /* ControlFloor.cpp in Sources */ = {isa = PBXBuildFile; fileRef = F218C873179C763D000906B2 /* ControlFloor.cpp */; };
		F278D372179C8227004EBCA3 /* BLEPOscillator.cpp in Sources */ = {isa = PBXBuildFile; fileRef = F278D370179C8227004EBCA3 /* BLEPOscillator.cpp */; };
		F278D373179C8227004EBCA3 /* BLEPOscillator.cpp in Sources */ = {isa = PBXBuildFile; fileRef = F278D370179C8227004EBCA3 /* BLEPOscillator.cpp */; };
		F278D374179C8227004EBCA3 /* BLEPOscillator.h in Headers */ = {isa = PBXBuildFile; fileRef = F278D371179C8227004EBCA3 /* BLEPOscillator.h */; };
/* End PBXBuildFile section */

/* Begin PBXCopyFilesBuildPhase section */
		F23A7CEF171B3D2D00AE8353 /* CopyFiles */ = {
			isa = PBXCopyFilesBuildPhase;
			buildActionMask = 2147483647;
			dstPath = "include/${PRODUCT_NAME}";
			dstSubfolderSpec = 16;
			files = (
			);
			runOnlyForDeploymentPostprocessing = 0;
		};
/* End PBXCopyFilesBuildPhase section */

/* Begin PBXFileReference section */
		0183D0001735D0E6004638EB /* Arithmetic.cpp */ = {isa = PBXFileReference; fileEncoding = 4; lastKnownFileType = sourcecode.cpp.cpp; path = Arithmetic.cpp; sourceTree = "<group>"; };
		0183D0011735D0E6004638EB /* Arithmetic.h */ = {isa = PBXFileReference; fileEncoding = 4; lastKnownFileType = sourcecode.c.h; lineEnding = 0; path = Arithmetic.h; sourceTree = "<group>"; xcLanguageSpecificationIdentifier = xcode.lang.objcpp; };
		0183D0021735D0E6004638EB /* ADSR.cpp */ = {isa = PBXFileReference; fileEncoding = 4; lastKnownFileType = sourcecode.cpp.cpp; path = ADSR.cpp; sourceTree = "<group>"; };
		0183D0031735D0E6004638EB /* ADSR.h */ = {isa = PBXFileReference; fileEncoding = 4; lastKnownFileType = sourcecode.c.h; lineEnding = 0; path = ADSR.h; sourceTree = "<group>"; xcLanguageSpecificationIdentifier = xcode.lang.objcpp; };
		0183D0041735D0E6004638EB /* BasicDelay.cpp */ = {isa = PBXFileReference; fileEncoding = 4; lastKnownFileType = sourcecode.cpp.cpp; path = BasicDelay.cpp; sourceTree = "<group>"; };
		0183D0051735D0E6004638EB /* BasicDelay.h */ = {isa = PBXFileReference; fileEncoding = 4; lastKnownFileType = sourcecode.c.h; lineEnding = 0; path = BasicDelay.h; sourceTree = "<group>"; xcLanguageSpecificationIdentifier = xcode.lang.objcpp; };
		0183D0061735D0E6004638EB /* BufferFiller.cpp */ = {isa = PBXFileReference; fileEncoding = 4; lastKnownFileType = sourcecode.cpp.cpp; path = BufferFiller.cpp; sourceTree = "<group>"; };
		0183D0071735D0E6004638EB /* BufferFiller.h */ = {isa = PBXFileReference; fileEncoding = 4; lastKnownFileType = sourcecode.c.h; lineEnding = 0; path = BufferFiller.h; sourceTree = "<group>"; xcLanguageSpecificationIdentifier = xcode.lang.objcpp; };
		0183D0081735D0E6004638EB /* CompressorLimiter.cpp */ = {isa = PBXFileReference; fileEncoding = 4; lastKnownFileType = sourcecode.cpp.cpp; path = CompressorLimiter.cpp; sourceTree = "<group>"; };
		0183D0091735D0E6004638EB /* CompressorLimiter.h */ = {isa = PBXFileReference; fileEncoding = 4; lastKnownFileType = sourcecode.c.h; lineEnding = 0; path = CompressorLimiter.h; sourceTree = "<group>"; xcLanguageSpecificationIdentifier = xcode.lang.objcpp; };
		0183D00A1735D0E6004638EB /* ControlArithmetic.cpp */ = {isa = PBXFileReference; fileEncoding = 4; lastKnownFileType = sourcecode.cpp.cpp; path = ControlArithmetic.cpp; sourceTree = "<group>"; };
		0183D00B1735D0E6004638EB /* ControlArithmetic.h */ = {isa = PBXFileReference; fileEncoding = 4; lastKnownFileType = sourcecode.c.h; lineEnding = 0; path = ControlArithmetic.h; sourceTree = "<group>"; xcLanguageSpecificationIdentifier = xcode.lang.objcpp; };
		0183D00C1735D0E6004638EB /* ControlConditioner.cpp */ = {isa = PBXFileReference; fileEncoding = 4; lastKnownFileType = sourcecode.cpp.cpp; path = ControlConditioner.cpp; sourceTree = "<group>"; };
		0183D00D1735D0E6004638EB /* ControlConditioner.h */ = {isa = PBXFileReference; fileEncoding = 4; lastKnownFileType = sourcecode.c.h; path = ControlConditioner.h; sourceTree = "<group>"; };
		0183D00E1735D0E6004638EB /* ControlCounter.cpp */ = {isa = PBXFileReference; fileEncoding = 4; lastKnownFileType = sourcecode.cpp.cpp; path = ControlCounter.cpp; sourceTree = "<group>"; };
		0183D00F1735D0E6004638EB /* ControlCounter.h */ = {isa = PBXFileReference; fileEncoding = 4; lastKnownFileType = sourcecode.c.h; lineEnding = 0; path = ControlCounter.h; sourceTree = "<group>"; xcLanguageSpecificationIdentifier = xcode.lang.objcpp; };
		0183D0111735D0E6004638EB /* ControlDbToLinear.h */ = {isa = PBXFileReference; fileEncoding = 4; lastKnownFileType = sourcecode.c.h; lineEnding = 0; path = ControlDbToLinear.h; sourceTree = "<group>"; xcLanguageSpecificationIdentifier = xcode.lang.objcpp; };
		0183D0151735D0E6004638EB /* ControlFloor.h */ = {isa = PBXFileReference; fileEncoding = 4; lastKnownFileType = sourcecode.c.h; path = ControlFloor.h; sourceTree = "<group>"; };
		0183D0161735D0E6004638EB /* ControlGenerator.cpp */ = {isa = PBXFileReference; fileEncoding = 4; lastKnownFileType = sourcecode.cpp.cpp; path = ControlGenerator.cpp; sourceTree = "<group>"; };
		0183D0171735D0E6004638EB /* ControlGenerator.h */ = {isa = PBXFileReference; fileEncoding = 4; lastKnownFileType = sourcecode.c.h; lineEnding = 0; path = ControlGenerator.h; sourceTree = "<group>"; xcLanguageSpecificationIdentifier = xcode.lang.objcpp; };
		0183D0181735D0E6004638EB /* ControlMetro.cpp */ = {isa = PBXFileReference; fileEncoding = 4; lastKnownFileType = sourcecode.cpp.cpp; path = ControlMetro.cpp; sourceTree = "<group>"; };
		0183D0191735D0E6004638EB /* ControlMetro.h */ = {isa = PBXFileReference; fileEncoding = 4; lastKnownFileType = sourcecode.c.h; lineEnding = 0; path = ControlMetro.h; sourceTree = "<group>"; xcLanguageSpecificationIdentifier = xcode.lang.objcpp; };
		0183D01A1735D0E6004638EB /* ControlMidiToFreq.cpp */ = {isa = PBXFileReference; fileEncoding = 4; lastKnownFileType = sourcecode.cpp.cpp; path = ControlMidiToFreq.cpp; sourceTree = "<group>"; };
		0183D01B1735D0E6004638EB /* ControlMidiToFreq.h */ = {isa = PBXFileReference; fileEncoding = 4; lastKnownFileType = sourcecode.c.h; path = ControlMidiToFreq.h; sourceTree = "<group>"; };
		0183D01E1735D0E6004638EB /* ControlPrinter.cpp */ = {isa = PBXFileReference; fileEncoding = 4; lastKnownFileType = sourcecode.cpp.cpp; path = ControlPrinter.cpp; sourceTree = "<group>"; };
		0183D01F1735D0E6004638EB /* ControlPrinter.h */ = {isa = PBXFileReference; fileEncoding = 4; lastKnownFileType = sourcecode.c.h; path = ControlPrinter.h; sourceTree = "<group>"; };
		0183D0201735D0E6004638EB /* ControlPulse.cpp */ = {isa = PBXFileReference; fileEncoding = 4; lastKnownFileType = sourcecode.cpp.cpp; path = ControlPulse.cpp; sourceTree = "<group>"; };
		0183D0211735D0E6004638EB /* ControlPulse.h */ = {isa = PBXFileReference; fileEncoding = 4; lastKnownFileType = sourcecode.c.h; path = ControlPulse.h; sourceTree = "<group>"; };
		0183D0221735D0E6004638EB /* ControlRandom.cpp */ = {isa = PBXFileReference; fileEncoding = 4; lastKnownFileType = sourcecode.cpp.cpp; path = ControlRandom.cpp; sourceTree = "<group>"; };
		0183D0231735D0E6004638EB /* ControlRandom.h */ = {isa = PBXFileReference; fileEncoding = 4; lastKnownFileType = sourcecode.c.h; path = ControlRandom.h; sourceTree = "<group>"; };
		0183D0241735D0E6004638EB /* ControlRecorder.cpp */ = {isa = PBXFileReference; fileEncoding = 4; lastKnownFileType = sourcecode.cpp.cpp; path = ControlRecorder.cpp; sourceTree = "<group>"; };
		0183D0251735D0E6004638EB /* ControlRecorder.h */ = {isa = PBXFileReference; fileEncoding = 4; lastKnownFileType = sourcecode.c.h; path = ControlRecorder.h; sourceTree = "<group>"; };
		0183D0261735D0E6004638EB /* ControlSnapToScale.cpp */ = {isa = PBXFileReference; fileEncoding = 4; lastKnownFileType = sourcecode.cpp.cpp; path = ControlSnapToScale.cpp; sourceTree = "<group>"; };
		0183D0271735D0E6004638EB /* ControlSnapToScale.h */ = {isa = PBXFileReference; fileEncoding = 4; lastKnownFileType = sourcecode.c.h; path = ControlSnapToScale.h; sourceTree = "<group>"; };
		0183D0281735D0E6004638EB /* ControlStepper.cpp */ = {isa = PBXFileReference; fileEncoding = 4; lastKnownFileType = sourcecode.cpp.cpp; path = ControlStepper.cpp; sourceTree = "<group>"; };
		0183D0291735D0E6004638EB /* ControlStepper.h */ = {isa = PBXFileReference; fileEncoding = 4; lastKnownFileType = sourcecode.c.h; path = ControlStepper.h; sourceTree = "<group>"; };
		0183D02C1735D0E6004638EB /* ControlSwitcher.cpp */ = {isa = PBXFileReference; fileEncoding = 4; lastKnownFileType = sourcecode.cpp.cpp; path = ControlSwitcher.cpp; sourceTree = "<group>"; };
		0183D02D1735D0E6004638EB /* ControlSwitcher.h */ = {isa = PBXFileReference; fileEncoding = 4; lastKnownFileType = sourcecode.c.h; path = ControlSwitcher.h; sourceTree = "<group>"; };
		0183D0301735D0E6004638EB /* ControlValue.cpp */ = {isa = PBXFileReference; fileEncoding = 4; lastKnownFileType = sourcecode.cpp.cpp; path = ControlValue.cpp; sourceTree = "<group>"; };
		0183D0311735D0E6004638EB /* ControlValue.h */ = {isa = PBXFileReference; fileEncoding = 4; lastKnownFileType = sourcecode.c.h; path = ControlValue.h; sourceTree = "<group>"; };
		0183D0321735D0E6004638EB /* ControlXYSpeed.cpp */ = {isa = PBXFileReference; fileEncoding = 4; lastKnownFileType = sourcecode.cpp.cpp; path = ControlXYSpeed.cpp; sourceTree = "<group>"; };
		0183D0331735D0E6004638EB /* ControlXYSpeed.h */ = {isa = PBXFileReference; fileEncoding = 4; lastKnownFileType = sourcecode.c.h; path = ControlXYSpeed.h; sourceTree = "<group>"; };
		0183D0341735D0E6004638EB /* DelayUtils.cpp */ = {isa = PBXFileReference; fileEncoding = 4; lastKnownFileType = sourcecode.cpp.cpp; path = DelayUtils.cpp; sourceTree = "<group>"; };
		0183D0351735D0E6004638EB /* DelayUtils.h */ = {isa = PBXFileReference; fileEncoding = 4; lastKnownFileType = sourcecode.c.h; path = DelayUtils.h; sourceTree = "<group>"; };
		0183D0381735D0E6004638EB /* Effect.h */ = {isa = PBXFileReference; fileEncoding = 4; lastKnownFileType = sourcecode.c.h; path = Effect.h; sourceTree = "<group>"; };
		0183D0391735D0E6004638EB /* Filters.cpp */ = {isa = PBXFileReference; fileEncoding = 4; lastKnownFileType = sourcecode.cpp.cpp; path = Filters.cpp; sourceTree = "<group>"; };
		0183D03A1735D0E6004638EB /* Filters.h */ = {isa = PBXFileReference; fileEncoding = 4; lastKnownFileType = sourcecode.c.h; path = Filters.h; sourceTree = "<group>"; };
		0183D03B1735D0E6004638EB /* FilterUtils.h */ = {isa = PBXFileReference; fileEncoding = 4; lastKnownFileType = sourcecode.c.h; path = FilterUtils.h; sourceTree = "<group>"; };
		0183D03C1735D0E6004638EB /* FixedValue.cpp */ = {isa = PBXFileReference; fileEncoding = 4; lastKnownFileType = sourcecode.cpp.cpp; path = FixedValue.cpp; sourceTree = "<group>"; };
		0183D03D1735D0E6004638EB /* FixedValue.h */ = {isa = PBXFileReference; fileEncoding = 4; lastKnownFileType = sourcecode.c.h; path = FixedValue.h; sourceTree = "<group>"; };
		0183D03E1735D0E6004638EB /* SawtoothWave.cpp */ = {isa = PBXFileReference; fileEncoding = 4; lastKnownFileType = sourcecode.cpp.cpp; path = SawtoothWave.cpp; sourceTree = "<group>"; };
		0183D03F1735D0E6004638EB /* SawtoothWave.h */ = {isa = PBXFileReference; fileEncoding = 4; lastKnownFileType = sourcecode.c.h; path = SawtoothWave.h; sourceTree = "<group>"; };
		0183D0401735D0E6004638EB /* Generator.cpp */ = {isa = PBXFileReference; fileEncoding = 4; lastKnownFileType = sourcecode.cpp.cpp; path = Generator.cpp; sourceTree = "<group>"; };
		0183D0411735D0E6004638EB /* Generator.h */ = {isa = PBXFileReference; fileEncoding = 4; lastKnownFileType = sourcecode.c.h; path = Generator.h; sourceTree = "<group>"; };
		0183D0421735D0E6004638EB /* LFNoise.cpp */ = {isa = PBXFileReference; fileEncoding = 4; lastKnownFileType = sourcecode.cpp.cpp; path = LFNoise.cpp; sourceTree = "<group>"; };
		0183D0431735D0E6004638EB /* LFNoise.h */ = {isa = PBXFileReference; fileEncoding = 4; lastKnownFileType = sourcecode.c.h; path = LFNoise.h; sourceTree = "<group>"; };
		0183D0441735D0E6004638EB /* Mixer.cpp */ = {isa = PBXFileReference; fileEncoding = 4; lastKnownFileType = sourcecode.cpp.cpp; path = Mixer.cpp; sourceTree = "<group>"; };
		0183D0451735D0E6004638EB /* Mixer.h */ = {isa = PBXFileReference; fileEncoding = 4; lastKnownFileType = sourcecode.c.h; path = Mixer.h; sourceTree = "<group>"; };
		0183D0461735D0E6004638EB /* MonoToStereoPanner.cpp */ = {isa = PBXFileReference; fileEncoding = 4; lastKnownFileType = sourcecode.cpp.cpp; path = MonoToStereoPanner.cpp; sourceTree = "<group>"; };
		0183D0471735D0E6004638EB /* MonoToStereoPanner.h */ = {isa = PBXFileReference; fileEncoding = 4; lastKnownFileType = sourcecode.c.h; path = MonoToStereoPanner.h; sourceTree = "<group>"; };
		0183D04A1735D0E6004638EB /* Noise.cpp */ = {isa = PBXFileReference; fileEncoding = 4; lastKnownFileType = sourcecode.cpp.cpp; path = Noise.cpp; sourceTree = "<group>"; };
		0183D04B1735D0E6004638EB /* Noise.h */ = {isa = PBXFileReference; fileEncoding = 4; lastKnownFileType = sourcecode.c.h; path = Noise.h; sourceTree = "<group>"; };
		0183D04C1735D0E6004638EB /* RampedValue.cpp */ = {isa = PBXFileReference; fileEncoding = 4; lastKnownFileType = sourcecode.cpp.cpp; path = RampedValue.cpp; sourceTree = "<group>"; };
		0183D04D1735D0E6004638EB /* RampedValue.h */ = {isa = PBXFileReference; fileEncoding = 4; lastKnownFileType = sourcecode.c.h; path = RampedValue.h; sourceTree = "<group>"; };
		0183D04E1735D0E6004638EB /* RectWave.cpp */ = {isa = PBXFileReference; fileEncoding = 4; lastKnownFileType = sourcecode.cpp.cpp; path = RectWave.cpp; sourceTree = "<group>"; };
		0183D04F1735D0E6004638EB /* RectWave.h */ = {isa = PBXFileReference; fileEncoding = 4; lastKnownFileType = sourcecode.c.h; path = RectWave.h; sourceTree = "<group>"; };
		0183D0501735D0E6004638EB /* SineWave.cpp */ = {isa = PBXFileReference; fileEncoding = 4; lastKnownFileType = sourcecode.cpp.cpp; path = SineWave.cpp; sourceTree = "<group>"; };
		0183D0511735D0E6004638EB /* SineWave.h */ = {isa = PBXFileReference; fileEncoding = 4; lastKnownFileType = sourcecode.c.h; path = SineWave.h; sourceTree = "<group>"; };
		0183D0521735D0E6004638EB /* StereoDelay.cpp */ = {isa = PBXFileReference; fileEncoding = 4; lastKnownFileType = sourcecode.cpp.cpp; path = StereoDelay.cpp; sourceTree = "<group>"; };
		0183D0531735D0E6004638EB /* StereoDelay.h */ = {isa = PBXFileReference; fileEncoding = 4; lastKnownFileType = sourcecode.c.h; path = StereoDelay.h; sourceTree = "<group>"; };
		0183D0561735D0E6004638EB /* Synth.cpp */ = {isa = PBXFileReference; fileEncoding = 4; lastKnownFileType = sourcecode.cpp.cpp; path = Synth.cpp; sourceTree = "<group>"; };
		0183D0571735D0E6004638EB /* Synth.h */ = {isa = PBXFileReference; fileEncoding = 4; lastKnownFileType = sourcecode.c.h; path = Synth.h; sourceTree = "<group>"; };
		0183D0581735D0E6004638EB /* TableLookupOsc.cpp */ = {isa = PBXFileReference; fileEncoding = 4; lastKnownFileType = sourcecode.cpp.cpp; path = TableLookupOsc.cpp; sourceTree = "<group>"; };
		0183D0591735D0E6004638EB /* TableLookupOsc.h */ = {isa = PBXFileReference; fileEncoding = 4; lastKnownFileType = sourcecode.c.h; path = TableLookupOsc.h; sourceTree = "<group>"; };
		0183D05A1735D0E6004638EB /* TonicCore.h */ = {isa = PBXFileReference; fileEncoding = 4; lastKnownFileType = sourcecode.c.h; path = TonicCore.h; sourceTree = "<group>"; };
		0183D05B1735D0E6004638EB /* TonicFrames.cpp */ = {isa = PBXFileReference; fileEncoding = 4; lastKnownFileType = sourcecode.cpp.cpp; path = TonicFrames.cpp; sourceTree = "<group>"; };
		0183D05C1735D0E6004638EB /* TonicFrames.h */ = {isa = PBXFileReference; fileEncoding = 4; lastKnownFileType = sourcecode.c.h; path = TonicFrames.h; sourceTree = "<group>"; };
		0183D1081735D1AD004638EB /* Tonic.h */ = {isa = PBXFileReference; fileEncoding = 4; lastKnownFileType = sourcecode.c.h; path = Tonic.h; sourceTree = "<group>"; };
		0183D10B1735D835004638EB /* Reverb.cpp */ = {isa = PBXFileReference; fileEncoding = 4; lastKnownFileType = sourcecode.cpp.cpp; path = Reverb.cpp; sourceTree = "<group>"; };
		0183D10C1735D835004638EB /* Reverb.h */ = {isa = PBXFileReference; fileEncoding = 4; lastKnownFileType = sourcecode.c.h; path = Reverb.h; sourceTree = "<group>"; };
		0183D10F1735DCAF004638EB /* CombFilter.cpp */ = {isa = PBXFileReference; fileEncoding = 4; lastKnownFileType = sourcecode.cpp.cpp; path = CombFilter.cpp; sourceTree = "<group>"; };
		0183D1101735DCB0004638EB /* CombFilter.h */ = {isa = PBXFileReference; fileEncoding = 4; lastKnownFileType = sourcecode.c.h; lineEnding = 0; path = CombFilter.h; sourceTree = "<group>"; xcLanguageSpecificationIdentifier = xcode.lang.objcpp; };
		01C65FEC17371C45003B2661 /* ControlDelay.cpp */ = {isa = PBXFileReference; fileEncoding = 4; lastKnownFileType = sourcecode.cpp.cpp; path = ControlDelay.cpp; sourceTree = "<group>"; };
		01C65FED17371C45003B2661 /* ControlDelay.h */ = {isa = PBXFileReference; fileEncoding = 4; lastKnownFileType = sourcecode.c.h; lineEnding = 0; path = ControlDelay.h; sourceTree = "<group>"; xcLanguageSpecificationIdentifier = xcode.lang.objcpp; };
		01C65FF1173723C6003B2661 /* Effect.cpp */ = {isa = PBXFileReference; fileEncoding = 4; lastKnownFileType = sourcecode.cpp.cpp; path = Effect.cpp; sourceTree = "<group>"; };
		01C65FF317372407003B2661 /* FilterUtils.cpp */ = {isa = PBXFileReference; fileEncoding = 4; lastKnownFileType = sourcecode.cpp.cpp; path = FilterUtils.cpp; sourceTree = "<group>"; };
		01F72690171520F900EBB4BB /* libTonic-OSX.a */ = {isa = PBXFileReference; explicitFileType = archive.ar; includeInIndex = 0; path = "libTonic-OSX.a"; sourceTree = BUILT_PRODUCTS_DIR; };
		9A54ADCB199BBDEB00B3DEF4 /* Accelerate.framework */ = {isa = PBXFileReference; lastKnownFileType = wrapper.framework; name = Accelerate.framework; path = Platforms/iPhoneOS.platform/Developer/SDKs/iPhoneOS7.1.sdk/System/Library/Frameworks/Accelerate.framework; sourceTree = DEVELOPER_DIR; };
		9A54ADCD199BBDF700B3DEF4 /* AudioToolbox.framework */ = {isa = PBXFileReference; lastKnownFileType = wrapper.framework; name = AudioToolbox.framework; path = Platforms/iPhoneOS.platform/Developer/SDKs/iPhoneOS7.1.sdk/System/Library/Frameworks/AudioToolbox.framework; sourceTree = DEVELOPER_DIR; };
		9A54ADCF199BBE0000B3DEF4 /* AudioToolbox.framework */ = {isa = PBXFileReference; lastKnownFileType = wrapper.framework; name = AudioToolbox.framework; path = System/Library/Frameworks/AudioToolbox.framework; sourceTree = SDKROOT; };
		9A54ADD3199BBE0E00B3DEF4 /* Accelerate.framework */ = {isa = PBXFileReference; lastKnownFileType = wrapper.framework; name = Accelerate.framework; path = System/Library/Frameworks/Accelerate.framework; sourceTree = SDKROOT; };
		9A5FB71917591983007A2F31 /* ControlMetroDivider.cpp */ = {isa = PBXFileReference; fileEncoding = 4; lastKnownFileType = sourcecode.cpp.cpp; path = ControlMetroDivider.cpp; sourceTree = "<group>"; };
		9A5FB71A17591983007A2F31 /* ControlMetroDivider.h */ = {isa = PBXFileReference; fileEncoding = 4; lastKnownFileType = sourcecode.c.h; path = ControlMetroDivider.h; sourceTree = "<group>"; };
		9A5FB71E175928FC007A2F31 /* ControlComparison.cpp */ = {isa = PBXFileReference; fileEncoding = 4; lastKnownFileType = sourcecode.cpp.cpp; path = ControlComparison.cpp; sourceTree = "<group>"; };
		9A5FB71F175928FC007A2F31 /* ControlComparison.h */ = {isa = PBXFileReference; fileEncoding = 4; lastKnownFileType = sourcecode.c.h; lineEnding = 0; path = ControlComparison.h; sourceTree = "<group>"; xcLanguageSpecificationIdentifier = xcode.lang.objcpp; };
		9A75063D174689FD00373E88 /* SampleTable.cpp */ = {isa = PBXFileReference; fileEncoding = 4; lastKnownFileType = sourcecode.cpp.cpp; lineEnding = 0; path = SampleTable.cpp; sourceTree = "<group>"; xcLanguageSpecificationIdentifier = xcode.lang.cpp; };
		9A75063E174689FD00373E88 /* SampleTable.h */ = {isa = PBXFileReference; fileEncoding = 4; lastKnownFileType = sourcecode.c.h; lineEnding = 0; path = SampleTable.h; sourceTree = "<group>"; xcLanguageSpecificationIdentifier = xcode.lang.objcpp; };
		9A7DB3E7174670DF009C9A8F /* TriangleWave.h */ = {isa = PBXFileReference; fileEncoding = 4; lastKnownFileType = sourcecode.c.h; path = TriangleWave.h; sourceTree = "<group>"; };
		9A7DB3F417467C81009C9A8F /* SquareWave.h */ = {isa = PBXFileReference; lastKnownFileType = sourcecode.c.h; path = SquareWave.h; sourceTree = "<group>"; };
		9AE5AA0017601CB1001F3E60 /* ControlTrigger.cpp */ = {isa = PBXFileReference; fileEncoding = 4; lastKnownFileType = sourcecode.cpp.cpp; path = ControlTrigger.cpp; sourceTree = "<group>"; };
		9AE5AA0117601CB2001F3E60 /* ControlTrigger.h */ = {isa = PBXFileReference; fileEncoding = 4; lastKnownFileType = sourcecode.c.h; path = ControlTrigger.h; sourceTree = "<group>"; };
		9AEDB5C617430E7B00C6A77C /* ControlParameter.cpp */ = {isa = PBXFileReference; fileEncoding = 4; lastKnownFileType = sourcecode.cpp.cpp; path = ControlParameter.cpp; sourceTree = "<group>"; };
		9AEDB5C717430E7B00C6A77C /* ControlParameter.h */ = {isa = PBXFileReference; fileEncoding = 4; lastKnownFileType = sourcecode.c.h; path = ControlParameter.h; sourceTree = "<group>"; };
		9AF6A72D174AFCF700C70173 /* RingBuffer.cpp */ = {isa = PBXFileReference; fileEncoding = 4; lastKnownFileType = sourcecode.cpp.cpp; path = RingBuffer.cpp; sourceTree = "<group>"; };
		9AF6A72E174AFCF800C70173 /* RingBuffer.h */ = {isa = PBXFileReference; fileEncoding = 4; lastKnownFileType = sourcecode.c.h; path = RingBuffer.h; sourceTree = "<group>"; };
		A80782D7175591FD009057BC /* ControlChangeNotifier.cpp */ = {isa = PBXFileReference; fileEncoding = 4; lastKnownFileType = sourcecode.cpp.cpp; lineEnding = 0; path = ControlChangeNotifier.cpp; sourceTree = "<group>"; xcLanguageSpecificationIdentifier = xcode.lang.cpp; };
		A80782D8175591FD009057BC /* ControlChangeNotifier.h */ = {isa = PBXFileReference; fileEncoding = 4; lastKnownFileType = sourcecode.c.h; lineEnding = 0; path = ControlChangeNotifier.h; sourceTree = "<group>"; xcLanguageSpecificationIdentifier = xcode.lang.objcpp; };
		A883ED7917B468EA00F60C06 /* ControlTriggerFilter.cpp */ = {isa = PBXFileReference; fileEncoding = 4; lastKnownFileType = sourcecode.cpp.cpp; path = ControlTriggerFilter.cpp; sourceTree = "<group>"; };
		A883ED7A17B468EA00F60C06 /* ControlTriggerFilter.h */ = {isa = PBXFileReference; fileEncoding = 4; lastKnownFileType = sourcecode.c.h; path = ControlTriggerFilter.h; sourceTree = "<group>"; };
		A886CA35183958B100AAFBB2 /* ControlCallback.cpp */ = {isa = PBXFileReference; fileEncoding = 4; lastKnownFileType = sourcecode.cpp.cpp; path = ControlCallback.cpp; sourceTree = "<group>"; };
		A886CA36183958B100AAFBB2 /* ControlCallback.h */ = {isa = PBXFileReference; fileEncoding = 4; lastKnownFileType = sourcecode.c.h; lineEnding = 0; path = ControlCallback.h; sourceTree = "<group>"; xcLanguageSpecificationIdentifier = xcode.lang.objcpp; };
		A8E1A209197ACABA0089060E /* BitCrusher.cpp */ = {isa = PBXFileReference; fileEncoding = 4; lastKnownFileType = sourcecode.cpp.cpp; path = BitCrusher.cpp; sourceTree = "<group>"; };
		A8E1A20A197ACABA0089060E /* BitCrusher.h */ = {isa = PBXFileReference; fileEncoding = 4; lastKnownFileType = sourcecode.c.h; path = BitCrusher.h; sourceTree = "<group>"; };
		A8F87054181C3B6500B82527 /* BufferPlayer.cpp */ = {isa = PBXFileReference; fileEncoding = 4; lastKnownFileType = sourcecode.cpp.cpp; path = BufferPlayer.cpp; sourceTree = "<group>"; };
		A8F87055181C3B6500B82527 /* BufferPlayer.h */ = {isa = PBXFileReference; fileEncoding = 4; lastKnownFileType = sourcecode.c.h; lineEnding = 0; path = BufferPlayer.h; sourceTree = "<group>"; xcLanguageSpecificationIdentifier = xcode.lang.objcpp; };
		A8F87059181C506700B82527 /* AudioFileUtils.cpp */ = {isa = PBXFileReference; fileEncoding = 4; lastKnownFileType = sourcecode.cpp.cpp; path = AudioFileUtils.cpp; sourceTree = "<group>"; };
		A8F8705A181C506700B82527 /* AudioFileUtils.h */ = {isa = PBXFileReference; fileEncoding = 4; lastKnownFileType = sourcecode.c.h; path = AudioFileUtils.h; sourceTree = "<group>"; };
		F218C86D179C73F6000906B2 /* DSPUtils.cpp */ = {isa = PBXFileReference; fileEncoding = 4; lastKnownFileType = sourcecode.cpp.cpp; path = DSPUtils.cpp; sourceTree = "<group>"; };
		F218C86E179C73F6000906B2 /* DSPUtils.h */ = {isa = PBXFileReference; fileEncoding = 4; lastKnownFileType = sourcecode.c.h; path = DSPUtils.h; sourceTree = "<group>"; };
		F218C872179C763A000906B2 /* ControlDbToLinear.cpp */ = {isa = PBXFileReference; fileEncoding = 4; lastKnownFileType = sourcecode.cpp.cpp; path = ControlDbToLinear.cpp; sourceTree = "<group>"; };
		F218C873179C763D000906B2 /* ControlFloor.cpp */ = {isa = PBXFileReference; fileEncoding = 4; lastKnownFileType = sourcecode.cpp.cpp; path = ControlFloor.cpp; sourceTree = "<group>"; };
		F23A7CF1171B3D2E00AE8353 /* libTonic-iOS.a */ = {isa = PBXFileReference; explicitFileType = archive.ar; includeInIndex = 0; path = "libTonic-iOS.a"; sourceTree = BUILT_PRODUCTS_DIR; };
		F278D370179C8227004EBCA3 /* BLEPOscillator.cpp */ = {isa = PBXFileReference; fileEncoding = 4; lastKnownFileType = sourcecode.cpp.cpp; path = BLEPOscillator.cpp; sourceTree = "<group>"; };
		F278D371179C8227004EBCA3 /* BLEPOscillator.h */ = {isa = PBXFileReference; fileEncoding = 4; lastKnownFileType = sourcecode.c.h; lineEnding = 0; path = BLEPOscillator.h; sourceTree = "<group>"; xcLanguageSpecificationIdentifier = xcode.lang.objcpp; };
/* End PBXFileReference section */

/* Begin PBXFrameworksBuildPhase section */
		01F7268D171520F900EBB4BB /* Frameworks */ = {
			isa = PBXFrameworksBuildPhase;
			buildActionMask = 2147483647;
			files = (
				9A54ADD4199BBE0E00B3DEF4 /* Accelerate.framework in Frameworks */,
				9A54ADD0199BBE0000B3DEF4 /* AudioToolbox.framework in Frameworks */,
			);
			runOnlyForDeploymentPostprocessing = 0;
		};
		F23A7CEE171B3D2D00AE8353 /* Frameworks */ = {
			isa = PBXFrameworksBuildPhase;
			buildActionMask = 2147483647;
			files = (
				9A54ADCE199BBDF700B3DEF4 /* AudioToolbox.framework in Frameworks */,
				9A54ADCC199BBDEB00B3DEF4 /* Accelerate.framework in Frameworks */,
			);
			runOnlyForDeploymentPostprocessing = 0;
		};
/* End PBXFrameworksBuildPhase section */

/* Begin PBXGroup section */
		0183CFFE1735D0E6004638EB /* src */ = {
			isa = PBXGroup;
			children = (
				0183D1081735D1AD004638EB /* Tonic.h */,
				0183CFFF1735D0E6004638EB /* Tonic */,
			);
			name = src;
			path = ../src;
			sourceTree = "<group>";
		};
		0183CFFF1735D0E6004638EB /* Tonic */ = {
			isa = PBXGroup;
			children = (
				0183D0021735D0E6004638EB /* ADSR.cpp */,
				0183D0031735D0E6004638EB /* ADSR.h */,
				0183D0001735D0E6004638EB /* Arithmetic.cpp */,
				0183D0011735D0E6004638EB /* Arithmetic.h */,
				A8F87059181C506700B82527 /* AudioFileUtils.cpp */,
				A8F8705A181C506700B82527 /* AudioFileUtils.h */,
				0183D0041735D0E6004638EB /* BasicDelay.cpp */,
				0183D0051735D0E6004638EB /* BasicDelay.h */,
				A8E1A209197ACABA0089060E /* BitCrusher.cpp */,
				A8E1A20A197ACABA0089060E /* BitCrusher.h */,
				F278D370179C8227004EBCA3 /* BLEPOscillator.cpp */,
				F278D371179C8227004EBCA3 /* BLEPOscillator.h */,
				0183D0061735D0E6004638EB /* BufferFiller.cpp */,
				0183D0071735D0E6004638EB /* BufferFiller.h */,
				A8F87054181C3B6500B82527 /* BufferPlayer.cpp */,
				A8F87055181C3B6500B82527 /* BufferPlayer.h */,
				0183D10F1735DCAF004638EB /* CombFilter.cpp */,
				0183D1101735DCB0004638EB /* CombFilter.h */,
				0183D0081735D0E6004638EB /* CompressorLimiter.cpp */,
				0183D0091735D0E6004638EB /* CompressorLimiter.h */,
				0183D00A1735D0E6004638EB /* ControlArithmetic.cpp */,
				0183D00B1735D0E6004638EB /* ControlArithmetic.h */,
				A886CA35183958B100AAFBB2 /* ControlCallback.cpp */,
				A886CA36183958B100AAFBB2 /* ControlCallback.h */,
				A80782D7175591FD009057BC /* ControlChangeNotifier.cpp */,
				A80782D8175591FD009057BC /* ControlChangeNotifier.h */,
				9A5FB71E175928FC007A2F31 /* ControlComparison.cpp */,
				9A5FB71F175928FC007A2F31 /* ControlComparison.h */,
				0183D00C1735D0E6004638EB /* ControlConditioner.cpp */,
				0183D00D1735D0E6004638EB /* ControlConditioner.h */,
				0183D00E1735D0E6004638EB /* ControlCounter.cpp */,
				0183D00F1735D0E6004638EB /* ControlCounter.h */,
				F218C872179C763A000906B2 /* ControlDbToLinear.cpp */,
				0183D0111735D0E6004638EB /* ControlDbToLinear.h */,
				01C65FEC17371C45003B2661 /* ControlDelay.cpp */,
				01C65FED17371C45003B2661 /* ControlDelay.h */,
				F218C873179C763D000906B2 /* ControlFloor.cpp */,
				0183D0151735D0E6004638EB /* ControlFloor.h */,
				0183D0161735D0E6004638EB /* ControlGenerator.cpp */,
				0183D0171735D0E6004638EB /* ControlGenerator.h */,
				0183D0181735D0E6004638EB /* ControlMetro.cpp */,
				0183D0191735D0E6004638EB /* ControlMetro.h */,
				9A5FB71917591983007A2F31 /* ControlMetroDivider.cpp */,
				9A5FB71A17591983007A2F31 /* ControlMetroDivider.h */,
				0183D01A1735D0E6004638EB /* ControlMidiToFreq.cpp */,
				0183D01B1735D0E6004638EB /* ControlMidiToFreq.h */,
				9AEDB5C617430E7B00C6A77C /* ControlParameter.cpp */,
				9AEDB5C717430E7B00C6A77C /* ControlParameter.h */,
				0183D01E1735D0E6004638EB /* ControlPrinter.cpp */,
				0183D01F1735D0E6004638EB /* ControlPrinter.h */,
				0183D0201735D0E6004638EB /* ControlPulse.cpp */,
				0183D0211735D0E6004638EB /* ControlPulse.h */,
				0183D0221735D0E6004638EB /* ControlRandom.cpp */,
				0183D0231735D0E6004638EB /* ControlRandom.h */,
				0183D0241735D0E6004638EB /* ControlRecorder.cpp */,
				0183D0251735D0E6004638EB /* ControlRecorder.h */,
				0183D0261735D0E6004638EB /* ControlSnapToScale.cpp */,
				0183D0271735D0E6004638EB /* ControlSnapToScale.h */,
				0183D0281735D0E6004638EB /* ControlStepper.cpp */,
				0183D0291735D0E6004638EB /* ControlStepper.h */,
				0183D02C1735D0E6004638EB /* ControlSwitcher.cpp */,
				0183D02D1735D0E6004638EB /* ControlSwitcher.h */,
				9AE5AA0017601CB1001F3E60 /* ControlTrigger.cpp */,
				9AE5AA0117601CB2001F3E60 /* ControlTrigger.h */,
				A883ED7917B468EA00F60C06 /* ControlTriggerFilter.cpp */,
				A883ED7A17B468EA00F60C06 /* ControlTriggerFilter.h */,
				0183D0301735D0E6004638EB /* ControlValue.cpp */,
				0183D0311735D0E6004638EB /* ControlValue.h */,
				0183D0321735D0E6004638EB /* ControlXYSpeed.cpp */,
				0183D0331735D0E6004638EB /* ControlXYSpeed.h */,
				0183D0341735D0E6004638EB /* DelayUtils.cpp */,
				0183D0351735D0E6004638EB /* DelayUtils.h */,
				F218C86D179C73F6000906B2 /* DSPUtils.cpp */,
				F218C86E179C73F6000906B2 /* DSPUtils.h */,
				01C65FF1173723C6003B2661 /* Effect.cpp */,
				0183D0381735D0E6004638EB /* Effect.h */,
				0183D0391735D0E6004638EB /* Filters.cpp */,
				0183D03A1735D0E6004638EB /* Filters.h */,
				01C65FF317372407003B2661 /* FilterUtils.cpp */,
				0183D03B1735D0E6004638EB /* FilterUtils.h */,
				0183D03C1735D0E6004638EB /* FixedValue.cpp */,
				0183D03D1735D0E6004638EB /* FixedValue.h */,
				0183D0401735D0E6004638EB /* Generator.cpp */,
				0183D0411735D0E6004638EB /* Generator.h */,
				0183D0421735D0E6004638EB /* LFNoise.cpp */,
				0183D0431735D0E6004638EB /* LFNoise.h */,
				0183D0441735D0E6004638EB /* Mixer.cpp */,
				0183D0451735D0E6004638EB /* Mixer.h */,
				0183D0461735D0E6004638EB /* MonoToStereoPanner.cpp */,
				0183D0471735D0E6004638EB /* MonoToStereoPanner.h */,
				0183D04A1735D0E6004638EB /* Noise.cpp */,
				0183D04B1735D0E6004638EB /* Noise.h */,
				0183D04C1735D0E6004638EB /* RampedValue.cpp */,
				0183D04D1735D0E6004638EB /* RampedValue.h */,
				0183D04E1735D0E6004638EB /* RectWave.cpp */,
				0183D04F1735D0E6004638EB /* RectWave.h */,
				0183D10B1735D835004638EB /* Reverb.cpp */,
				0183D10C1735D835004638EB /* Reverb.h */,
				9AF6A72D174AFCF700C70173 /* RingBuffer.cpp */,
				9AF6A72E174AFCF800C70173 /* RingBuffer.h */,
				9A75063D174689FD00373E88 /* SampleTable.cpp */,
				9A75063E174689FD00373E88 /* SampleTable.h */,
				0183D03E1735D0E6004638EB /* SawtoothWave.cpp */,
				0183D03F1735D0E6004638EB /* SawtoothWave.h */,
				0183D0501735D0E6004638EB /* SineWave.cpp */,
				0183D0511735D0E6004638EB /* SineWave.h */,
				9A7DB3F417467C81009C9A8F /* SquareWave.h */,
				0183D0521735D0E6004638EB /* StereoDelay.cpp */,
				0183D0531735D0E6004638EB /* StereoDelay.h */,
				0183D0561735D0E6004638EB /* Synth.cpp */,
				0183D0571735D0E6004638EB /* Synth.h */,
				0183D0581735D0E6004638EB /* TableLookupOsc.cpp */,
				0183D0591735D0E6004638EB /* TableLookupOsc.h */,
				0183D05A1735D0E6004638EB /* TonicCore.h */,
				0183D05B1735D0E6004638EB /* TonicFrames.cpp */,
				0183D05C1735D0E6004638EB /* TonicFrames.h */,
				9A7DB3E7174670DF009C9A8F /* TriangleWave.h */,
			);
			path = Tonic;
			sourceTree = "<group>";
		};
		01F72687171520F900EBB4BB = {
			isa = PBXGroup;
			children = (
				0183CFFE1735D0E6004638EB /* src */,
				9A54ADCA199BBDE000B3DEF4 /* Frameworks-iOS */,
				01F7273F171522B600EBB4BB /* Frameworks-OSX */,
				01F72691171520F900EBB4BB /* Products */,
			);
			indentWidth = 2;
			sourceTree = "<group>";
			tabWidth = 2;
		};
		01F72691171520F900EBB4BB /* Products */ = {
			isa = PBXGroup;
			children = (
				01F72690171520F900EBB4BB /* libTonic-OSX.a */,
				F23A7CF1171B3D2E00AE8353 /* libTonic-iOS.a */,
			);
			name = Products;
			sourceTree = "<group>";
		};
		01F7273F171522B600EBB4BB /* Frameworks-OSX */ = {
			isa = PBXGroup;
			children = (
				9A54ADD3199BBE0E00B3DEF4 /* Accelerate.framework */,
				9A54ADCF199BBE0000B3DEF4 /* AudioToolbox.framework */,
			);
			name = "Frameworks-OSX";
			sourceTree = "<group>";
		};
		9A54ADCA199BBDE000B3DEF4 /* Frameworks-iOS */ = {
			isa = PBXGroup;
			children = (
				9A54ADCB199BBDEB00B3DEF4 /* Accelerate.framework */,
				9A54ADCD199BBDF700B3DEF4 /* AudioToolbox.framework */,
			);
			name = "Frameworks-iOS";
			sourceTree = "<group>";
		};
/* End PBXGroup section */

/* Begin PBXHeadersBuildPhase section */
		01F7268E171520F900EBB4BB /* Headers */ = {
			isa = PBXHeadersBuildPhase;
			buildActionMask = 2147483647;
			files = (
				0183D0601735D0E6004638EB /* Arithmetic.h in Headers */,
				0183D0631735D0E6004638EB /* ADSR.h in Headers */,
				0183D0661735D0E6004638EB /* BasicDelay.h in Headers */,
				0183D0691735D0E6004638EB /* BufferFiller.h in Headers */,
				0183D06C1735D0E6004638EB /* CompressorLimiter.h in Headers */,
				0183D06F1735D0E6004638EB /* ControlArithmetic.h in Headers */,
				0183D0721735D0E6004638EB /* ControlConditioner.h in Headers */,
				0183D0751735D0E6004638EB /* ControlCounter.h in Headers */,
				0183D0781735D0E6004638EB /* ControlDbToLinear.h in Headers */,
				0183D07E1735D0E6004638EB /* ControlFloor.h in Headers */,
				0183D0811735D0E6004638EB /* ControlGenerator.h in Headers */,
				0183D0841735D0E6004638EB /* ControlMetro.h in Headers */,
				0183D0871735D0E6004638EB /* ControlMidiToFreq.h in Headers */,
				0183D08D1735D0E6004638EB /* ControlPrinter.h in Headers */,
				0183D0901735D0E6004638EB /* ControlPulse.h in Headers */,
				0183D0931735D0E6004638EB /* ControlRandom.h in Headers */,
				0183D0961735D0E6004638EB /* ControlRecorder.h in Headers */,
				0183D0991735D0E6004638EB /* ControlSnapToScale.h in Headers */,
				0183D09C1735D0E6004638EB /* ControlStepper.h in Headers */,
				0183D0A21735D0E6004638EB /* ControlSwitcher.h in Headers */,
				0183D0A81735D0E6004638EB /* ControlValue.h in Headers */,
				0183D0AB1735D0E6004638EB /* ControlXYSpeed.h in Headers */,
				0183D0AE1735D0E6004638EB /* DelayUtils.h in Headers */,
				0183D0B21735D0E6004638EB /* Effect.h in Headers */,
				0183D0B51735D0E6004638EB /* Filters.h in Headers */,
				0183D0B61735D0E6004638EB /* FilterUtils.h in Headers */,
				0183D0B91735D0E6004638EB /* FixedValue.h in Headers */,
				0183D0BC1735D0E6004638EB /* SawtoothWave.h in Headers */,
				0183D0BF1735D0E6004638EB /* Generator.h in Headers */,
				A8E1A20C197ACABA0089060E /* BitCrusher.h in Headers */,
				0183D0C21735D0E6004638EB /* LFNoise.h in Headers */,
				0183D0C51735D0E6004638EB /* Mixer.h in Headers */,
				0183D0C81735D0E6004638EB /* MonoToStereoPanner.h in Headers */,
				0183D0CE1735D0E6004638EB /* Noise.h in Headers */,
				0183D0D11735D0E6004638EB /* RampedValue.h in Headers */,
				0183D0D41735D0E6004638EB /* RectWave.h in Headers */,
				0183D0D71735D0E6004638EB /* SineWave.h in Headers */,
				0183D0DA1735D0E6004638EB /* StereoDelay.h in Headers */,
				0183D0E01735D0E6004638EB /* Synth.h in Headers */,
				0183D0E31735D0E6004638EB /* TableLookupOsc.h in Headers */,
				0183D0E41735D0E6004638EB /* TonicCore.h in Headers */,
				0183D0E71735D0E6004638EB /* TonicFrames.h in Headers */,
				0183D1091735D1AD004638EB /* Tonic.h in Headers */,
				0183D10E1735D835004638EB /* Reverb.h in Headers */,
				0183D1131735DCB0004638EB /* CombFilter.h in Headers */,
				01C65FF017371C45003B2661 /* ControlDelay.h in Headers */,
				9AEDB5CA17430E7B00C6A77C /* ControlParameter.h in Headers */,
				9A750641174689FD00373E88 /* SampleTable.h in Headers */,
				9A7DB3E8174670DF009C9A8F /* TriangleWave.h in Headers */,
				A80782DB175591FD009057BC /* ControlChangeNotifier.h in Headers */,
				9AF6A731174AFCF900C70173 /* RingBuffer.h in Headers */,
				9A5FB71D17591983007A2F31 /* ControlMetroDivider.h in Headers */,
				9A5FB722175928FC007A2F31 /* ControlComparison.h in Headers */,
				9AE5AA0417601CB4001F3E60 /* ControlTrigger.h in Headers */,
				A883ED7D17B468EA00F60C06 /* ControlTriggerFilter.h in Headers */,
				F218C871179C73F6000906B2 /* DSPUtils.h in Headers */,
				F278D374179C8227004EBCA3 /* BLEPOscillator.h in Headers */,
				A8F87058181C3B6500B82527 /* BufferPlayer.h in Headers */,
				A8F8705D181C506800B82527 /* AudioFileUtils.h in Headers */,
				A886CA39183958B100AAFBB2 /* ControlCallback.h in Headers */,
			);
			runOnlyForDeploymentPostprocessing = 0;
		};
/* End PBXHeadersBuildPhase section */

/* Begin PBXNativeTarget section */
		01F7268F171520F900EBB4BB /* Tonic-OSX */ = {
			isa = PBXNativeTarget;
			buildConfigurationList = 01F72694171520F900EBB4BB /* Build configuration list for PBXNativeTarget "Tonic-OSX" */;
			buildPhases = (
				01F7268C171520F900EBB4BB /* Sources */,
				01F7268D171520F900EBB4BB /* Frameworks */,
				01F7268E171520F900EBB4BB /* Headers */,
			);
			buildRules = (
			);
			dependencies = (
			);
			name = "Tonic-OSX";
			productName = Tonic;
			productReference = 01F72690171520F900EBB4BB /* libTonic-OSX.a */;
			productType = "com.apple.product-type.library.static";
		};
		F23A7CF0171B3D2D00AE8353 /* Tonic-iOS */ = {
			isa = PBXNativeTarget;
			buildConfigurationList = F23A7D16171B3D2E00AE8353 /* Build configuration list for PBXNativeTarget "Tonic-iOS" */;
			buildPhases = (
				9A5C740117BE788A00D1DE2E /* Clean Build Targets */,
				F23A7CED171B3D2D00AE8353 /* Sources */,
				F23A7CEE171B3D2D00AE8353 /* Frameworks */,
				F23A7CEF171B3D2D00AE8353 /* CopyFiles */,
				9AB6260817BE709500DACA2B /* Build Universal Static Library */,
			);
			buildRules = (
			);
			dependencies = (
			);
			name = "Tonic-iOS";
			productName = "Tonic-iOS-Lib";
			productReference = F23A7CF1171B3D2E00AE8353 /* libTonic-iOS.a */;
			productType = "com.apple.product-type.library.static";
		};
/* End PBXNativeTarget section */

/* Begin PBXProject section */
		01F72688171520F900EBB4BB /* Project object */ = {
			isa = PBXProject;
			attributes = {
				LastUpgradeCheck = 0600;
				ORGANIZATIONNAME = "Nick Donaldson";
			};
			buildConfigurationList = 01F7268B171520F900EBB4BB /* Build configuration list for PBXProject "TonicLib" */;
			compatibilityVersion = "Xcode 3.2";
			developmentRegion = English;
			hasScannedForEncodings = 0;
			knownRegions = (
				en,
			);
			mainGroup = 01F72687171520F900EBB4BB;
			productRefGroup = 01F72691171520F900EBB4BB /* Products */;
			projectDirPath = "";
			projectRoot = "";
			targets = (
				01F7268F171520F900EBB4BB /* Tonic-OSX */,
				F23A7CF0171B3D2D00AE8353 /* Tonic-iOS */,
			);
		};
/* End PBXProject section */

/* Begin PBXShellScriptBuildPhase section */
		9A5C740117BE788A00D1DE2E /* Clean Build Targets */ = {
			isa = PBXShellScriptBuildPhase;
			buildActionMask = 2147483647;
			files = (
			);
			inputPaths = (
			);
			name = "Clean Build Targets";
			outputPaths = (
			);
			runOnlyForDeploymentPostprocessing = 0;
			shellPath = /bin/sh;
			shellScript = "# Source: https://github.com/michaeltyson/iOS-Universal-Library-Template\n\nset -e\n\nif [ \"$CALLED_FROM_MASTER\" ]\nthen\n# This is the other build, called from the original instance\nexit 0\nfi\n\n# Clean up prior to build\n\nCURRENTCONFIG_DEVICE_DIR=\"${SYMROOT}/${CONFIGURATION}-iphoneos\"\nCURRENTCONFIG_SIMULATOR_DIR=\"${SYMROOT}/${CONFIGURATION}-iphonesimulator\"\nCURRENTCONFIG_UNIVERSAL_DIR=\"${SYMROOT}/${CONFIGURATION}-universal\"\n\nif [ ! -f \"${CURRENTCONFIG_DEVICE_DIR}/${EXECUTABLE_NAME}\" ]; then\necho \"Device build cleaned; cleaning other builds too\"\nrm -f \"${CURRENTCONFIG_SIMULATOR_DIR}/${EXECUTABLE_NAME}\"\nrm -f \"${CURRENTCONFIG_UNIVERSAL_DIR}/${EXECUTABLE_NAME}\"\nelif [ ! -f \"${CURRENTCONFIG_SIMULATOR_DIR}/${EXECUTABLE_NAME}\" ]; then\necho \"Simulator build cleaned; cleaning other builds too\"\nrm -f \"${CURRENTCONFIG_DEVICE_DIR}/${EXECUTABLE_NAME}\"\nrm -f \"${CURRENTCONFIG_UNIVERSAL_DIR}/${EXECUTABLE_NAME}\"\nfi";
		};
		9AB6260817BE709500DACA2B /* Build Universal Static Library */ = {
			isa = PBXShellScriptBuildPhase;
			buildActionMask = 2147483647;
			files = (
			);
			inputPaths = (
			);
			name = "Build Universal Static Library";
			outputPaths = (
			);
			runOnlyForDeploymentPostprocessing = 0;
			shellPath = /bin/sh;
			shellScript = "set -e\n\n#\n# Universal static library script\n# http://github.com/michaeltyson/iOS-Universal-Library-Template\n#\n# Version 2.5\n#\n# Purpose:\n#   Create a static library for iPhone from within XCode\n#\n# Author: Adam Martin - http://twitter.com/redglassesapps\n# Tweaked and made into an Xcode template by Michael Tyson - http://atastypixel.com/blog\n# Based on original script from Eonil\n# More info: see this Stack Overflow question: http://stackoverflow.com/questions/3520977/build-fat-static-library-device-simulator-using-xcode-and-sdk-4\n# Additional changes by John Lawson <http://jelawson.com> to copy the CURRENTCONFIG_DEVICE_DIR to the CURRENTCONFIG_UNIVERSAL_DIR instead of creating it\n# to include other files that might have been copied via Copy Files build phases (e.g. readme files, xibs, etc); this removes the need to copy just\n# the header folder.\n#\n#################[ Tests: helps workaround any future bugs in Xcode ]########\n#\nDEBUG_THIS_SCRIPT=\"true\"\n\nif [ $DEBUG_THIS_SCRIPT = \"true\" ]\nthen\necho \"########### TESTS #############\"\necho \"Use the following variables when debugging this script; note that they may change on recursions\"\necho \"BUILD_DIR = $BUILD_DIR\"\necho \"BUILD_ROOT = $BUILD_ROOT\"\necho \"CONFIGURATION_BUILD_DIR = $CONFIGURATION_BUILD_DIR\"\necho \"BUILT_PRODUCTS_DIR = $BUILT_PRODUCTS_DIR\"\necho \"CONFIGURATION_TEMP_DIR = $CONFIGURATION_TEMP_DIR\"\necho \"TARGET_BUILD_DIR = $TARGET_BUILD_DIR\"\nfi\n\nif [ \"$CALLED_FROM_MASTER\" ]\nthen\n# This is the other build, called from the original instance\nexit 0\nfi\n\n# Find the BASESDK version number\nSDK_VERSION=$(echo ${SDK_NAME} | grep -o '.\\{3\\}$')\n\n# Next, work out if we're in SIM or DEVICE\nif [ ${PLATFORM_NAME} = \"iphonesimulator\" ]\nthen\necho \"Current target specifies iphonesimulator, also building for device\"\nOTHER_SDK_TO_BUILD=iphoneos${SDK_VERSION}\nelse\necho \"Current target specifies device, also building for simulator\"\nOTHER_SDK_TO_BUILD=iphonesimulator${SDK_VERSION}\nfi\n\necho \"XCode has selected SDK: ${PLATFORM_NAME} with version: ${SDK_VERSION} (although back-targetting: ${IPHONEOS_DEPLOYMENT_TARGET})\"\necho \"...therefore, OTHER_SDK_TO_BUILD = ${OTHER_SDK_TO_BUILD}\"\n\n# Build the other architecture\necho \"xcodebuild -project \\\"${PROJECT_FILE_PATH}\\\" -configuration \\\"${CONFIGURATION}\\\" -target \\\"${TARGET_NAME}\\\" -sdk \\\"${OTHER_SDK_TO_BUILD}\\\" ${ACTION} RUN_CLANG_STATIC_ANALYZER=NO BUILD_DIR=\\\"${BUILD_DIR}\\\" BUILD_ROOT=\\\"${BUILD_ROOT}\\\" CALLED_FROM_MASTER=1\"\nxcodebuild -project \"${PROJECT_FILE_PATH}\" -configuration \"${CONFIGURATION}\" -target \"${TARGET_NAME}\" -sdk \"${OTHER_SDK_TO_BUILD}\" ${ACTION} RUN_CLANG_STATIC_ANALYZER=NO BUILD_DIR=\"${BUILD_DIR}\" BUILD_ROOT=\"${BUILD_ROOT}\" CALLED_FROM_MASTER=1\n\n# Merge built architectures\nCURRENTCONFIG_DEVICE_DIR=\"${SYMROOT}/${CONFIGURATION}-iphoneos\"\nCURRENTCONFIG_SIMULATOR_DIR=\"${SYMROOT}/${CONFIGURATION}-iphonesimulator\"\nCURRENTCONFIG_UNIVERSAL_DIR=\"${SYMROOT}/${CONFIGURATION}-universal\"\n\necho \"Taking device build from: ${CURRENTCONFIG_DEVICE_DIR}\"\necho \"Taking simulator build from: ${CURRENTCONFIG_SIMULATOR_DIR}\"\necho \"...I will output a universal build to: ${CURRENTCONFIG_UNIVERSAL_DIR}\"\n\nif [ ! -e \"${CURRENTCONFIG_UNIVERSAL_DIR}/${EXECUTABLE_NAME}\" -o \\\n\"${CURRENTCONFIG_DEVICE_DIR}/${EXECUTABLE_NAME}\" -nt \"${CURRENTCONFIG_UNIVERSAL_DIR}/${EXECUTABLE_NAME}\" -o \\\n\"${CURRENTCONFIG_SIMULATOR_DIR}/${EXECUTABLE_NAME}\" -nt \"${CURRENTCONFIG_UNIVERSAL_DIR}/${EXECUTABLE_NAME}\" ]\nthen\nrm -rf \"${CURRENTCONFIG_UNIVERSAL_DIR}\"\ncp -R \"${CURRENTCONFIG_DEVICE_DIR}\" \"${CURRENTCONFIG_UNIVERSAL_DIR}\"\nrm -f \"${CURRENTCONFIG_UNIVERSAL_DIR}/${EXECUTABLE_NAME}\"\n\necho \"lipo: for current configuration (${CONFIGURATION}) creating output file: ${CURRENTCONFIG_UNIVERSAL_DIR}/${EXECUTABLE_NAME}\"\nlipo -create -output \"${CURRENTCONFIG_UNIVERSAL_DIR}/${EXECUTABLE_NAME}\" \"${CURRENTCONFIG_DEVICE_DIR}/${EXECUTABLE_NAME}\" \"${CURRENTCONFIG_SIMULATOR_DIR}/${EXECUTABLE_NAME}\"\n\necho \"Copying universal build back over to ${CURRENTCONFIG_DEVICE_DIR} and ${CURRENTCONFIG_SIMULATOR_DIR}\"\ncp \"${CURRENTCONFIG_UNIVERSAL_DIR}/${EXECUTABLE_NAME}\" \"${CURRENTCONFIG_DEVICE_DIR}/${EXECUTABLE_NAME}\"\ncp \"${CURRENTCONFIG_UNIVERSAL_DIR}/${EXECUTABLE_NAME}\" \"${CURRENTCONFIG_SIMULATOR_DIR}/${EXECUTABLE_NAME}\"\ntouch \"${CURRENTCONFIG_UNIVERSAL_DIR}/${EXECUTABLE_NAME}\"\n\nelse\necho \"Everything up to date.\"\nfi\n";
		};
/* End PBXShellScriptBuildPhase section */

/* Begin PBXSourcesBuildPhase section */
		01F7268C171520F900EBB4BB /* Sources */ = {
			isa = PBXSourcesBuildPhase;
			buildActionMask = 2147483647;
			files = (
				0183D05E1735D0E6004638EB /* Arithmetic.cpp in Sources */,
				0183D0611735D0E6004638EB /* ADSR.cpp in Sources */,
				0183D0641735D0E6004638EB /* BasicDelay.cpp in Sources */,
				0183D0671735D0E6004638EB /* BufferFiller.cpp in Sources */,
				0183D06A1735D0E6004638EB /* CompressorLimiter.cpp in Sources */,
				0183D06D1735D0E6004638EB /* ControlArithmetic.cpp in Sources */,
				0183D0701735D0E6004638EB /* ControlConditioner.cpp in Sources */,
				0183D0731735D0E6004638EB /* ControlCounter.cpp in Sources */,
				0183D07F1735D0E6004638EB /* ControlGenerator.cpp in Sources */,
				0183D0821735D0E6004638EB /* ControlMetro.cpp in Sources */,
				0183D0851735D0E6004638EB /* ControlMidiToFreq.cpp in Sources */,
				0183D08B1735D0E6004638EB /* ControlPrinter.cpp in Sources */,
				0183D08E1735D0E6004638EB /* ControlPulse.cpp in Sources */,
				0183D0911735D0E6004638EB /* ControlRandom.cpp in Sources */,
				0183D0941735D0E6004638EB /* ControlRecorder.cpp in Sources */,
				0183D0971735D0E6004638EB /* ControlSnapToScale.cpp in Sources */,
				0183D09A1735D0E6004638EB /* ControlStepper.cpp in Sources */,
				0183D0A01735D0E6004638EB /* ControlSwitcher.cpp in Sources */,
				0183D0A61735D0E6004638EB /* ControlValue.cpp in Sources */,
				0183D0A91735D0E6004638EB /* ControlXYSpeed.cpp in Sources */,
				0183D0AC1735D0E6004638EB /* DelayUtils.cpp in Sources */,
				0183D0B31735D0E6004638EB /* Filters.cpp in Sources */,
				0183D0B71735D0E6004638EB /* FixedValue.cpp in Sources */,
				0183D0BA1735D0E6004638EB /* SawtoothWave.cpp in Sources */,
				0183D0BD1735D0E6004638EB /* Generator.cpp in Sources */,
				0183D0C01735D0E6004638EB /* LFNoise.cpp in Sources */,
				0183D0C31735D0E6004638EB /* Mixer.cpp in Sources */,
				0183D0C61735D0E6004638EB /* MonoToStereoPanner.cpp in Sources */,
				0183D0CC1735D0E6004638EB /* Noise.cpp in Sources */,
				0183D0CF1735D0E6004638EB /* RampedValue.cpp in Sources */,
				0183D0D21735D0E6004638EB /* RectWave.cpp in Sources */,
				0183D0D51735D0E6004638EB /* SineWave.cpp in Sources */,
				0183D0D81735D0E6004638EB /* StereoDelay.cpp in Sources */,
				0183D0DE1735D0E6004638EB /* Synth.cpp in Sources */,
				0183D0E11735D0E6004638EB /* TableLookupOsc.cpp in Sources */,
				0183D0E51735D0E6004638EB /* TonicFrames.cpp in Sources */,
				0183D10D1735D835004638EB /* Reverb.cpp in Sources */,
				0183D1111735DCB0004638EB /* CombFilter.cpp in Sources */,
				01C65FEE17371C45003B2661 /* ControlDelay.cpp in Sources */,
				01C65FF2173723C6003B2661 /* Effect.cpp in Sources */,
				01C65FF417372407003B2661 /* FilterUtils.cpp in Sources */,
				9AEDB5C817430E7B00C6A77C /* ControlParameter.cpp in Sources */,
				A80782D9175591FD009057BC /* ControlChangeNotifier.cpp in Sources */,
				9A75063F174689FD00373E88 /* SampleTable.cpp in Sources */,
				9AF6A72F174AFCF900C70173 /* RingBuffer.cpp in Sources */,
				9A5FB71B17591983007A2F31 /* ControlMetroDivider.cpp in Sources */,
				9A5FB720175928FC007A2F31 /* ControlComparison.cpp in Sources */,
				9AE5AA0217601CB4001F3E60 /* ControlTrigger.cpp in Sources */,
				A883ED7B17B468EA00F60C06 /* ControlTriggerFilter.cpp in Sources */,
				A8E1A20B197ACABA0089060E /* BitCrusher.cpp in Sources */,
				F218C86F179C73F6000906B2 /* DSPUtils.cpp in Sources */,
				F218C874179C7642000906B2 /* ControlDbToLinear.cpp in Sources */,
				F218C876179C7642000906B2 /* ControlFloor.cpp in Sources */,
				F278D372179C8227004EBCA3 /* BLEPOscillator.cpp in Sources */,
				A8F87056181C3B6500B82527 /* BufferPlayer.cpp in Sources */,
				A8F8705B181C506800B82527 /* AudioFileUtils.cpp in Sources */,
				A886CA37183958B100AAFBB2 /* ControlCallback.cpp in Sources */,
			);
			runOnlyForDeploymentPostprocessing = 0;
		};
		F23A7CED171B3D2D00AE8353 /* Sources */ = {
			isa = PBXSourcesBuildPhase;
			buildActionMask = 2147483647;
			files = (
				0183D05F1735D0E6004638EB /* Arithmetic.cpp in Sources */,
				0183D0621735D0E6004638EB /* ADSR.cpp in Sources */,
				0183D0651735D0E6004638EB /* BasicDelay.cpp in Sources */,
				0183D0681735D0E6004638EB /* BufferFiller.cpp in Sources */,
				0183D06B1735D0E6004638EB /* CompressorLimiter.cpp in Sources */,
				0183D06E1735D0E6004638EB /* ControlArithmetic.cpp in Sources */,
				0183D0711735D0E6004638EB /* ControlConditioner.cpp in Sources */,
				0183D0741735D0E6004638EB /* ControlCounter.cpp in Sources */,
				0183D0801735D0E6004638EB /* ControlGenerator.cpp in Sources */,
				0183D0831735D0E6004638EB /* ControlMetro.cpp in Sources */,
				0183D0861735D0E6004638EB /* ControlMidiToFreq.cpp in Sources */,
				0183D08C1735D0E6004638EB /* ControlPrinter.cpp in Sources */,
				0183D08F1735D0E6004638EB /* ControlPulse.cpp in Sources */,
				0183D0921735D0E6004638EB /* ControlRandom.cpp in Sources */,
				0183D0951735D0E6004638EB /* ControlRecorder.cpp in Sources */,
				0183D0981735D0E6004638EB /* ControlSnapToScale.cpp in Sources */,
				0183D09B1735D0E6004638EB /* ControlStepper.cpp in Sources */,
				0183D0A11735D0E6004638EB /* ControlSwitcher.cpp in Sources */,
				0183D0A71735D0E6004638EB /* ControlValue.cpp in Sources */,
				0183D0AA1735D0E6004638EB /* ControlXYSpeed.cpp in Sources */,
				0183D0AD1735D0E6004638EB /* DelayUtils.cpp in Sources */,
				0183D0B41735D0E6004638EB /* Filters.cpp in Sources */,
				0183D0B81735D0E6004638EB /* FixedValue.cpp in Sources */,
				0183D0BB1735D0E6004638EB /* SawtoothWave.cpp in Sources */,
				0183D0BE1735D0E6004638EB /* Generator.cpp in Sources */,
				0183D0C11735D0E6004638EB /* LFNoise.cpp in Sources */,
				0183D0C41735D0E6004638EB /* Mixer.cpp in Sources */,
				0183D0C71735D0E6004638EB /* MonoToStereoPanner.cpp in Sources */,
				0183D0CD1735D0E6004638EB /* Noise.cpp in Sources */,
				0183D0D01735D0E6004638EB /* RampedValue.cpp in Sources */,
				0183D0D31735D0E6004638EB /* RectWave.cpp in Sources */,
				0183D0D61735D0E6004638EB /* SineWave.cpp in Sources */,
				0183D0D91735D0E6004638EB /* StereoDelay.cpp in Sources */,
				0183D0DF1735D0E6004638EB /* Synth.cpp in Sources */,
				0183D0E21735D0E6004638EB /* TableLookupOsc.cpp in Sources */,
				0183D0E61735D0E6004638EB /* TonicFrames.cpp in Sources */,
				0183D1121735DCB0004638EB /* CombFilter.cpp in Sources */,
				0183D1141735DCBF004638EB /* Reverb.cpp in Sources */,
				01C65FEF17371C45003B2661 /* ControlDelay.cpp in Sources */,
				01C65FF517372A5F003B2661 /* Effect.cpp in Sources */,
				01C65FF617372CD3003B2661 /* FilterUtils.cpp in Sources */,
				9AEDB5C917430E7B00C6A77C /* ControlParameter.cpp in Sources */,
				A80782DA175591FD009057BC /* ControlChangeNotifier.cpp in Sources */,
				9A750640174689FD00373E88 /* SampleTable.cpp in Sources */,
				9AF6A730174AFCF900C70173 /* RingBuffer.cpp in Sources */,
				9A5FB71C17591983007A2F31 /* ControlMetroDivider.cpp in Sources */,
				9A5FB721175928FC007A2F31 /* ControlComparison.cpp in Sources */,
				9AE5AA0317601CB4001F3E60 /* ControlTrigger.cpp in Sources */,
				A883ED7C17B468EA00F60C06 /* ControlTriggerFilter.cpp in Sources */,
				A8E1A20D197ACDA70089060E /* BitCrusher.cpp in Sources */,
				F218C870179C73F6000906B2 /* DSPUtils.cpp in Sources */,
				F218C875179C7642000906B2 /* ControlDbToLinear.cpp in Sources */,
				F218C877179C7642000906B2 /* ControlFloor.cpp in Sources */,
				F278D373179C8227004EBCA3 /* BLEPOscillator.cpp in Sources */,
				A8F87057181C3B6500B82527 /* BufferPlayer.cpp in Sources */,
				A8F8705C181C506800B82527 /* AudioFileUtils.cpp in Sources */,
				A886CA38183958B100AAFBB2 /* ControlCallback.cpp in Sources */,
			);
			runOnlyForDeploymentPostprocessing = 0;
		};
/* End PBXSourcesBuildPhase section */

/* Begin XCBuildConfiguration section */
		01F72692171520F900EBB4BB /* Debug */ = {
			isa = XCBuildConfiguration;
			buildSettings = {
				ALWAYS_SEARCH_USER_PATHS = NO;
				CLANG_CXX_LANGUAGE_STANDARD = "gnu++0x";
				CLANG_CXX_LIBRARY = "libc++";
				CLANG_WARN_CONSTANT_CONVERSION = YES;
				CLANG_WARN_EMPTY_BODY = YES;
				CLANG_WARN_ENUM_CONVERSION = YES;
				CLANG_WARN_INT_CONVERSION = YES;
				CLANG_WARN__DUPLICATE_METHOD_MATCH = YES;
				COPY_PHASE_STRIP = NO;
				GCC_C_LANGUAGE_STANDARD = gnu99;
				GCC_DYNAMIC_NO_PIC = NO;
				GCC_ENABLE_OBJC_EXCEPTIONS = YES;
				GCC_OPTIMIZATION_LEVEL = 0;
				GCC_PREPROCESSOR_DEFINITIONS = (
					"DEBUG=1",
					"$(inherited)",
					TONIC_DEBUG,
				);
				GCC_SYMBOLS_PRIVATE_EXTERN = NO;
				GCC_WARN_64_TO_32_BIT_CONVERSION = YES;
				GCC_WARN_ABOUT_RETURN_TYPE = YES;
				GCC_WARN_UNINITIALIZED_AUTOS = YES;
				GCC_WARN_UNUSED_VARIABLE = YES;
				MACOSX_DEPLOYMENT_TARGET = 10.7;
				ONLY_ACTIVE_ARCH = YES;
				OTHER_CPLUSPLUSFLAGS = (
					"$(OTHER_CFLAGS)",
					"-fvisibility-inlines-hidden",
				);
				SDKROOT = macosx;
				VALID_ARCHS = "x86_64 i386";
			};
			name = Debug;
		};
		01F72693171520F900EBB4BB /* Release */ = {
			isa = XCBuildConfiguration;
			buildSettings = {
				ALWAYS_SEARCH_USER_PATHS = NO;
				CLANG_CXX_LANGUAGE_STANDARD = "gnu++0x";
				CLANG_CXX_LIBRARY = "libc++";
				CLANG_WARN_CONSTANT_CONVERSION = YES;
				CLANG_WARN_EMPTY_BODY = YES;
				CLANG_WARN_ENUM_CONVERSION = YES;
				CLANG_WARN_INT_CONVERSION = YES;
				CLANG_WARN__DUPLICATE_METHOD_MATCH = YES;
				COPY_PHASE_STRIP = YES;
				DEBUG_INFORMATION_FORMAT = "dwarf-with-dsym";
				GCC_C_LANGUAGE_STANDARD = gnu99;
				GCC_ENABLE_OBJC_EXCEPTIONS = YES;
				GCC_WARN_64_TO_32_BIT_CONVERSION = YES;
				GCC_WARN_ABOUT_RETURN_TYPE = YES;
				GCC_WARN_UNINITIALIZED_AUTOS = YES;
				GCC_WARN_UNUSED_VARIABLE = YES;
				MACOSX_DEPLOYMENT_TARGET = 10.7;
				ONLY_ACTIVE_ARCH = YES;
				OTHER_CPLUSPLUSFLAGS = (
					"$(OTHER_CFLAGS)",
					"-fvisibility-inlines-hidden",
				);
				SDKROOT = macosx;
				VALID_ARCHS = "x86_64 i386";
			};
			name = Release;
		};
		01F72695171520F900EBB4BB /* Debug */ = {
			isa = XCBuildConfiguration;
			buildSettings = {
				CLANG_CXX_LANGUAGE_STANDARD = "compiler-default";
				CLANG_CXX_LIBRARY = "compiler-default";
				COMBINE_HIDPI_IMAGES = YES;
				CONFIGURATION_BUILD_DIR = "$(BUILD_DIR)/$(CONFIGURATION)$(EFFECTIVE_PLATFORM_NAME)";
				EXECUTABLE_PREFIX = lib;
				GCC_C_LANGUAGE_STANDARD = "compiler-default";
				GCC_INLINES_ARE_PRIVATE_EXTERN = YES;
				GCC_SYMBOLS_PRIVATE_EXTERN = NO;
				MACOSX_DEPLOYMENT_TARGET = 10.6;
				OBJROOT = build;
				ONLY_ACTIVE_ARCH = NO;
				OTHER_CPLUSPLUSFLAGS = "$(OTHER_CFLAGS)";
				PRODUCT_NAME = "$(TARGET_NAME)";
				SDKROOT = macosx;
				SUPPORTED_PLATFORMS = macosx;
				SYMROOT = build;
				VALID_ARCHS = "i386 x86_64";
			};
			name = Debug;
		};
		01F72696171520F900EBB4BB /* Release */ = {
			isa = XCBuildConfiguration;
			buildSettings = {
				CLANG_CXX_LANGUAGE_STANDARD = "compiler-default";
				CLANG_CXX_LIBRARY = "compiler-default";
				COMBINE_HIDPI_IMAGES = YES;
				CONFIGURATION_BUILD_DIR = "$(BUILD_DIR)/$(CONFIGURATION)$(EFFECTIVE_PLATFORM_NAME)";
				EXECUTABLE_PREFIX = lib;
				GCC_C_LANGUAGE_STANDARD = "compiler-default";
				GCC_INLINES_ARE_PRIVATE_EXTERN = YES;
				GCC_SYMBOLS_PRIVATE_EXTERN = YES;
				MACOSX_DEPLOYMENT_TARGET = 10.6;
				OBJROOT = build;
				ONLY_ACTIVE_ARCH = NO;
				OTHER_CPLUSPLUSFLAGS = "$(OTHER_CFLAGS)";
				PRODUCT_NAME = "$(TARGET_NAME)";
				SDKROOT = macosx;
				SUPPORTED_PLATFORMS = macosx;
				SYMROOT = build;
				VALID_ARCHS = "i386 x86_64";
			};
			name = Release;
		};
		F23A7D12171B3D2E00AE8353 /* Debug */ = {
			isa = XCBuildConfiguration;
			buildSettings = {
				CODE_SIGN_IDENTITY = "iPhone Developer";
				CONFIGURATION_BUILD_DIR = "$(BUILD_DIR)/$(CONFIGURATION)$(EFFECTIVE_PLATFORM_NAME)";
				DSTROOT = "/tmp/libTonic-iOS.dst";
				GCC_INLINES_ARE_PRIVATE_EXTERN = YES;
				GCC_PRECOMPILE_PREFIX_HEADER = NO;
				GCC_PREFIX_HEADER = "";
				GCC_SYMBOLS_PRIVATE_EXTERN = NO;
				IPHONEOS_DEPLOYMENT_TARGET = 5.0;
				MACOSX_DEPLOYMENT_TARGET = "";
				ONLY_ACTIVE_ARCH = NO;
				OTHER_CPLUSPLUSFLAGS = "$(OTHER_CFLAGS)";
				OTHER_LDFLAGS = "-ObjC";
				PRODUCT_NAME = "$(TARGET_NAME)";
				PROVISIONING_PROFILE = "";
				PUBLIC_HEADERS_FOLDER_PATH = ../src/Tonic;
				SDKROOT = iphoneos;
				SKIP_INSTALL = YES;
				SYMROOT = build;
				VALID_ARCHS = "armv7 armv7s i386 x86_64 arm64";
			};
			name = Debug;
		};
		F23A7D13171B3D2E00AE8353 /* Release */ = {
			isa = XCBuildConfiguration;
			buildSettings = {
				CODE_SIGN_IDENTITY = "iPhone Developer";
				CONFIGURATION_BUILD_DIR = "$(BUILD_DIR)/$(CONFIGURATION)$(EFFECTIVE_PLATFORM_NAME)";
				DSTROOT = "/tmp/libTonic-iOS.dst";
				GCC_INLINES_ARE_PRIVATE_EXTERN = YES;
				GCC_PRECOMPILE_PREFIX_HEADER = NO;
				GCC_PREFIX_HEADER = "";
				GCC_SYMBOLS_PRIVATE_EXTERN = NO;
				IPHONEOS_DEPLOYMENT_TARGET = 5.0;
				MACOSX_DEPLOYMENT_TARGET = "";
				ONLY_ACTIVE_ARCH = NO;
				OTHER_CPLUSPLUSFLAGS = "$(OTHER_CFLAGS)";
				OTHER_LDFLAGS = "-ObjC";
				PRODUCT_NAME = "$(TARGET_NAME)";
				PROVISIONING_PROFILE = "";
				PUBLIC_HEADERS_FOLDER_PATH = ../src/Tonic;
				SDKROOT = iphoneos;
				SKIP_INSTALL = YES;
				SYMROOT = build;
				VALIDATE_PRODUCT = YES;
				VALID_ARCHS = "armv7 armv7s i386 x86_64 arm64";
			};
			name = Release;
		};
/* End XCBuildConfiguration section */

/* Begin XCConfigurationList section */
		01F7268B171520F900EBB4BB /* Build configuration list for PBXProject "TonicLib" */ = {
			isa = XCConfigurationList;
			buildConfigurations = (
				01F72692171520F900EBB4BB /* Debug */,
				01F72693171520F900EBB4BB /* Release */,
			);
			defaultConfigurationIsVisible = 0;
			defaultConfigurationName = Release;
		};
		01F72694171520F900EBB4BB /* Build configuration list for PBXNativeTarget "Tonic-OSX" */ = {
			isa = XCConfigurationList;
			buildConfigurations = (
				01F72695171520F900EBB4BB /* Debug */,
				01F72696171520F900EBB4BB /* Release */,
			);
			defaultConfigurationIsVisible = 0;
			defaultConfigurationName = Release;
		};
		F23A7D16171B3D2E00AE8353 /* Build configuration list for PBXNativeTarget "Tonic-iOS" */ = {
			isa = XCConfigurationList;
			buildConfigurations = (
				F23A7D12171B3D2E00AE8353 /* Debug */,
				F23A7D13171B3D2E00AE8353 /* Release */,
			);
			defaultConfigurationIsVisible = 0;
			defaultConfigurationName = Release;
		};
/* End XCConfigurationList section */
	};
	rootObject = 01F72688171520F900EBB4BB /* Project object */;
}
