// !$*UTF8*$!
{
	archiveVersion = 1;
	classes = {
	};
	objectVersion = 46;
	objects = {

/* Begin PBXBuildFile section */
		0116165516E2FB2900952A7F /* FlexToothWave.cpp in Sources */ = {isa = PBXBuildFile; fileRef = 0116165316E2FB2900952A7F /* FlexToothWave.cpp */; };
		01428B3716E978CA00E67802 /* Noise.cpp in Sources */ = {isa = PBXBuildFile; fileRef = 01428B3616E978CA00E67802 /* Noise.cpp */; };
		017BF2C916DBAE5200FA1046 /* ControlMultiplier.cpp in Sources */ = {isa = PBXBuildFile; fileRef = 017BF2C716DBAE5000FA1046 /* ControlMultiplier.cpp */; };
		01F540C116E2EE8B00F85B98 /* RectWave.cpp in Sources */ = {isa = PBXBuildFile; fileRef = 01F540BF16E2EE8B00F85B98 /* RectWave.cpp */; };
		9A1589F116D7E1D200E2BC81 /* Filters.cpp in Sources */ = {isa = PBXBuildFile; fileRef = 9A1589EF16D7E1D200E2BC81 /* Filters.cpp */; };
		A82437C916CA7470000677C7 /* ControlValue.cpp in Sources */ = {isa = PBXBuildFile; fileRef = A82437C716CA7470000677C7 /* ControlValue.cpp */; };
		A82437DB16CB3753000677C7 /* ControlGenerator.cpp in Sources */ = {isa = PBXBuildFile; fileRef = A82437DA16CB36A8000677C7 /* ControlGenerator.cpp */; };
		A86C3EC116B2B4FD002A50F0 /* UIKit.framework in Frameworks */ = {isa = PBXBuildFile; fileRef = A86C3EC016B2B4FD002A50F0 /* UIKit.framework */; };
		A86C3EC316B2B4FD002A50F0 /* Foundation.framework in Frameworks */ = {isa = PBXBuildFile; fileRef = A86C3EC216B2B4FD002A50F0 /* Foundation.framework */; };
		A86C3EC516B2B4FD002A50F0 /* CoreGraphics.framework in Frameworks */ = {isa = PBXBuildFile; fileRef = A86C3EC416B2B4FD002A50F0 /* CoreGraphics.framework */; };
		A86C3ECB16B2B4FD002A50F0 /* InfoPlist.strings in Resources */ = {isa = PBXBuildFile; fileRef = A86C3EC916B2B4FD002A50F0 /* InfoPlist.strings */; };
		A86C3ECD16B2B4FD002A50F0 /* main.m in Sources */ = {isa = PBXBuildFile; fileRef = A86C3ECC16B2B4FD002A50F0 /* main.m */; };
		A86C3ED116B2B4FD002A50F0 /* TonicAppDelegate.mm in Sources */ = {isa = PBXBuildFile; fileRef = A86C3ED016B2B4FD002A50F0 /* TonicAppDelegate.mm */; };
		A86C3ED316B2B4FD002A50F0 /* Default.png in Resources */ = {isa = PBXBuildFile; fileRef = A86C3ED216B2B4FD002A50F0 /* Default.png */; };
		A86C3ED516B2B4FD002A50F0 /* Default@2x.png in Resources */ = {isa = PBXBuildFile; fileRef = A86C3ED416B2B4FD002A50F0 /* Default@2x.png */; };
		A86C3ED716B2B4FD002A50F0 /* Default-568h@2x.png in Resources */ = {isa = PBXBuildFile; fileRef = A86C3ED616B2B4FD002A50F0 /* Default-568h@2x.png */; };
		A86C3F1816B2B5BE002A50F0 /* AudioFileReader.mm in Sources */ = {isa = PBXBuildFile; fileRef = A86C3F1116B2B5BE002A50F0 /* AudioFileReader.mm */; settings = {COMPILER_FLAGS = "-fno-objc-arc"; }; };
		A86C3F1916B2B5BE002A50F0 /* AudioFileWriter.m in Sources */ = {isa = PBXBuildFile; fileRef = A86C3F1316B2B5BE002A50F0 /* AudioFileWriter.m */; settings = {COMPILER_FLAGS = "-fno-objc-arc"; }; };
		A86C3F1A16B2B5BE002A50F0 /* Novocaine.m in Sources */ = {isa = PBXBuildFile; fileRef = A86C3F1516B2B5BE002A50F0 /* Novocaine.m */; settings = {COMPILER_FLAGS = "-fno-objc-arc"; }; };
		A86C3F1B16B2B5BE002A50F0 /* RingBuffer.mm in Sources */ = {isa = PBXBuildFile; fileRef = A86C3F1716B2B5BE002A50F0 /* RingBuffer.mm */; };
		A86C3F1F16B2B7B8002A50F0 /* AudioToolbox.framework in Frameworks */ = {isa = PBXBuildFile; fileRef = A86C3F1C16B2B7B8002A50F0 /* AudioToolbox.framework */; };
		A86C3F2116B2B7B8002A50F0 /* CoreAudio.framework in Frameworks */ = {isa = PBXBuildFile; fileRef = A86C3F1E16B2B7B8002A50F0 /* CoreAudio.framework */; };
		A86C3F2316B2B834002A50F0 /* Accelerate.framework in Frameworks */ = {isa = PBXBuildFile; fileRef = A86C3F2216B2B834002A50F0 /* Accelerate.framework */; };
		A8742F3916FF666700056E1C /* ControlSnapToScale.cpp in Sources */ = {isa = PBXBuildFile; fileRef = A8742F3716FF666700056E1C /* ControlSnapToScale.cpp */; };
		A8742F3A16FF666700056E1C /* ControlSnapToScale.cpp in Sources */ = {isa = PBXBuildFile; fileRef = A8742F3716FF666700056E1C /* ControlSnapToScale.cpp */; };
		A8742F3C16FF694300056E1C /* ControlOctaveSnapTestSynth.cpp in Sources */ = {isa = PBXBuildFile; fileRef = A8742F3B16FF694300056E1C /* ControlOctaveSnapTestSynth.cpp */; };
		A8742F3D16FF694300056E1C /* ControlOctaveSnapTestSynth.cpp in Sources */ = {isa = PBXBuildFile; fileRef = A8742F3B16FF694300056E1C /* ControlOctaveSnapTestSynth.cpp */; };
		A88DA86616F0AA7400B41662 /* Mixer.cpp in Sources */ = {isa = PBXBuildFile; fileRef = F27605A016ECF431006684B2 /* Mixer.cpp */; };
		A88DA86816F0AA7A00B41662 /* RampedValue.cpp in Sources */ = {isa = PBXBuildFile; fileRef = F276059D16ECF431006684B2 /* RampedValue.cpp */; };
		A88DA86A16F0AA7E00B41662 /* MonoToStereoPanner.cpp in Sources */ = {isa = PBXBuildFile; fileRef = F276059B16ECF431006684B2 /* MonoToStereoPanner.cpp */; };
		A88DA86C16F0AA8200B41662 /* LFNoise.cpp in Sources */ = {isa = PBXBuildFile; fileRef = F276059916ECF431006684B2 /* LFNoise.cpp */; };
		A88DA86E16F0AA8600B41662 /* ADSR.cpp in Sources */ = {isa = PBXBuildFile; fileRef = F276059716ECF431006684B2 /* ADSR.cpp */; };
		A88DA87016F0AA9900B41662 /* DelayUtils.cpp in Sources */ = {isa = PBXBuildFile; fileRef = F254908F16ED38610022B229 /* DelayUtils.cpp */; };
		A88DA87216F0AA9D00B41662 /* MonoDelay.cpp in Sources */ = {isa = PBXBuildFile; fileRef = F254909716ED7D140022B229 /* MonoDelay.cpp */; };
		A88DA87916F1F62300B41662 /* ControlRandom.cpp in Sources */ = {isa = PBXBuildFile; fileRef = A88DA87716F1F62100B41662 /* ControlRandom.cpp */; };
		A88F5A7416E5729200C187E7 /* ControlConditioner.cpp in Sources */ = {isa = PBXBuildFile; fileRef = A88F5A7216E5729200C187E7 /* ControlConditioner.cpp */; };
		F20FCD4816C566F60039832A /* TableLookupOsc.cpp in Sources */ = {isa = PBXBuildFile; fileRef = F20FCD4616C566F60039832A /* TableLookupOsc.cpp */; };
		F20FCD4B16C56EF60039832A /* SineWave.cpp in Sources */ = {isa = PBXBuildFile; fileRef = F20FCD4916C56EF50039832A /* SineWave.cpp */; };
		F20FCD5216C58D5B0039832A /* TonicSynthManager.mm in Sources */ = {isa = PBXBuildFile; fileRef = F20FCD5116C58D5B0039832A /* TonicSynthManager.mm */; };
		F23E244116C6C5F10082EF65 /* BufferFiller.cpp in Sources */ = {isa = PBXBuildFile; fileRef = F23E243F16C6C5F00082EF65 /* BufferFiller.cpp */; };
		F24864F216FF842400305369 /* Compressor.cpp in Sources */ = {isa = PBXBuildFile; fileRef = F24864F016FF842400305369 /* Compressor.cpp */; };
		F25317E116EBA0A100A8CFDC /* SenTestingKit.framework in Frameworks */ = {isa = PBXBuildFile; fileRef = F25317E016EBA0A100A8CFDC /* SenTestingKit.framework */; };
		F25317E216EBA0A100A8CFDC /* UIKit.framework in Frameworks */ = {isa = PBXBuildFile; fileRef = A86C3EC016B2B4FD002A50F0 /* UIKit.framework */; };
		F25317E316EBA0A100A8CFDC /* Foundation.framework in Frameworks */ = {isa = PBXBuildFile; fileRef = A86C3EC216B2B4FD002A50F0 /* Foundation.framework */; };
		F25317E916EBA0A100A8CFDC /* InfoPlist.strings in Resources */ = {isa = PBXBuildFile; fileRef = F25317E716EBA0A100A8CFDC /* InfoPlist.strings */; };
		F25317EC16EBA0A100A8CFDC /* TonicTests.mm in Sources */ = {isa = PBXBuildFile; fileRef = F25317EB16EBA0A100A8CFDC /* TonicTests.mm */; };
		F25317F116EBA32100A8CFDC /* Adder.cpp in Sources */ = {isa = PBXBuildFile; fileRef = F2C9F6E616C493870090A78D /* Adder.cpp */; };
		F25317F316EBA32100A8CFDC /* BufferFiller.cpp in Sources */ = {isa = PBXBuildFile; fileRef = F23E243F16C6C5F00082EF65 /* BufferFiller.cpp */; };
		F25317F516EBA32100A8CFDC /* ControlAdder.cpp in Sources */ = {isa = PBXBuildFile; fileRef = F2C9A91E16DAEFE6009D9C08 /* ControlAdder.cpp */; };
		F25317F716EBA32100A8CFDC /* ControlGenerator.cpp in Sources */ = {isa = PBXBuildFile; fileRef = A82437DA16CB36A8000677C7 /* ControlGenerator.cpp */; };
		F25317F916EBA32100A8CFDC /* ControlMultiplier.cpp in Sources */ = {isa = PBXBuildFile; fileRef = 017BF2C716DBAE5000FA1046 /* ControlMultiplier.cpp */; };
		F25317FB16EBA32100A8CFDC /* ControlValue.cpp in Sources */ = {isa = PBXBuildFile; fileRef = A82437C716CA7470000677C7 /* ControlValue.cpp */; };
		F25317FE16EBA32100A8CFDC /* FixedValue.cpp in Sources */ = {isa = PBXBuildFile; fileRef = F2C9F6E816C493870090A78D /* FixedValue.cpp */; };
		F253180016EBA32100A8CFDC /* Generator.cpp in Sources */ = {isa = PBXBuildFile; fileRef = F2C9F6EA16C493870090A78D /* Generator.cpp */; };
		F253180216EBA32100A8CFDC /* Multiplier.cpp in Sources */ = {isa = PBXBuildFile; fileRef = F2C9F6EE16C493870090A78D /* Multiplier.cpp */; };
		F253180416EBA32100A8CFDC /* Synth.cpp in Sources */ = {isa = PBXBuildFile; fileRef = F2C9F6F016C493870090A78D /* Synth.cpp */; };
		F253180716EBA32100A8CFDC /* TonicFrames.cpp in Sources */ = {isa = PBXBuildFile; fileRef = F2C9F6F316C493870090A78D /* TonicFrames.cpp */; };
		F253180916EBA32100A8CFDC /* ControlConditioner.cpp in Sources */ = {isa = PBXBuildFile; fileRef = A88F5A7216E5729200C187E7 /* ControlConditioner.cpp */; };
		F253182616EBA34500A8CFDC /* Accelerate.framework in Frameworks */ = {isa = PBXBuildFile; fileRef = A86C3F2216B2B834002A50F0 /* Accelerate.framework */; };
		F253182916EBA73200A8CFDC /* StereoFixedTestGen.cpp in Sources */ = {isa = PBXBuildFile; fileRef = F253182716EBA73200A8CFDC /* StereoFixedTestGen.cpp */; };
		F256C8E416C5A0BF0096574D /* SynthTestViewController.mm in Sources */ = {isa = PBXBuildFile; fileRef = F256C8E016C5A0BF0096574D /* SynthTestViewController.mm */; };
		F256C8E516C5A0BF0096574D /* SynthChooserViewController.mm in Sources */ = {isa = PBXBuildFile; fileRef = F256C8E216C5A0BF0096574D /* SynthChooserViewController.mm */; };
		F256C8E616C5A0BF0096574D /* SynthChooserViewController.xib in Resources */ = {isa = PBXBuildFile; fileRef = F256C8E316C5A0BF0096574D /* SynthChooserViewController.xib */; };
		F256C8E816C5A6DF0096574D /* SynthTestViewController.xib in Resources */ = {isa = PBXBuildFile; fileRef = F256C8E716C5A6DF0096574D /* SynthTestViewController.xib */; };
		F2759AEC16F7E0EF00347633 /* ADSRTestSynth.cpp in Sources */ = {isa = PBXBuildFile; fileRef = F2759ADE16F7E0EF00347633 /* ADSRTestSynth.cpp */; };
		F2759AED16F7E0EF00347633 /* DelayTestSynth.cpp in Sources */ = {isa = PBXBuildFile; fileRef = F2759ADF16F7E0EF00347633 /* DelayTestSynth.cpp */; };
		F2759AEE16F7E0EF00347633 /* FilteredNoiseSynth.cpp in Sources */ = {isa = PBXBuildFile; fileRef = F2759AE016F7E0EF00347633 /* FilteredNoiseSynth.cpp */; };
		F2759AEF16F7E0EF00347633 /* FilterTest.cpp in Sources */ = {isa = PBXBuildFile; fileRef = F2759AE116F7E0EF00347633 /* FilterTest.cpp */; };
		F2759AF016F7E0EF00347633 /* FlexToothLFOTestSynth.cpp in Sources */ = {isa = PBXBuildFile; fileRef = F2759AE216F7E0EF00347633 /* FlexToothLFOTestSynth.cpp */; };
		F2759AF116F7E0EF00347633 /* FlexToothTestSynth.cpp in Sources */ = {isa = PBXBuildFile; fileRef = F2759AE316F7E0EF00347633 /* FlexToothTestSynth.cpp */; };
		F2759AF216F7E0EF00347633 /* FMDroneSynth.cpp in Sources */ = {isa = PBXBuildFile; fileRef = F2759AE416F7E0EF00347633 /* FMDroneSynth.cpp */; };
		F2759AF316F7E0EF00347633 /* LFNoiseTestSynth.cpp in Sources */ = {isa = PBXBuildFile; fileRef = F2759AE516F7E0EF00347633 /* LFNoiseTestSynth.cpp */; };
		F2759AF416F7E0EF00347633 /* MetroTestSynth.cpp in Sources */ = {isa = PBXBuildFile; fileRef = F2759AE616F7E0EF00347633 /* MetroTestSynth.cpp */; };
		F2759AF516F7E0EF00347633 /* PannerTest.cpp in Sources */ = {isa = PBXBuildFile; fileRef = F2759AE716F7E0EF00347633 /* PannerTest.cpp */; };
		F2759AF616F7E0EF00347633 /* RectWaveTestSynth.cpp in Sources */ = {isa = PBXBuildFile; fileRef = F2759AE816F7E0EF00347633 /* RectWaveTestSynth.cpp */; };
		F2759AF716F7E0EF00347633 /* SineAMSynth.cpp in Sources */ = {isa = PBXBuildFile; fileRef = F2759AE916F7E0EF00347633 /* SineAMSynth.cpp */; };
		F2759AF816F7E0EF00347633 /* SineSumSynth.cpp in Sources */ = {isa = PBXBuildFile; fileRef = F2759AEA16F7E0EF00347633 /* SineSumSynth.cpp */; };
		F2759AF916F7E0EF00347633 /* StereoDelayTestSynth.cpp in Sources */ = {isa = PBXBuildFile; fileRef = F2759AEB16F7E0EF00347633 /* StereoDelayTestSynth.cpp */; };
		F2759AFA16F7E17D00347633 /* StereoDelay.cpp in Sources */ = {isa = PBXBuildFile; fileRef = A88DA85A16F0A82800B41662 /* StereoDelay.cpp */; };
		F2759AFB16F7E18D00347633 /* ControlFloor.cpp in Sources */ = {isa = PBXBuildFile; fileRef = F27605A316ECF431006684B2 /* ControlFloor.cpp */; };
		F2759AFC16F7E19000347633 /* ControlMidiToFreq.cpp in Sources */ = {isa = PBXBuildFile; fileRef = F27605A516ECF431006684B2 /* ControlMidiToFreq.cpp */; };
		F2759AFD16F7E19400347633 /* ControlMetro.cpp in Sources */ = {isa = PBXBuildFile; fileRef = F21E19B816ECF73900B961BF /* ControlMetro.cpp */; };
		F2759AFF16F7E19900347633 /* ControlPulse.cpp in Sources */ = {isa = PBXBuildFile; fileRef = F2B2B5C316ECFBE900BBECC0 /* ControlPulse.cpp */; };
		F2759B0016F7E1D300347633 /* MonoToStereoPanner.cpp in Sources */ = {isa = PBXBuildFile; fileRef = F276059B16ECF431006684B2 /* MonoToStereoPanner.cpp */; };
		F2759B0116F7E1D600347633 /* RampedValue.cpp in Sources */ = {isa = PBXBuildFile; fileRef = F276059D16ECF431006684B2 /* RampedValue.cpp */; };
		F2C9A92016DAEFE6009D9C08 /* ControlAdder.cpp in Sources */ = {isa = PBXBuildFile; fileRef = F2C9A91E16DAEFE6009D9C08 /* ControlAdder.cpp */; };
		F2C9F6F916C493870090A78D /* Adder.cpp in Sources */ = {isa = PBXBuildFile; fileRef = F2C9F6E616C493870090A78D /* Adder.cpp */; };
		F2C9F6FA16C493870090A78D /* FixedValue.cpp in Sources */ = {isa = PBXBuildFile; fileRef = F2C9F6E816C493870090A78D /* FixedValue.cpp */; };
		F2C9F6FB16C493870090A78D /* Generator.cpp in Sources */ = {isa = PBXBuildFile; fileRef = F2C9F6EA16C493870090A78D /* Generator.cpp */; };
		F2C9F6FD16C493870090A78D /* Multiplier.cpp in Sources */ = {isa = PBXBuildFile; fileRef = F2C9F6EE16C493870090A78D /* Multiplier.cpp */; };
		F2C9F6FE16C493870090A78D /* Synth.cpp in Sources */ = {isa = PBXBuildFile; fileRef = F2C9F6F016C493870090A78D /* Synth.cpp */; };
		F2C9F6FF16C493870090A78D /* TonicFrames.cpp in Sources */ = {isa = PBXBuildFile; fileRef = F2C9F6F316C493870090A78D /* TonicFrames.cpp */; };
/* End PBXBuildFile section */

/* Begin PBXFileReference section */
		0116165316E2FB2900952A7F /* FlexToothWave.cpp */ = {isa = PBXFileReference; fileEncoding = 4; lastKnownFileType = sourcecode.cpp.cpp; path = FlexToothWave.cpp; sourceTree = "<group>"; };
		0116165416E2FB2900952A7F /* FlexToothWave.h */ = {isa = PBXFileReference; fileEncoding = 4; lastKnownFileType = sourcecode.c.h; path = FlexToothWave.h; sourceTree = "<group>"; };
		01428B3616E978CA00E67802 /* Noise.cpp */ = {isa = PBXFileReference; fileEncoding = 4; lastKnownFileType = sourcecode.cpp.cpp; path = Noise.cpp; sourceTree = "<group>"; };
		017BF2C616DB24C400FA1046 /* Tonic.h */ = {isa = PBXFileReference; lastKnownFileType = sourcecode.c.h; path = Tonic.h; sourceTree = "<group>"; };
		017BF2C716DBAE5000FA1046 /* ControlMultiplier.cpp */ = {isa = PBXFileReference; fileEncoding = 4; lastKnownFileType = sourcecode.cpp.cpp; path = ControlMultiplier.cpp; sourceTree = "<group>"; };
		017BF2C816DBAE5100FA1046 /* ControlMultiplier.h */ = {isa = PBXFileReference; fileEncoding = 4; lastKnownFileType = sourcecode.c.h; path = ControlMultiplier.h; sourceTree = "<group>"; };
		01F540BF16E2EE8B00F85B98 /* RectWave.cpp */ = {isa = PBXFileReference; fileEncoding = 4; lastKnownFileType = sourcecode.cpp.cpp; path = RectWave.cpp; sourceTree = "<group>"; };
		01F540C016E2EE8B00F85B98 /* RectWave.h */ = {isa = PBXFileReference; fileEncoding = 4; lastKnownFileType = sourcecode.c.h; path = RectWave.h; sourceTree = "<group>"; };
		9A1589EF16D7E1D200E2BC81 /* Filters.cpp */ = {isa = PBXFileReference; fileEncoding = 4; lastKnownFileType = sourcecode.cpp.cpp; path = Filters.cpp; sourceTree = "<group>"; };
		9A1589F016D7E1D200E2BC81 /* Filters.h */ = {isa = PBXFileReference; fileEncoding = 4; lastKnownFileType = sourcecode.c.h; path = Filters.h; sourceTree = "<group>"; };
		A82437C716CA7470000677C7 /* ControlValue.cpp */ = {isa = PBXFileReference; fileEncoding = 4; lastKnownFileType = sourcecode.cpp.cpp; path = ControlValue.cpp; sourceTree = "<group>"; };
		A82437C816CA7470000677C7 /* ControlValue.h */ = {isa = PBXFileReference; fileEncoding = 4; lastKnownFileType = sourcecode.c.h; path = ControlValue.h; sourceTree = "<group>"; };
		A82437CF16CA7A25000677C7 /* Tests.h */ = {isa = PBXFileReference; fileEncoding = 4; lastKnownFileType = sourcecode.c.h; path = Tests.h; sourceTree = "<group>"; };
		A82437D816CB3010000677C7 /* ControlGenerator.h */ = {isa = PBXFileReference; fileEncoding = 4; lastKnownFileType = sourcecode.c.h; path = ControlGenerator.h; sourceTree = "<group>"; };
		A82437DA16CB36A8000677C7 /* ControlGenerator.cpp */ = {isa = PBXFileReference; lastKnownFileType = sourcecode.cpp.cpp; path = ControlGenerator.cpp; sourceTree = "<group>"; };
		A86C3EBC16B2B4FD002A50F0 /* TonicDemo.app */ = {isa = PBXFileReference; explicitFileType = wrapper.application; includeInIndex = 0; path = TonicDemo.app; sourceTree = BUILT_PRODUCTS_DIR; };
		A86C3EC016B2B4FD002A50F0 /* UIKit.framework */ = {isa = PBXFileReference; lastKnownFileType = wrapper.framework; name = UIKit.framework; path = System/Library/Frameworks/UIKit.framework; sourceTree = SDKROOT; };
		A86C3EC216B2B4FD002A50F0 /* Foundation.framework */ = {isa = PBXFileReference; lastKnownFileType = wrapper.framework; name = Foundation.framework; path = System/Library/Frameworks/Foundation.framework; sourceTree = SDKROOT; };
		A86C3EC416B2B4FD002A50F0 /* CoreGraphics.framework */ = {isa = PBXFileReference; lastKnownFileType = wrapper.framework; name = CoreGraphics.framework; path = System/Library/Frameworks/CoreGraphics.framework; sourceTree = SDKROOT; };
		A86C3EC816B2B4FD002A50F0 /* TonicDemo-Info.plist */ = {isa = PBXFileReference; lastKnownFileType = text.plist.xml; path = "TonicDemo-Info.plist"; sourceTree = "<group>"; };
		A86C3ECA16B2B4FD002A50F0 /* en */ = {isa = PBXFileReference; lastKnownFileType = text.plist.strings; name = en; path = en.lproj/InfoPlist.strings; sourceTree = "<group>"; };
		A86C3ECC16B2B4FD002A50F0 /* main.m */ = {isa = PBXFileReference; lastKnownFileType = sourcecode.c.objc; path = main.m; sourceTree = "<group>"; };
		A86C3ECE16B2B4FD002A50F0 /* TonicDemo-Prefix.pch */ = {isa = PBXFileReference; lastKnownFileType = sourcecode.c.h; path = "TonicDemo-Prefix.pch"; sourceTree = "<group>"; };
		A86C3ECF16B2B4FD002A50F0 /* TonicAppDelegate.h */ = {isa = PBXFileReference; lastKnownFileType = sourcecode.c.h; path = TonicAppDelegate.h; sourceTree = "<group>"; };
		A86C3ED016B2B4FD002A50F0 /* TonicAppDelegate.mm */ = {isa = PBXFileReference; lastKnownFileType = sourcecode.cpp.objcpp; path = TonicAppDelegate.mm; sourceTree = "<group>"; };
		A86C3ED216B2B4FD002A50F0 /* Default.png */ = {isa = PBXFileReference; lastKnownFileType = image.png; path = Default.png; sourceTree = "<group>"; };
		A86C3ED416B2B4FD002A50F0 /* Default@2x.png */ = {isa = PBXFileReference; lastKnownFileType = image.png; path = "Default@2x.png"; sourceTree = "<group>"; };
		A86C3ED616B2B4FD002A50F0 /* Default-568h@2x.png */ = {isa = PBXFileReference; lastKnownFileType = image.png; path = "Default-568h@2x.png"; sourceTree = "<group>"; };
		A86C3F1016B2B5BE002A50F0 /* AudioFileReader.h */ = {isa = PBXFileReference; fileEncoding = 4; lastKnownFileType = sourcecode.c.h; path = AudioFileReader.h; sourceTree = "<group>"; };
		A86C3F1116B2B5BE002A50F0 /* AudioFileReader.mm */ = {isa = PBXFileReference; fileEncoding = 4; lastKnownFileType = sourcecode.cpp.objcpp; path = AudioFileReader.mm; sourceTree = "<group>"; };
		A86C3F1216B2B5BE002A50F0 /* AudioFileWriter.h */ = {isa = PBXFileReference; fileEncoding = 4; lastKnownFileType = sourcecode.c.h; path = AudioFileWriter.h; sourceTree = "<group>"; };
		A86C3F1316B2B5BE002A50F0 /* AudioFileWriter.m */ = {isa = PBXFileReference; fileEncoding = 4; lastKnownFileType = sourcecode.c.objc; path = AudioFileWriter.m; sourceTree = "<group>"; };
		A86C3F1416B2B5BE002A50F0 /* Novocaine.h */ = {isa = PBXFileReference; fileEncoding = 4; lastKnownFileType = sourcecode.c.h; path = Novocaine.h; sourceTree = "<group>"; };
		A86C3F1516B2B5BE002A50F0 /* Novocaine.m */ = {isa = PBXFileReference; fileEncoding = 4; lastKnownFileType = sourcecode.c.objc; path = Novocaine.m; sourceTree = "<group>"; };
		A86C3F1616B2B5BE002A50F0 /* RingBuffer.h */ = {isa = PBXFileReference; fileEncoding = 4; lastKnownFileType = sourcecode.c.h; path = RingBuffer.h; sourceTree = "<group>"; };
		A86C3F1716B2B5BE002A50F0 /* RingBuffer.mm */ = {isa = PBXFileReference; fileEncoding = 4; lastKnownFileType = sourcecode.cpp.objcpp; path = RingBuffer.mm; sourceTree = "<group>"; };
		A86C3F1C16B2B7B8002A50F0 /* AudioToolbox.framework */ = {isa = PBXFileReference; lastKnownFileType = wrapper.framework; name = AudioToolbox.framework; path = System/Library/Frameworks/AudioToolbox.framework; sourceTree = SDKROOT; };
		A86C3F1D16B2B7B8002A50F0 /* AudioUnit.framework */ = {isa = PBXFileReference; lastKnownFileType = wrapper.framework; name = AudioUnit.framework; path = System/Library/Frameworks/AudioUnit.framework; sourceTree = SDKROOT; };
		A86C3F1E16B2B7B8002A50F0 /* CoreAudio.framework */ = {isa = PBXFileReference; lastKnownFileType = wrapper.framework; name = CoreAudio.framework; path = System/Library/Frameworks/CoreAudio.framework; sourceTree = SDKROOT; };
		A86C3F2216B2B834002A50F0 /* Accelerate.framework */ = {isa = PBXFileReference; lastKnownFileType = wrapper.framework; name = Accelerate.framework; path = System/Library/Frameworks/Accelerate.framework; sourceTree = SDKROOT; };
		A8742F3716FF666700056E1C /* ControlSnapToScale.cpp */ = {isa = PBXFileReference; fileEncoding = 4; lastKnownFileType = sourcecode.cpp.cpp; path = ControlSnapToScale.cpp; sourceTree = "<group>"; };
		A8742F3816FF666700056E1C /* ControlSnapToScale.h */ = {isa = PBXFileReference; fileEncoding = 4; lastKnownFileType = sourcecode.c.h; path = ControlSnapToScale.h; sourceTree = "<group>"; };
		A8742F3B16FF694300056E1C /* ControlOctaveSnapTestSynth.cpp */ = {isa = PBXFileReference; fileEncoding = 4; lastKnownFileType = sourcecode.cpp.cpp; path = ControlOctaveSnapTestSynth.cpp; sourceTree = "<group>"; };
		A88DA85A16F0A82800B41662 /* StereoDelay.cpp */ = {isa = PBXFileReference; fileEncoding = 4; lastKnownFileType = sourcecode.cpp.cpp; path = StereoDelay.cpp; sourceTree = "<group>"; };
		A88DA85B16F0A82800B41662 /* StereoDelay.h */ = {isa = PBXFileReference; fileEncoding = 4; lastKnownFileType = sourcecode.c.h; path = StereoDelay.h; sourceTree = "<group>"; };
		A88DA87716F1F62100B41662 /* ControlRandom.cpp */ = {isa = PBXFileReference; fileEncoding = 4; lastKnownFileType = sourcecode.cpp.cpp; path = ControlRandom.cpp; sourceTree = "<group>"; };
		A88DA87816F1F62200B41662 /* ControlRandom.h */ = {isa = PBXFileReference; fileEncoding = 4; lastKnownFileType = sourcecode.c.h; path = ControlRandom.h; sourceTree = "<group>"; };
		A88F5A7216E5729200C187E7 /* ControlConditioner.cpp */ = {isa = PBXFileReference; fileEncoding = 4; lastKnownFileType = sourcecode.cpp.cpp; path = ControlConditioner.cpp; sourceTree = "<group>"; };
		A88F5A7316E5729200C187E7 /* ControlConditioner.h */ = {isa = PBXFileReference; fileEncoding = 4; lastKnownFileType = sourcecode.c.h; path = ControlConditioner.h; sourceTree = "<group>"; };
		F20FCD4616C566F60039832A /* TableLookupOsc.cpp */ = {isa = PBXFileReference; fileEncoding = 4; lastKnownFileType = sourcecode.cpp.cpp; path = TableLookupOsc.cpp; sourceTree = "<group>"; };
		F20FCD4716C566F60039832A /* TableLookupOsc.h */ = {isa = PBXFileReference; fileEncoding = 4; lastKnownFileType = sourcecode.c.h; path = TableLookupOsc.h; sourceTree = "<group>"; };
		F20FCD4916C56EF50039832A /* SineWave.cpp */ = {isa = PBXFileReference; fileEncoding = 4; lastKnownFileType = sourcecode.cpp.cpp; path = SineWave.cpp; sourceTree = "<group>"; };
		F20FCD4A16C56EF60039832A /* SineWave.h */ = {isa = PBXFileReference; fileEncoding = 4; lastKnownFileType = sourcecode.c.h; path = SineWave.h; sourceTree = "<group>"; };
		F20FCD5016C58D5B0039832A /* TonicSynthManager.h */ = {isa = PBXFileReference; fileEncoding = 4; lastKnownFileType = sourcecode.c.h; path = TonicSynthManager.h; sourceTree = "<group>"; };
		F20FCD5116C58D5B0039832A /* TonicSynthManager.mm */ = {isa = PBXFileReference; fileEncoding = 4; lastKnownFileType = sourcecode.cpp.objcpp; path = TonicSynthManager.mm; sourceTree = "<group>"; };
		F21E19B816ECF73900B961BF /* ControlMetro.cpp */ = {isa = PBXFileReference; fileEncoding = 4; lastKnownFileType = sourcecode.cpp.cpp; path = ControlMetro.cpp; sourceTree = "<group>"; };
		F21E19B916ECF73900B961BF /* ControlMetro.h */ = {isa = PBXFileReference; fileEncoding = 4; lastKnownFileType = sourcecode.c.h; path = ControlMetro.h; sourceTree = "<group>"; };
		F2360A7616C4B4EC00A0AD7A /* Noise.h */ = {isa = PBXFileReference; fileEncoding = 4; lastKnownFileType = sourcecode.c.h; path = Noise.h; sourceTree = "<group>"; };
		F23E243F16C6C5F00082EF65 /* BufferFiller.cpp */ = {isa = PBXFileReference; fileEncoding = 4; lastKnownFileType = sourcecode.cpp.cpp; path = BufferFiller.cpp; sourceTree = "<group>"; };
		F23E244016C6C5F00082EF65 /* BufferFiller.h */ = {isa = PBXFileReference; fileEncoding = 4; lastKnownFileType = sourcecode.c.h; path = BufferFiller.h; sourceTree = "<group>"; };
		F24864F016FF842400305369 /* Compressor.cpp */ = {isa = PBXFileReference; fileEncoding = 4; lastKnownFileType = sourcecode.cpp.cpp; path = Compressor.cpp; sourceTree = "<group>"; };
		F24864F116FF842400305369 /* Compressor.h */ = {isa = PBXFileReference; fileEncoding = 4; lastKnownFileType = sourcecode.c.h; path = Compressor.h; sourceTree = "<group>"; };
		F25317DF16EBA0A100A8CFDC /* TonicTests.octest */ = {isa = PBXFileReference; explicitFileType = wrapper.cfbundle; includeInIndex = 0; path = TonicTests.octest; sourceTree = BUILT_PRODUCTS_DIR; };
		F25317E016EBA0A100A8CFDC /* SenTestingKit.framework */ = {isa = PBXFileReference; lastKnownFileType = wrapper.framework; name = SenTestingKit.framework; path = Library/Frameworks/SenTestingKit.framework; sourceTree = DEVELOPER_DIR; };
		F25317E616EBA0A100A8CFDC /* TonicTests-Info.plist */ = {isa = PBXFileReference; lastKnownFileType = text.plist.xml; path = "TonicTests-Info.plist"; sourceTree = "<group>"; };
		F25317E816EBA0A100A8CFDC /* en */ = {isa = PBXFileReference; lastKnownFileType = text.plist.strings; name = en; path = en.lproj/InfoPlist.strings; sourceTree = "<group>"; };
		F25317EA16EBA0A100A8CFDC /* TonicTests.h */ = {isa = PBXFileReference; lastKnownFileType = sourcecode.c.h; path = TonicTests.h; sourceTree = "<group>"; };
		F25317EB16EBA0A100A8CFDC /* TonicTests.mm */ = {isa = PBXFileReference; lastKnownFileType = sourcecode.cpp.objcpp; path = TonicTests.mm; sourceTree = "<group>"; };
		F25317ED16EBA0A100A8CFDC /* TonicTests-Prefix.pch */ = {isa = PBXFileReference; lastKnownFileType = sourcecode.c.h; path = "TonicTests-Prefix.pch"; sourceTree = "<group>"; };
		F253182716EBA73200A8CFDC /* StereoFixedTestGen.cpp */ = {isa = PBXFileReference; fileEncoding = 4; lastKnownFileType = sourcecode.cpp.cpp; path = StereoFixedTestGen.cpp; sourceTree = "<group>"; };
		F253182816EBA73200A8CFDC /* StereoFixedTestGen.h */ = {isa = PBXFileReference; fileEncoding = 4; lastKnownFileType = sourcecode.c.h; path = StereoFixedTestGen.h; sourceTree = "<group>"; };
		F254908E16ED35FC0022B229 /* DelayUtils.h */ = {isa = PBXFileReference; lastKnownFileType = sourcecode.c.h; path = DelayUtils.h; sourceTree = "<group>"; };
		F254908F16ED38610022B229 /* DelayUtils.cpp */ = {isa = PBXFileReference; fileEncoding = 4; lastKnownFileType = sourcecode.cpp.cpp; path = DelayUtils.cpp; sourceTree = "<group>"; };
		F254909716ED7D140022B229 /* MonoDelay.cpp */ = {isa = PBXFileReference; fileEncoding = 4; lastKnownFileType = sourcecode.cpp.cpp; path = MonoDelay.cpp; sourceTree = "<group>"; };
		F254909816ED7D140022B229 /* MonoDelay.h */ = {isa = PBXFileReference; fileEncoding = 4; lastKnownFileType = sourcecode.c.h; path = MonoDelay.h; sourceTree = "<group>"; };
		F256C8DF16C5A0BF0096574D /* SynthTestViewController.h */ = {isa = PBXFileReference; fileEncoding = 4; lastKnownFileType = sourcecode.c.h; path = SynthTestViewController.h; sourceTree = "<group>"; };
		F256C8E016C5A0BF0096574D /* SynthTestViewController.mm */ = {isa = PBXFileReference; fileEncoding = 4; lastKnownFileType = sourcecode.cpp.objcpp; path = SynthTestViewController.mm; sourceTree = "<group>"; };
		F256C8E116C5A0BF0096574D /* SynthChooserViewController.h */ = {isa = PBXFileReference; fileEncoding = 4; lastKnownFileType = sourcecode.c.h; path = SynthChooserViewController.h; sourceTree = "<group>"; };
		F256C8E216C5A0BF0096574D /* SynthChooserViewController.mm */ = {isa = PBXFileReference; fileEncoding = 4; lastKnownFileType = sourcecode.cpp.objcpp; path = SynthChooserViewController.mm; sourceTree = "<group>"; };
		F256C8E316C5A0BF0096574D /* SynthChooserViewController.xib */ = {isa = PBXFileReference; fileEncoding = 4; lastKnownFileType = file.xib; path = SynthChooserViewController.xib; sourceTree = "<group>"; };
		F256C8E716C5A6DF0096574D /* SynthTestViewController.xib */ = {isa = PBXFileReference; fileEncoding = 4; lastKnownFileType = file.xib; path = SynthTestViewController.xib; sourceTree = "<group>"; };
		F263BD2D16D55AC2008AADA6 /* FilterUtils.h */ = {isa = PBXFileReference; lastKnownFileType = sourcecode.c.h; path = FilterUtils.h; sourceTree = "<group>"; };
		F263BD2F16D56751008AADA6 /* Effect.h */ = {isa = PBXFileReference; fileEncoding = 4; lastKnownFileType = sourcecode.c.h; path = Effect.h; sourceTree = "<group>"; };
		F2759ADE16F7E0EF00347633 /* ADSRTestSynth.cpp */ = {isa = PBXFileReference; fileEncoding = 4; lastKnownFileType = sourcecode.cpp.cpp; path = ADSRTestSynth.cpp; sourceTree = "<group>"; };
		F2759ADF16F7E0EF00347633 /* DelayTestSynth.cpp */ = {isa = PBXFileReference; fileEncoding = 4; lastKnownFileType = sourcecode.cpp.cpp; path = DelayTestSynth.cpp; sourceTree = "<group>"; };
		F2759AE016F7E0EF00347633 /* FilteredNoiseSynth.cpp */ = {isa = PBXFileReference; fileEncoding = 4; lastKnownFileType = sourcecode.cpp.cpp; path = FilteredNoiseSynth.cpp; sourceTree = "<group>"; };
		F2759AE116F7E0EF00347633 /* FilterTest.cpp */ = {isa = PBXFileReference; fileEncoding = 4; lastKnownFileType = sourcecode.cpp.cpp; path = FilterTest.cpp; sourceTree = "<group>"; };
		F2759AE216F7E0EF00347633 /* FlexToothLFOTestSynth.cpp */ = {isa = PBXFileReference; fileEncoding = 4; lastKnownFileType = sourcecode.cpp.cpp; path = FlexToothLFOTestSynth.cpp; sourceTree = "<group>"; };
		F2759AE316F7E0EF00347633 /* FlexToothTestSynth.cpp */ = {isa = PBXFileReference; fileEncoding = 4; lastKnownFileType = sourcecode.cpp.cpp; path = FlexToothTestSynth.cpp; sourceTree = "<group>"; };
		F2759AE416F7E0EF00347633 /* FMDroneSynth.cpp */ = {isa = PBXFileReference; fileEncoding = 4; lastKnownFileType = sourcecode.cpp.cpp; path = FMDroneSynth.cpp; sourceTree = "<group>"; };
		F2759AE516F7E0EF00347633 /* LFNoiseTestSynth.cpp */ = {isa = PBXFileReference; fileEncoding = 4; lastKnownFileType = sourcecode.cpp.cpp; path = LFNoiseTestSynth.cpp; sourceTree = "<group>"; };
		F2759AE616F7E0EF00347633 /* MetroTestSynth.cpp */ = {isa = PBXFileReference; fileEncoding = 4; lastKnownFileType = sourcecode.cpp.cpp; path = MetroTestSynth.cpp; sourceTree = "<group>"; };
		F2759AE716F7E0EF00347633 /* PannerTest.cpp */ = {isa = PBXFileReference; fileEncoding = 4; lastKnownFileType = sourcecode.cpp.cpp; path = PannerTest.cpp; sourceTree = "<group>"; };
		F2759AE816F7E0EF00347633 /* RectWaveTestSynth.cpp */ = {isa = PBXFileReference; fileEncoding = 4; lastKnownFileType = sourcecode.cpp.cpp; path = RectWaveTestSynth.cpp; sourceTree = "<group>"; };
		F2759AE916F7E0EF00347633 /* SineAMSynth.cpp */ = {isa = PBXFileReference; fileEncoding = 4; lastKnownFileType = sourcecode.cpp.cpp; path = SineAMSynth.cpp; sourceTree = "<group>"; };
		F2759AEA16F7E0EF00347633 /* SineSumSynth.cpp */ = {isa = PBXFileReference; fileEncoding = 4; lastKnownFileType = sourcecode.cpp.cpp; path = SineSumSynth.cpp; sourceTree = "<group>"; };
		F2759AEB16F7E0EF00347633 /* StereoDelayTestSynth.cpp */ = {isa = PBXFileReference; fileEncoding = 4; lastKnownFileType = sourcecode.cpp.cpp; path = StereoDelayTestSynth.cpp; sourceTree = "<group>"; };
		F276059716ECF431006684B2 /* ADSR.cpp */ = {isa = PBXFileReference; fileEncoding = 4; lastKnownFileType = sourcecode.cpp.cpp; path = ADSR.cpp; sourceTree = "<group>"; };
		F276059816ECF431006684B2 /* ADSR.h */ = {isa = PBXFileReference; fileEncoding = 4; lastKnownFileType = sourcecode.c.h; path = ADSR.h; sourceTree = "<group>"; };
		F276059916ECF431006684B2 /* LFNoise.cpp */ = {isa = PBXFileReference; fileEncoding = 4; lastKnownFileType = sourcecode.cpp.cpp; path = LFNoise.cpp; sourceTree = "<group>"; };
		F276059A16ECF431006684B2 /* LFNoise.h */ = {isa = PBXFileReference; fileEncoding = 4; lastKnownFileType = sourcecode.c.h; path = LFNoise.h; sourceTree = "<group>"; };
		F276059B16ECF431006684B2 /* MonoToStereoPanner.cpp */ = {isa = PBXFileReference; fileEncoding = 4; lastKnownFileType = sourcecode.cpp.cpp; path = MonoToStereoPanner.cpp; sourceTree = "<group>"; };
		F276059C16ECF431006684B2 /* MonoToStereoPanner.h */ = {isa = PBXFileReference; fileEncoding = 4; lastKnownFileType = sourcecode.c.h; path = MonoToStereoPanner.h; sourceTree = "<group>"; };
		F276059D16ECF431006684B2 /* RampedValue.cpp */ = {isa = PBXFileReference; fileEncoding = 4; lastKnownFileType = sourcecode.cpp.cpp; path = RampedValue.cpp; sourceTree = "<group>"; };
		F276059E16ECF431006684B2 /* RampedValue.h */ = {isa = PBXFileReference; fileEncoding = 4; lastKnownFileType = sourcecode.c.h; path = RampedValue.h; sourceTree = "<group>"; };
		F27605A016ECF431006684B2 /* Mixer.cpp */ = {isa = PBXFileReference; fileEncoding = 4; lastKnownFileType = sourcecode.cpp.cpp; path = Mixer.cpp; sourceTree = "<group>"; };
		F27605A116ECF431006684B2 /* Mixer.h */ = {isa = PBXFileReference; fileEncoding = 4; lastKnownFileType = sourcecode.c.h; path = Mixer.h; sourceTree = "<group>"; };
		F27605A316ECF431006684B2 /* ControlFloor.cpp */ = {isa = PBXFileReference; fileEncoding = 4; lastKnownFileType = sourcecode.cpp.cpp; path = ControlFloor.cpp; sourceTree = "<group>"; };
		F27605A416ECF431006684B2 /* ControlFloor.h */ = {isa = PBXFileReference; fileEncoding = 4; lastKnownFileType = sourcecode.c.h; path = ControlFloor.h; sourceTree = "<group>"; };
		F27605A516ECF431006684B2 /* ControlMidiToFreq.cpp */ = {isa = PBXFileReference; fileEncoding = 4; lastKnownFileType = sourcecode.cpp.cpp; path = ControlMidiToFreq.cpp; sourceTree = "<group>"; };
		F27605A616ECF431006684B2 /* ControlMidiToFreq.h */ = {isa = PBXFileReference; fileEncoding = 4; lastKnownFileType = sourcecode.c.h; path = ControlMidiToFreq.h; sourceTree = "<group>"; };
		F2B2B5C316ECFBE900BBECC0 /* ControlPulse.cpp */ = {isa = PBXFileReference; fileEncoding = 4; lastKnownFileType = sourcecode.cpp.cpp; path = ControlPulse.cpp; sourceTree = "<group>"; };
		F2B2B5C416ECFBE900BBECC0 /* ControlPulse.h */ = {isa = PBXFileReference; fileEncoding = 4; lastKnownFileType = sourcecode.c.h; path = ControlPulse.h; sourceTree = "<group>"; };
		F2C9A91E16DAEFE6009D9C08 /* ControlAdder.cpp */ = {isa = PBXFileReference; fileEncoding = 4; lastKnownFileType = sourcecode.cpp.cpp; path = ControlAdder.cpp; sourceTree = "<group>"; };
		F2C9A91F16DAEFE6009D9C08 /* ControlAdder.h */ = {isa = PBXFileReference; fileEncoding = 4; lastKnownFileType = sourcecode.c.h; path = ControlAdder.h; sourceTree = "<group>"; };
		F2C9F6E616C493870090A78D /* Adder.cpp */ = {isa = PBXFileReference; fileEncoding = 4; lastKnownFileType = sourcecode.cpp.cpp; path = Adder.cpp; sourceTree = "<group>"; };
		F2C9F6E716C493870090A78D /* Adder.h */ = {isa = PBXFileReference; fileEncoding = 4; lastKnownFileType = sourcecode.c.h; path = Adder.h; sourceTree = "<group>"; };
		F2C9F6E816C493870090A78D /* FixedValue.cpp */ = {isa = PBXFileReference; fileEncoding = 4; lastKnownFileType = sourcecode.cpp.cpp; path = FixedValue.cpp; sourceTree = "<group>"; };
		F2C9F6E916C493870090A78D /* FixedValue.h */ = {isa = PBXFileReference; fileEncoding = 4; lastKnownFileType = sourcecode.c.h; path = FixedValue.h; sourceTree = "<group>"; };
		F2C9F6EA16C493870090A78D /* Generator.cpp */ = {isa = PBXFileReference; fileEncoding = 4; lastKnownFileType = sourcecode.cpp.cpp; path = Generator.cpp; sourceTree = "<group>"; };
		F2C9F6EB16C493870090A78D /* Generator.h */ = {isa = PBXFileReference; fileEncoding = 4; lastKnownFileType = sourcecode.c.h; path = Generator.h; sourceTree = "<group>"; };
		F2C9F6EE16C493870090A78D /* Multiplier.cpp */ = {isa = PBXFileReference; fileEncoding = 4; lastKnownFileType = sourcecode.cpp.cpp; path = Multiplier.cpp; sourceTree = "<group>"; };
		F2C9F6EF16C493870090A78D /* Multiplier.h */ = {isa = PBXFileReference; fileEncoding = 4; lastKnownFileType = sourcecode.c.h; path = Multiplier.h; sourceTree = "<group>"; };
		F2C9F6F016C493870090A78D /* Synth.cpp */ = {isa = PBXFileReference; fileEncoding = 4; lastKnownFileType = sourcecode.cpp.cpp; path = Synth.cpp; sourceTree = "<group>"; };
		F2C9F6F116C493870090A78D /* Synth.h */ = {isa = PBXFileReference; fileEncoding = 4; lastKnownFileType = sourcecode.c.h; path = Synth.h; sourceTree = "<group>"; };
		F2C9F6F216C493870090A78D /* TonicCore.h */ = {isa = PBXFileReference; fileEncoding = 4; lastKnownFileType = sourcecode.c.h; path = TonicCore.h; sourceTree = "<group>"; };
		F2C9F6F316C493870090A78D /* TonicFrames.cpp */ = {isa = PBXFileReference; fileEncoding = 4; lastKnownFileType = sourcecode.cpp.cpp; path = TonicFrames.cpp; sourceTree = "<group>"; };
		F2C9F6F416C493870090A78D /* TonicFrames.h */ = {isa = PBXFileReference; fileEncoding = 4; lastKnownFileType = sourcecode.c.h; path = TonicFrames.h; sourceTree = "<group>"; };
/* End PBXFileReference section */

/* Begin PBXFrameworksBuildPhase section */
		A86C3EB916B2B4FC002A50F0 /* Frameworks */ = {
			isa = PBXFrameworksBuildPhase;
			buildActionMask = 2147483647;
			files = (
				A86C3F2316B2B834002A50F0 /* Accelerate.framework in Frameworks */,
				A86C3F1F16B2B7B8002A50F0 /* AudioToolbox.framework in Frameworks */,
				A86C3F2116B2B7B8002A50F0 /* CoreAudio.framework in Frameworks */,
				A86C3EC116B2B4FD002A50F0 /* UIKit.framework in Frameworks */,
				A86C3EC316B2B4FD002A50F0 /* Foundation.framework in Frameworks */,
				A86C3EC516B2B4FD002A50F0 /* CoreGraphics.framework in Frameworks */,
			);
			runOnlyForDeploymentPostprocessing = 0;
		};
		F25317DB16EBA0A100A8CFDC /* Frameworks */ = {
			isa = PBXFrameworksBuildPhase;
			buildActionMask = 2147483647;
			files = (
				F253182616EBA34500A8CFDC /* Accelerate.framework in Frameworks */,
				F25317E116EBA0A100A8CFDC /* SenTestingKit.framework in Frameworks */,
				F25317E216EBA0A100A8CFDC /* UIKit.framework in Frameworks */,
				F25317E316EBA0A100A8CFDC /* Foundation.framework in Frameworks */,
			);
			runOnlyForDeploymentPostprocessing = 0;
		};
/* End PBXFrameworksBuildPhase section */

/* Begin PBXGroup section */
		A82437CE16CA7A24000677C7 /* Tests */ = {
			isa = PBXGroup;
			children = (
				A82437CF16CA7A25000677C7 /* Tests.h */,
			);
			path = Tests;
			sourceTree = "<group>";
		};
		A86C3EB116B2B4FC002A50F0 = {
			isa = PBXGroup;
			children = (
				A86C3EC616B2B4FD002A50F0 /* TonicDemo */,
				F25317E416EBA0A100A8CFDC /* TonicTests */,
				A86C3EBF16B2B4FD002A50F0 /* Frameworks */,
				A86C3EBD16B2B4FD002A50F0 /* Products */,
			);
			sourceTree = "<group>";
		};
		A86C3EBD16B2B4FD002A50F0 /* Products */ = {
			isa = PBXGroup;
			children = (
				A86C3EBC16B2B4FD002A50F0 /* TonicDemo.app */,
				F25317DF16EBA0A100A8CFDC /* TonicTests.octest */,
			);
			name = Products;
			sourceTree = "<group>";
		};
		A86C3EBF16B2B4FD002A50F0 /* Frameworks */ = {
			isa = PBXGroup;
			children = (
				A86C3F2216B2B834002A50F0 /* Accelerate.framework */,
				A86C3F1C16B2B7B8002A50F0 /* AudioToolbox.framework */,
				A86C3F1D16B2B7B8002A50F0 /* AudioUnit.framework */,
				A86C3F1E16B2B7B8002A50F0 /* CoreAudio.framework */,
				A86C3EC016B2B4FD002A50F0 /* UIKit.framework */,
				A86C3EC216B2B4FD002A50F0 /* Foundation.framework */,
				A86C3EC416B2B4FD002A50F0 /* CoreGraphics.framework */,
				F25317E016EBA0A100A8CFDC /* SenTestingKit.framework */,
			);
			name = Frameworks;
			sourceTree = "<group>";
		};
		A86C3EC616B2B4FD002A50F0 /* TonicDemo */ = {
			isa = PBXGroup;
			children = (
				A86C3EE616B2B508002A50F0 /* Audio */,
				A86C3ECF16B2B4FD002A50F0 /* TonicAppDelegate.h */,
				A86C3ED016B2B4FD002A50F0 /* TonicAppDelegate.mm */,
				F256C8DE16C5A0BF0096574D /* ViewControllers */,
				A86C3EC716B2B4FD002A50F0 /* Supporting Files */,
			);
			path = TonicDemo;
			sourceTree = "<group>";
		};
		A86C3EC716B2B4FD002A50F0 /* Supporting Files */ = {
			isa = PBXGroup;
			children = (
				A86C3EC816B2B4FD002A50F0 /* TonicDemo-Info.plist */,
				A86C3EC916B2B4FD002A50F0 /* InfoPlist.strings */,
				A86C3ECC16B2B4FD002A50F0 /* main.m */,
				A86C3ECE16B2B4FD002A50F0 /* TonicDemo-Prefix.pch */,
				A86C3ED216B2B4FD002A50F0 /* Default.png */,
				A86C3ED416B2B4FD002A50F0 /* Default@2x.png */,
				A86C3ED616B2B4FD002A50F0 /* Default-568h@2x.png */,
			);
			name = "Supporting Files";
			sourceTree = "<group>";
		};
		A86C3EE616B2B508002A50F0 /* Audio */ = {
			isa = PBXGroup;
			children = (
				F2759ADD16F7E0EF00347633 /* Demo Synths */,
				A86C3F0F16B2B5BE002A50F0 /* Novocaine */,
				F20FCD4E16C58D3E0039832A /* TonicWrappers */,
				A86C3EE716B2B549002A50F0 /* Tonic */,
			);
			name = Audio;
			sourceTree = "<group>";
		};
		A86C3EE716B2B549002A50F0 /* Tonic */ = {
			isa = PBXGroup;
			children = (
				F2C9F6E516C493870090A78D /* Core */,
				F254908D16ED35E90022B229 /* DelayEffects */,
				F263BD2916D54E5E008AADA6 /* Filters */,
				F2C9F6F516C493870090A78D /* Oscillators */,
				A82437CE16CA7A24000677C7 /* Tests */,
				F2C9F6F816C493870090A78D /* Utils */,
				017BF2C616DB24C400FA1046 /* Tonic.h */,
			);
			name = Tonic;
			path = ../../../../Tonic;
			sourceTree = "<group>";
		};
		A86C3F0F16B2B5BE002A50F0 /* Novocaine */ = {
			isa = PBXGroup;
			children = (
				A86C3F1016B2B5BE002A50F0 /* AudioFileReader.h */,
				A86C3F1116B2B5BE002A50F0 /* AudioFileReader.mm */,
				A86C3F1216B2B5BE002A50F0 /* AudioFileWriter.h */,
				A86C3F1316B2B5BE002A50F0 /* AudioFileWriter.m */,
				A86C3F1416B2B5BE002A50F0 /* Novocaine.h */,
				A86C3F1516B2B5BE002A50F0 /* Novocaine.m */,
				A86C3F1616B2B5BE002A50F0 /* RingBuffer.h */,
				A86C3F1716B2B5BE002A50F0 /* RingBuffer.mm */,
			);
			path = Novocaine;
			sourceTree = "<group>";
		};
		F20FCD4E16C58D3E0039832A /* TonicWrappers */ = {
			isa = PBXGroup;
			children = (
				F20FCD4F16C58D3E0039832A /* Obj-C */,
			);
			name = TonicWrappers;
			path = ../../../../TonicWrappers;
			sourceTree = "<group>";
		};
		F20FCD4F16C58D3E0039832A /* Obj-C */ = {
			isa = PBXGroup;
			children = (
				F20FCD5016C58D5B0039832A /* TonicSynthManager.h */,
				F20FCD5116C58D5B0039832A /* TonicSynthManager.mm */,
			);
			path = "Obj-C";
			sourceTree = "<group>";
		};
		F25317E416EBA0A100A8CFDC /* TonicTests */ = {
			isa = PBXGroup;
			children = (
				F25317EA16EBA0A100A8CFDC /* TonicTests.h */,
				F25317EB16EBA0A100A8CFDC /* TonicTests.mm */,
				F253182716EBA73200A8CFDC /* StereoFixedTestGen.cpp */,
				F253182816EBA73200A8CFDC /* StereoFixedTestGen.h */,
				F25317E516EBA0A100A8CFDC /* Supporting Files */,
			);
			path = TonicTests;
			sourceTree = "<group>";
		};
		F25317E516EBA0A100A8CFDC /* Supporting Files */ = {
			isa = PBXGroup;
			children = (
				F25317E616EBA0A100A8CFDC /* TonicTests-Info.plist */,
				F25317E716EBA0A100A8CFDC /* InfoPlist.strings */,
				F25317ED16EBA0A100A8CFDC /* TonicTests-Prefix.pch */,
			);
			name = "Supporting Files";
			sourceTree = "<group>";
		};
		F254908D16ED35E90022B229 /* DelayEffects */ = {
			isa = PBXGroup;
			children = (
				A88DA85A16F0A82800B41662 /* StereoDelay.cpp */,
				A88DA85B16F0A82800B41662 /* StereoDelay.h */,
				F254908F16ED38610022B229 /* DelayUtils.cpp */,
				F254908E16ED35FC0022B229 /* DelayUtils.h */,
				F254909716ED7D140022B229 /* MonoDelay.cpp */,
				F254909816ED7D140022B229 /* MonoDelay.h */,
			);
			path = DelayEffects;
			sourceTree = "<group>";
		};
		F256C8DE16C5A0BF0096574D /* ViewControllers */ = {
			isa = PBXGroup;
			children = (
				F256C8E116C5A0BF0096574D /* SynthChooserViewController.h */,
				F256C8E216C5A0BF0096574D /* SynthChooserViewController.mm */,
				F256C8E316C5A0BF0096574D /* SynthChooserViewController.xib */,
				F256C8DF16C5A0BF0096574D /* SynthTestViewController.h */,
				F256C8E016C5A0BF0096574D /* SynthTestViewController.mm */,
				F256C8E716C5A6DF0096574D /* SynthTestViewController.xib */,
			);
			path = ViewControllers;
			sourceTree = "<group>";
		};
		F263BD2916D54E5E008AADA6 /* Filters */ = {
			isa = PBXGroup;
			children = (
				9A1589EF16D7E1D200E2BC81 /* Filters.cpp */,
				9A1589F016D7E1D200E2BC81 /* Filters.h */,
				F263BD2D16D55AC2008AADA6 /* FilterUtils.h */,
			);
			path = Filters;
			sourceTree = "<group>";
		};
		F2759ADD16F7E0EF00347633 /* Demo Synths */ = {
			isa = PBXGroup;
			children = (
				F2759ADE16F7E0EF00347633 /* ADSRTestSynth.cpp */,
				F2759ADF16F7E0EF00347633 /* DelayTestSynth.cpp */,
				F2759AE016F7E0EF00347633 /* FilteredNoiseSynth.cpp */,
				F2759AE116F7E0EF00347633 /* FilterTest.cpp */,
				F2759AE216F7E0EF00347633 /* FlexToothLFOTestSynth.cpp */,
				F2759AE316F7E0EF00347633 /* FlexToothTestSynth.cpp */,
				F2759AE416F7E0EF00347633 /* FMDroneSynth.cpp */,
				F2759AE516F7E0EF00347633 /* LFNoiseTestSynth.cpp */,
				F2759AE616F7E0EF00347633 /* MetroTestSynth.cpp */,
				F2759AE716F7E0EF00347633 /* PannerTest.cpp */,
				F2759AE816F7E0EF00347633 /* RectWaveTestSynth.cpp */,
				F2759AE916F7E0EF00347633 /* SineAMSynth.cpp */,
				F2759AEA16F7E0EF00347633 /* SineSumSynth.cpp */,
				F2759AEB16F7E0EF00347633 /* StereoDelayTestSynth.cpp */,
				A8742F3B16FF694300056E1C /* ControlOctaveSnapTestSynth.cpp */,
			);
			path = "Demo Synths";
			sourceTree = "<group>";
		};
		F276059616ECF431006684B2 /* Audio */ = {
			isa = PBXGroup;
			children = (
				F276059716ECF431006684B2 /* ADSR.cpp */,
				F276059816ECF431006684B2 /* ADSR.h */,
				F276059916ECF431006684B2 /* LFNoise.cpp */,
				F276059A16ECF431006684B2 /* LFNoise.h */,
				F276059B16ECF431006684B2 /* MonoToStereoPanner.cpp */,
				F276059C16ECF431006684B2 /* MonoToStereoPanner.h */,
				F276059D16ECF431006684B2 /* RampedValue.cpp */,
				F276059E16ECF431006684B2 /* RampedValue.h */,
				F24864F016FF842400305369 /* Compressor.cpp */,
				F24864F116FF842400305369 /* Compressor.h */,
			);
			path = Audio;
			sourceTree = "<group>";
		};
		F276059F16ECF431006684B2 /* BufferFiller */ = {
			isa = PBXGroup;
			children = (
				F27605A016ECF431006684B2 /* Mixer.cpp */,
				F27605A116ECF431006684B2 /* Mixer.h */,
			);
			path = BufferFiller;
			sourceTree = "<group>";
		};
		F27605A216ECF431006684B2 /* Control */ = {
			isa = PBXGroup;
			children = (
				A8742F3716FF666700056E1C /* ControlSnapToScale.cpp */,
				A8742F3816FF666700056E1C /* ControlSnapToScale.h */,
				F27605A316ECF431006684B2 /* ControlFloor.cpp */,
				F27605A416ECF431006684B2 /* ControlFloor.h */,
				F27605A516ECF431006684B2 /* ControlMidiToFreq.cpp */,
				F27605A616ECF431006684B2 /* ControlMidiToFreq.h */,
				F21E19B816ECF73900B961BF /* ControlMetro.cpp */,
				F21E19B916ECF73900B961BF /* ControlMetro.h */,
				F2B2B5C316ECFBE900BBECC0 /* ControlPulse.cpp */,
				F2B2B5C416ECFBE900BBECC0 /* ControlPulse.h */,
				A88DA87716F1F62100B41662 /* ControlRandom.cpp */,
				A88DA87816F1F62200B41662 /* ControlRandom.h */,
			);
			path = Control;
			sourceTree = "<group>";
		};
		F2C9F6E516C493870090A78D /* Core */ = {
			isa = PBXGroup;
			children = (
				F2C9F6E616C493870090A78D /* Adder.cpp */,
				F2C9F6E716C493870090A78D /* Adder.h */,
				F23E243F16C6C5F00082EF65 /* BufferFiller.cpp */,
				F23E244016C6C5F00082EF65 /* BufferFiller.h */,
				F2C9A91E16DAEFE6009D9C08 /* ControlAdder.cpp */,
				F2C9A91F16DAEFE6009D9C08 /* ControlAdder.h */,
				A88F5A7216E5729200C187E7 /* ControlConditioner.cpp */,
				A88F5A7316E5729200C187E7 /* ControlConditioner.h */,
				A82437DA16CB36A8000677C7 /* ControlGenerator.cpp */,
				A82437D816CB3010000677C7 /* ControlGenerator.h */,
				017BF2C716DBAE5000FA1046 /* ControlMultiplier.cpp */,
				017BF2C816DBAE5100FA1046 /* ControlMultiplier.h */,
				A82437C716CA7470000677C7 /* ControlValue.cpp */,
				A82437C816CA7470000677C7 /* ControlValue.h */,
				F263BD2F16D56751008AADA6 /* Effect.h */,
				F2C9F6E816C493870090A78D /* FixedValue.cpp */,
				F2C9F6E916C493870090A78D /* FixedValue.h */,
				F2C9F6EA16C493870090A78D /* Generator.cpp */,
				F2C9F6EB16C493870090A78D /* Generator.h */,
				F2C9F6EE16C493870090A78D /* Multiplier.cpp */,
				F2C9F6EF16C493870090A78D /* Multiplier.h */,
				F2C9F6F016C493870090A78D /* Synth.cpp */,
				F2C9F6F116C493870090A78D /* Synth.h */,
				F2C9F6F216C493870090A78D /* TonicCore.h */,
				F2C9F6F316C493870090A78D /* TonicFrames.cpp */,
				F2C9F6F416C493870090A78D /* TonicFrames.h */,
			);
			path = Core;
			sourceTree = "<group>";
		};
		F2C9F6F516C493870090A78D /* Oscillators */ = {
			isa = PBXGroup;
			children = (
				F2360A7616C4B4EC00A0AD7A /* Noise.h */,
				01428B3616E978CA00E67802 /* Noise.cpp */,
				F20FCD4616C566F60039832A /* TableLookupOsc.cpp */,
				F20FCD4716C566F60039832A /* TableLookupOsc.h */,
				F20FCD4916C56EF50039832A /* SineWave.cpp */,
				F20FCD4A16C56EF60039832A /* SineWave.h */,
				01F540BF16E2EE8B00F85B98 /* RectWave.cpp */,
				01F540C016E2EE8B00F85B98 /* RectWave.h */,
				0116165316E2FB2900952A7F /* FlexToothWave.cpp */,
				0116165416E2FB2900952A7F /* FlexToothWave.h */,
			);
			path = Oscillators;
			sourceTree = "<group>";
		};
		F2C9F6F816C493870090A78D /* Utils */ = {
			isa = PBXGroup;
			children = (
				F276059616ECF431006684B2 /* Audio */,
				F276059F16ECF431006684B2 /* BufferFiller */,
				F27605A216ECF431006684B2 /* Control */,
			);
			path = Utils;
			sourceTree = "<group>";
		};
/* End PBXGroup section */

/* Begin PBXNativeTarget section */
		A86C3EBB16B2B4FC002A50F0 /* TonicDemo */ = {
			isa = PBXNativeTarget;
			buildConfigurationList = A86C3EE316B2B4FD002A50F0 /* Build configuration list for PBXNativeTarget "TonicDemo" */;
			buildPhases = (
				A86C3EB816B2B4FC002A50F0 /* Sources */,
				A86C3EB916B2B4FC002A50F0 /* Frameworks */,
				A86C3EBA16B2B4FC002A50F0 /* Resources */,
			);
			buildRules = (
			);
			dependencies = (
			);
			name = TonicDemo;
			productName = TonicDemo;
			productReference = A86C3EBC16B2B4FD002A50F0 /* TonicDemo.app */;
			productType = "com.apple.product-type.application";
		};
		F25317DE16EBA0A100A8CFDC /* TonicTests */ = {
			isa = PBXNativeTarget;
			buildConfigurationList = F25317F016EBA0A100A8CFDC /* Build configuration list for PBXNativeTarget "TonicTests" */;
			buildPhases = (
				F25317DA16EBA0A100A8CFDC /* Sources */,
				F25317DB16EBA0A100A8CFDC /* Frameworks */,
				F25317DC16EBA0A100A8CFDC /* Resources */,
				F25317DD16EBA0A100A8CFDC /* ShellScript */,
			);
			buildRules = (
			);
			dependencies = (
			);
			name = TonicTests;
			productName = TonicTests;
			productReference = F25317DF16EBA0A100A8CFDC /* TonicTests.octest */;
			productType = "com.apple.product-type.bundle";
		};
/* End PBXNativeTarget section */

/* Begin PBXProject section */
		A86C3EB316B2B4FC002A50F0 /* Project object */ = {
			isa = PBXProject;
			attributes = {
				CLASSPREFIX = Tonic;
				LastUpgradeCheck = 0450;
				ORGANIZATIONNAME = "Morgan Packard";
			};
			buildConfigurationList = A86C3EB616B2B4FC002A50F0 /* Build configuration list for PBXProject "TonicDemo" */;
			compatibilityVersion = "Xcode 3.2";
			developmentRegion = English;
			hasScannedForEncodings = 0;
			knownRegions = (
				en,
			);
			mainGroup = A86C3EB116B2B4FC002A50F0;
			productRefGroup = A86C3EBD16B2B4FD002A50F0 /* Products */;
			projectDirPath = "";
			projectRoot = "";
			targets = (
				A86C3EBB16B2B4FC002A50F0 /* TonicDemo */,
				F25317DE16EBA0A100A8CFDC /* TonicTests */,
			);
		};
/* End PBXProject section */

/* Begin PBXResourcesBuildPhase section */
		A86C3EBA16B2B4FC002A50F0 /* Resources */ = {
			isa = PBXResourcesBuildPhase;
			buildActionMask = 2147483647;
			files = (
				A86C3ECB16B2B4FD002A50F0 /* InfoPlist.strings in Resources */,
				A86C3ED316B2B4FD002A50F0 /* Default.png in Resources */,
				A86C3ED516B2B4FD002A50F0 /* Default@2x.png in Resources */,
				A86C3ED716B2B4FD002A50F0 /* Default-568h@2x.png in Resources */,
				F256C8E616C5A0BF0096574D /* SynthChooserViewController.xib in Resources */,
				F256C8E816C5A6DF0096574D /* SynthTestViewController.xib in Resources */,
			);
			runOnlyForDeploymentPostprocessing = 0;
		};
		F25317DC16EBA0A100A8CFDC /* Resources */ = {
			isa = PBXResourcesBuildPhase;
			buildActionMask = 2147483647;
			files = (
				F25317E916EBA0A100A8CFDC /* InfoPlist.strings in Resources */,
			);
			runOnlyForDeploymentPostprocessing = 0;
		};
/* End PBXResourcesBuildPhase section */

/* Begin PBXShellScriptBuildPhase section */
		F25317DD16EBA0A100A8CFDC /* ShellScript */ = {
			isa = PBXShellScriptBuildPhase;
			buildActionMask = 2147483647;
			files = (
			);
			inputPaths = (
			);
			outputPaths = (
			);
			runOnlyForDeploymentPostprocessing = 0;
			shellPath = /bin/sh;
			shellScript = "# Run the unit tests in this test bundle.\n\"${SYSTEM_DEVELOPER_DIR}/Tools/RunUnitTests\"\n";
		};
/* End PBXShellScriptBuildPhase section */

/* Begin PBXSourcesBuildPhase section */
		A86C3EB816B2B4FC002A50F0 /* Sources */ = {
			isa = PBXSourcesBuildPhase;
			buildActionMask = 2147483647;
			files = (
				A82437DB16CB3753000677C7 /* ControlGenerator.cpp in Sources */,
				A86C3ECD16B2B4FD002A50F0 /* main.m in Sources */,
				A86C3ED116B2B4FD002A50F0 /* TonicAppDelegate.mm in Sources */,
				A86C3F1816B2B5BE002A50F0 /* AudioFileReader.mm in Sources */,
				A86C3F1916B2B5BE002A50F0 /* AudioFileWriter.m in Sources */,
				A86C3F1A16B2B5BE002A50F0 /* Novocaine.m in Sources */,
				A86C3F1B16B2B5BE002A50F0 /* RingBuffer.mm in Sources */,
				F2C9F6F916C493870090A78D /* Adder.cpp in Sources */,
				F2C9F6FA16C493870090A78D /* FixedValue.cpp in Sources */,
				F2C9F6FB16C493870090A78D /* Generator.cpp in Sources */,
				F2C9F6FD16C493870090A78D /* Multiplier.cpp in Sources */,
				F2C9F6FE16C493870090A78D /* Synth.cpp in Sources */,
				F2C9F6FF16C493870090A78D /* TonicFrames.cpp in Sources */,
				F20FCD4816C566F60039832A /* TableLookupOsc.cpp in Sources */,
				F20FCD4B16C56EF60039832A /* SineWave.cpp in Sources */,
				A82437C916CA7470000677C7 /* ControlValue.cpp in Sources */,
				F20FCD5216C58D5B0039832A /* TonicSynthManager.mm in Sources */,
				F256C8E416C5A0BF0096574D /* SynthTestViewController.mm in Sources */,
				F256C8E516C5A0BF0096574D /* SynthChooserViewController.mm in Sources */,
				F23E244116C6C5F10082EF65 /* BufferFiller.cpp in Sources */,
				9A1589F116D7E1D200E2BC81 /* Filters.cpp in Sources */,
				F2C9A92016DAEFE6009D9C08 /* ControlAdder.cpp in Sources */,
				017BF2C916DBAE5200FA1046 /* ControlMultiplier.cpp in Sources */,
				01F540C116E2EE8B00F85B98 /* RectWave.cpp in Sources */,
				0116165516E2FB2900952A7F /* FlexToothWave.cpp in Sources */,
				01428B3716E978CA00E67802 /* Noise.cpp in Sources */,
				A88F5A7416E5729200C187E7 /* ControlConditioner.cpp in Sources */,
				A88DA86616F0AA7400B41662 /* Mixer.cpp in Sources */,
				A88DA86816F0AA7A00B41662 /* RampedValue.cpp in Sources */,
				A88DA86A16F0AA7E00B41662 /* MonoToStereoPanner.cpp in Sources */,
				A88DA86C16F0AA8200B41662 /* LFNoise.cpp in Sources */,
				A88DA86E16F0AA8600B41662 /* ADSR.cpp in Sources */,
				A88DA87016F0AA9900B41662 /* DelayUtils.cpp in Sources */,
				A88DA87216F0AA9D00B41662 /* MonoDelay.cpp in Sources */,
				A88DA87916F1F62300B41662 /* ControlRandom.cpp in Sources */,
				F2759AEC16F7E0EF00347633 /* ADSRTestSynth.cpp in Sources */,
				F2759AED16F7E0EF00347633 /* DelayTestSynth.cpp in Sources */,
				F2759AEE16F7E0EF00347633 /* FilteredNoiseSynth.cpp in Sources */,
				F2759AEF16F7E0EF00347633 /* FilterTest.cpp in Sources */,
				F2759AF016F7E0EF00347633 /* FlexToothLFOTestSynth.cpp in Sources */,
				F2759AF116F7E0EF00347633 /* FlexToothTestSynth.cpp in Sources */,
				F2759AF216F7E0EF00347633 /* FMDroneSynth.cpp in Sources */,
				F2759AF316F7E0EF00347633 /* LFNoiseTestSynth.cpp in Sources */,
				F2759AF416F7E0EF00347633 /* MetroTestSynth.cpp in Sources */,
				F2759AF516F7E0EF00347633 /* PannerTest.cpp in Sources */,
				F2759AF616F7E0EF00347633 /* RectWaveTestSynth.cpp in Sources */,
				F2759AF716F7E0EF00347633 /* SineAMSynth.cpp in Sources */,
				F2759AF816F7E0EF00347633 /* SineSumSynth.cpp in Sources */,
				F2759AF916F7E0EF00347633 /* StereoDelayTestSynth.cpp in Sources */,
				F2759AFA16F7E17D00347633 /* StereoDelay.cpp in Sources */,
				F2759AFB16F7E18D00347633 /* ControlFloor.cpp in Sources */,
				F2759AFC16F7E19000347633 /* ControlMidiToFreq.cpp in Sources */,
				F2759AFD16F7E19400347633 /* ControlMetro.cpp in Sources */,
				F2759AFF16F7E19900347633 /* ControlPulse.cpp in Sources */,
				A8742F3916FF666700056E1C /* ControlSnapToScale.cpp in Sources */,
				A8742F3C16FF694300056E1C /* ControlOctaveSnapTestSynth.cpp in Sources */,
				F24864F216FF842400305369 /* Compressor.cpp in Sources */,
			);
			runOnlyForDeploymentPostprocessing = 0;
		};
		F25317DA16EBA0A100A8CFDC /* Sources */ = {
			isa = PBXSourcesBuildPhase;
			buildActionMask = 2147483647;
			files = (
				F25317F116EBA32100A8CFDC /* Adder.cpp in Sources */,
				F25317F316EBA32100A8CFDC /* BufferFiller.cpp in Sources */,
				F25317F516EBA32100A8CFDC /* ControlAdder.cpp in Sources */,
				F25317F716EBA32100A8CFDC /* ControlGenerator.cpp in Sources */,
				F25317F916EBA32100A8CFDC /* ControlMultiplier.cpp in Sources */,
				F25317FB16EBA32100A8CFDC /* ControlValue.cpp in Sources */,
				F25317FE16EBA32100A8CFDC /* FixedValue.cpp in Sources */,
				F253180016EBA32100A8CFDC /* Generator.cpp in Sources */,
				F253180216EBA32100A8CFDC /* Multiplier.cpp in Sources */,
				F253180416EBA32100A8CFDC /* Synth.cpp in Sources */,
				F253180716EBA32100A8CFDC /* TonicFrames.cpp in Sources */,
				F253180916EBA32100A8CFDC /* ControlConditioner.cpp in Sources */,
				F25317EC16EBA0A100A8CFDC /* TonicTests.mm in Sources */,
				F253182916EBA73200A8CFDC /* StereoFixedTestGen.cpp in Sources */,
				F2759B0016F7E1D300347633 /* MonoToStereoPanner.cpp in Sources */,
				F2759B0116F7E1D600347633 /* RampedValue.cpp in Sources */,
				A8742F3A16FF666700056E1C /* ControlSnapToScale.cpp in Sources */,
				A8742F3D16FF694300056E1C /* ControlOctaveSnapTestSynth.cpp in Sources */,
			);
			runOnlyForDeploymentPostprocessing = 0;
		};
/* End PBXSourcesBuildPhase section */

/* Begin PBXVariantGroup section */
		A86C3EC916B2B4FD002A50F0 /* InfoPlist.strings */ = {
			isa = PBXVariantGroup;
			children = (
				A86C3ECA16B2B4FD002A50F0 /* en */,
			);
			name = InfoPlist.strings;
			sourceTree = "<group>";
		};
		F25317E716EBA0A100A8CFDC /* InfoPlist.strings */ = {
			isa = PBXVariantGroup;
			children = (
				F25317E816EBA0A100A8CFDC /* en */,
			);
			name = InfoPlist.strings;
			sourceTree = "<group>";
		};
/* End PBXVariantGroup section */

/* Begin XCBuildConfiguration section */
		A86C3EE116B2B4FD002A50F0 /* Debug */ = {
			isa = XCBuildConfiguration;
			buildSettings = {
				ALWAYS_SEARCH_USER_PATHS = NO;
				CLANG_CXX_LANGUAGE_STANDARD = "gnu++0x";
				CLANG_CXX_LIBRARY = "libc++";
				CLANG_ENABLE_OBJC_ARC = NO;
				CLANG_WARN_EMPTY_BODY = YES;
				CLANG_WARN__DUPLICATE_METHOD_MATCH = YES;
				"CODE_SIGN_IDENTITY[sdk=iphoneos*]" = "iPhone Developer";
				COPY_PHASE_STRIP = NO;
				GCC_C_LANGUAGE_STANDARD = gnu99;
				GCC_DYNAMIC_NO_PIC = NO;
				GCC_OPTIMIZATION_LEVEL = 0;
				GCC_PREPROCESSOR_DEFINITIONS = (
					"DEBUG=1",
					"$(inherited)",
				);
				GCC_SYMBOLS_PRIVATE_EXTERN = NO;
				GCC_WARN_ABOUT_RETURN_TYPE = YES;
				GCC_WARN_UNINITIALIZED_AUTOS = YES;
				GCC_WARN_UNUSED_VARIABLE = YES;
				IPHONEOS_DEPLOYMENT_TARGET = 5.1;
				ONLY_ACTIVE_ARCH = YES;
				SDKROOT = iphoneos;
				TARGETED_DEVICE_FAMILY = "1,2";
			};
			name = Debug;
		};
		A86C3EE216B2B4FD002A50F0 /* Release */ = {
			isa = XCBuildConfiguration;
			buildSettings = {
				ALWAYS_SEARCH_USER_PATHS = NO;
				CLANG_CXX_LANGUAGE_STANDARD = "gnu++0x";
				CLANG_CXX_LIBRARY = "libc++";
				CLANG_ENABLE_OBJC_ARC = NO;
				CLANG_WARN_EMPTY_BODY = YES;
				CLANG_WARN__DUPLICATE_METHOD_MATCH = YES;
				"CODE_SIGN_IDENTITY[sdk=iphoneos*]" = "iPhone Developer";
				COPY_PHASE_STRIP = YES;
				GCC_C_LANGUAGE_STANDARD = gnu99;
				GCC_WARN_ABOUT_RETURN_TYPE = YES;
				GCC_WARN_UNINITIALIZED_AUTOS = YES;
				GCC_WARN_UNUSED_VARIABLE = YES;
				IPHONEOS_DEPLOYMENT_TARGET = 5.1;
				OTHER_CFLAGS = "-DNS_BLOCK_ASSERTIONS=1";
				SDKROOT = iphoneos;
				TARGETED_DEVICE_FAMILY = "1,2";
				VALIDATE_PRODUCT = YES;
			};
			name = Release;
		};
		A86C3EE416B2B4FD002A50F0 /* Debug */ = {
			isa = XCBuildConfiguration;
			buildSettings = {
				CLANG_CXX_LIBRARY = "libc++";
				CLANG_ENABLE_OBJC_ARC = YES;
				GCC_PRECOMPILE_PREFIX_HEADER = YES;
				GCC_PREFIX_HEADER = "TonicDemo/TonicDemo-Prefix.pch";
				GCC_VERSION = com.apple.compilers.llvm.clang.1_0;
				INFOPLIST_FILE = "TonicDemo/TonicDemo-Info.plist";
				PRODUCT_NAME = "$(TARGET_NAME)";
				WRAPPER_EXTENSION = app;
			};
			name = Debug;
		};
		A86C3EE516B2B4FD002A50F0 /* Release */ = {
			isa = XCBuildConfiguration;
			buildSettings = {
				CLANG_CXX_LIBRARY = "libc++";
				CLANG_ENABLE_OBJC_ARC = YES;
				GCC_PRECOMPILE_PREFIX_HEADER = YES;
				GCC_PREFIX_HEADER = "TonicDemo/TonicDemo-Prefix.pch";
				GCC_VERSION = com.apple.compilers.llvm.clang.1_0;
				INFOPLIST_FILE = "TonicDemo/TonicDemo-Info.plist";
				PRODUCT_NAME = "$(TARGET_NAME)";
				WRAPPER_EXTENSION = app;
			};
			name = Release;
		};
		F25317EE16EBA0A100A8CFDC /* Debug */ = {
			isa = XCBuildConfiguration;
			buildSettings = {
				CLANG_ENABLE_OBJC_ARC = YES;
				CLANG_WARN_CONSTANT_CONVERSION = YES;
				CLANG_WARN_ENUM_CONVERSION = YES;
				CLANG_WARN_INT_CONVERSION = YES;
				FRAMEWORK_SEARCH_PATHS = (
					"\"$(SDKROOT)/Developer/Library/Frameworks\"",
					"\"$(DEVELOPER_LIBRARY_DIR)/Frameworks\"",
				);
				GCC_PRECOMPILE_PREFIX_HEADER = YES;
				GCC_PREFIX_HEADER = "TonicTests/TonicTests-Prefix.pch";
				INFOPLIST_FILE = "TonicTests/TonicTests-Info.plist";
				IPHONEOS_DEPLOYMENT_TARGET = 6.1;
				PRODUCT_NAME = "$(TARGET_NAME)";
				WRAPPER_EXTENSION = octest;
			};
			name = Debug;
		};
		F25317EF16EBA0A100A8CFDC /* Release */ = {
			isa = XCBuildConfiguration;
			buildSettings = {
				CLANG_ENABLE_OBJC_ARC = YES;
				CLANG_WARN_CONSTANT_CONVERSION = YES;
				CLANG_WARN_ENUM_CONVERSION = YES;
				CLANG_WARN_INT_CONVERSION = YES;
				FRAMEWORK_SEARCH_PATHS = (
					"\"$(SDKROOT)/Developer/Library/Frameworks\"",
					"\"$(DEVELOPER_LIBRARY_DIR)/Frameworks\"",
				);
				GCC_PRECOMPILE_PREFIX_HEADER = YES;
				GCC_PREFIX_HEADER = "TonicTests/TonicTests-Prefix.pch";
				INFOPLIST_FILE = "TonicTests/TonicTests-Info.plist";
				IPHONEOS_DEPLOYMENT_TARGET = 6.1;
				PRODUCT_NAME = "$(TARGET_NAME)";
				WRAPPER_EXTENSION = octest;
			};
			name = Release;
		};
/* End XCBuildConfiguration section */

/* Begin XCConfigurationList section */
		A86C3EB616B2B4FC002A50F0 /* Build configuration list for PBXProject "TonicDemo" */ = {
			isa = XCConfigurationList;
			buildConfigurations = (
				A86C3EE116B2B4FD002A50F0 /* Debug */,
				A86C3EE216B2B4FD002A50F0 /* Release */,
			);
			defaultConfigurationIsVisible = 0;
			defaultConfigurationName = Release;
		};
		A86C3EE316B2B4FD002A50F0 /* Build configuration list for PBXNativeTarget "TonicDemo" */ = {
			isa = XCConfigurationList;
			buildConfigurations = (
				A86C3EE416B2B4FD002A50F0 /* Debug */,
				A86C3EE516B2B4FD002A50F0 /* Release */,
			);
			defaultConfigurationIsVisible = 0;
			defaultConfigurationName = Release;
		};
		F25317F016EBA0A100A8CFDC /* Build configuration list for PBXNativeTarget "TonicTests" */ = {
			isa = XCConfigurationList;
			buildConfigurations = (
				F25317EE16EBA0A100A8CFDC /* Debug */,
				F25317EF16EBA0A100A8CFDC /* Release */,
			);
			defaultConfigurationIsVisible = 0;
			defaultConfigurationName = Release;
		};
/* End XCConfigurationList section */
	};
	rootObject = A86C3EB316B2B4FC002A50F0 /* Project object */;
}
